
Microsoft Visual Studio Solution File, Format Version 12.00
# Visual Studio Version 17
VisualStudioVersion = 17.0.31903.59
MinimumVisualStudioVersion = 10.0.40219.1
Project("{E53339B2-1760-4266-BCC7-CA923CBCF16C}") = "docker-compose", "docker-compose.dcproj", "{89759A6E-14F1-2247-A87E-6F1EB0C04123}"
EndProject
Project("{2150E333-8FDC-42A3-9474-1A3956D46DE8}") = "Common", "Common", "{881589EE-639B-0A35-DBCE-5D94E4FC90C0}"
EndProject
Project("{FAE04EC0-301F-11D3-BF4B-00C04F79EFBC}") = "QuickCode.Demo.Common", "Common\QuickCode.Demo.Common\QuickCode.Demo.Common.csproj", "{F654BD53-1BD7-425F-B992-849983861206}"
EndProject
Project("{2150E333-8FDC-42A3-9474-1A3956D46DE8}") = "Modules", "Modules", "{CA253913-39DE-BFD0-C9A3-4B7EC6FBDF17}"
EndProject
Project("{2150E333-8FDC-42A3-9474-1A3956D46DE8}") = "UserManagerModule", "UserManagerModule", "{56FBFDD7-4DD0-B7FE-2F8D-7C2738E87CCB}"
EndProject
Project("{2150E333-8FDC-42A3-9474-1A3956D46DE8}") = "Core", "Core", "{1CC73FBE-3752-D917-C716-B953B0D3DD5A}"
EndProject
Project("{FAE04EC0-301F-11D3-BF4B-00C04F79EFBC}") = "QuickCode.Demo.UserManagerModule.Application", "Modules\UserManagerModule\Core\QuickCode.Demo.UserManagerModule.Application\QuickCode.Demo.UserManagerModule.Application.csproj", "{E9A368AD-03AD-48A7-AF73-93B8BBCBCA23}"
EndProject
Project("{FAE04EC0-301F-11D3-BF4B-00C04F79EFBC}") = "QuickCode.Demo.UserManagerModule.Application.Tests.g", "Modules\UserManagerModule\Core\QuickCode.Demo.UserManagerModule.Application.Tests\QuickCode.Demo.UserManagerModule.Application.Tests.g.csproj", "{A44D17B3-4819-4D69-9FDA-0BC81EDF08F4}"
EndProject
Project("{FAE04EC0-301F-11D3-BF4B-00C04F79EFBC}") = "QuickCode.Demo.UserManagerModule.Domain", "Modules\UserManagerModule\Core\QuickCode.Demo.UserManagerModule.Domain\QuickCode.Demo.UserManagerModule.Domain.csproj", "{8D1466C0-2D6F-4389-A1AC-7AD64094EBD5}"
EndProject
Project("{2150E333-8FDC-42A3-9474-1A3956D46DE8}") = "Infrastructure", "Infrastructure", "{FDCC5A84-6025-B470-2256-AD2083B884AA}"
EndProject
Project("{FAE04EC0-301F-11D3-BF4B-00C04F79EFBC}") = "QuickCode.Demo.UserManagerModule.Persistence", "Modules\UserManagerModule\Infrastructure\QuickCode.Demo.UserManagerModule.Persistence\QuickCode.Demo.UserManagerModule.Persistence.csproj", "{594E6EB9-BD77-4E2C-A662-EF7C42CC766F}"
EndProject
Project("{FAE04EC0-301F-11D3-BF4B-00C04F79EFBC}") = "QuickCode.Demo.UserManagerModule.Persistence.Tests.g", "Modules\UserManagerModule\Infrastructure\QuickCode.Demo.UserManagerModule.Persistence.Tests\QuickCode.Demo.UserManagerModule.Persistence.Tests.g.csproj", "{D9B30F46-98EC-41CD-B1FC-847CDEE5DD5F}"
EndProject
Project("{2150E333-8FDC-42A3-9474-1A3956D46DE8}") = "Presentation", "Presentation", "{FCB680DC-8429-0E72-1A56-CF0BF525F7B0}"
EndProject
Project("{FAE04EC0-301F-11D3-BF4B-00C04F79EFBC}") = "QuickCode.Demo.UserManagerModule.Api", "Modules\UserManagerModule\Presentation\QuickCode.Demo.UserManagerModule.Api\QuickCode.Demo.UserManagerModule.Api.csproj", "{31F658E9-C446-4823-95E6-8FEF534744DA}"
EndProject
Project("{FAE04EC0-301F-11D3-BF4B-00C04F79EFBC}") = "QuickCode.Demo.UserManagerModule.Api.Tests.g", "Modules\UserManagerModule\Presentation\QuickCode.Demo.UserManagerModule.Api.Tests\QuickCode.Demo.UserManagerModule.Api.Tests.g.csproj", "{1CA5CC48-06A3-4BE9-A6C6-D8858CA5F892}"
EndProject
Project("{2150E333-8FDC-42A3-9474-1A3956D46DE8}") = "EmailManagerModule", "EmailManagerModule", "{3D0E2B6A-965A-24ED-6FD7-87E6626826D3}"
EndProject
Project("{2150E333-8FDC-42A3-9474-1A3956D46DE8}") = "Core", "Core", "{5E97945B-FEDB-169F-49B0-03EA909327AE}"
EndProject
Project("{FAE04EC0-301F-11D3-BF4B-00C04F79EFBC}") = "QuickCode.Demo.EmailManagerModule.Application", "Modules\EmailManagerModule\Core\QuickCode.Demo.EmailManagerModule.Application\QuickCode.Demo.EmailManagerModule.Application.csproj", "{B3CB30A7-8EB1-4573-B055-45B2818D4BD7}"
EndProject
Project("{FAE04EC0-301F-11D3-BF4B-00C04F79EFBC}") = "QuickCode.Demo.EmailManagerModule.Application.Tests.g", "Modules\EmailManagerModule\Core\QuickCode.Demo.EmailManagerModule.Application.Tests\QuickCode.Demo.EmailManagerModule.Application.Tests.g.csproj", "{31B28FF4-8FCF-47E7-ABBF-6BD472DADCDF}"
EndProject
Project("{FAE04EC0-301F-11D3-BF4B-00C04F79EFBC}") = "QuickCode.Demo.EmailManagerModule.Domain", "Modules\EmailManagerModule\Core\QuickCode.Demo.EmailManagerModule.Domain\QuickCode.Demo.EmailManagerModule.Domain.csproj", "{3AAD03C7-3F88-4595-8B70-F889B5FC2836}"
EndProject
Project("{2150E333-8FDC-42A3-9474-1A3956D46DE8}") = "Infrastructure", "Infrastructure", "{541965AE-7891-C1C0-EA31-E07329543DC2}"
EndProject
Project("{FAE04EC0-301F-11D3-BF4B-00C04F79EFBC}") = "QuickCode.Demo.EmailManagerModule.Persistence", "Modules\EmailManagerModule\Infrastructure\QuickCode.Demo.EmailManagerModule.Persistence\QuickCode.Demo.EmailManagerModule.Persistence.csproj", "{F2A459FA-8C43-422E-B4AA-4A11A78E638C}"
EndProject
Project("{FAE04EC0-301F-11D3-BF4B-00C04F79EFBC}") = "QuickCode.Demo.EmailManagerModule.Persistence.Tests.g", "Modules\EmailManagerModule\Infrastructure\QuickCode.Demo.EmailManagerModule.Persistence.Tests\QuickCode.Demo.EmailManagerModule.Persistence.Tests.g.csproj", "{EFF74F4B-A533-47BF-B4F6-CDD87B79637C}"
EndProject
Project("{2150E333-8FDC-42A3-9474-1A3956D46DE8}") = "Presentation", "Presentation", "{AC938478-7905-A4DE-3D16-BA7983CAB5D7}"
EndProject
Project("{FAE04EC0-301F-11D3-BF4B-00C04F79EFBC}") = "QuickCode.Demo.EmailManagerModule.Api", "Modules\EmailManagerModule\Presentation\QuickCode.Demo.EmailManagerModule.Api\QuickCode.Demo.EmailManagerModule.Api.csproj", "{49E5047D-E917-4677-B932-F4A0D32286AE}"
EndProject
Project("{FAE04EC0-301F-11D3-BF4B-00C04F79EFBC}") = "QuickCode.Demo.EmailManagerModule.Api.Tests.g", "Modules\EmailManagerModule\Presentation\QuickCode.Demo.EmailManagerModule.Api.Tests\QuickCode.Demo.EmailManagerModule.Api.Tests.g.csproj", "{450B5E3F-8D04-45B5-9339-475407557FE7}"
EndProject
Project("{2150E333-8FDC-42A3-9474-1A3956D46DE8}") = "SmsManagerModule", "SmsManagerModule", "{F4257646-79FE-4606-7053-C991C78B3BA4}"
EndProject
Project("{2150E333-8FDC-42A3-9474-1A3956D46DE8}") = "Core", "Core", "{DDD777B6-5501-AA3E-330B-35C1D0390F4D}"
EndProject
Project("{FAE04EC0-301F-11D3-BF4B-00C04F79EFBC}") = "QuickCode.Demo.SmsManagerModule.Application", "Modules\SmsManagerModule\Core\QuickCode.Demo.SmsManagerModule.Application\QuickCode.Demo.SmsManagerModule.Application.csproj", "{0BC1F5DA-EE3E-4935-937B-F3F01EF633DA}"
EndProject
Project("{FAE04EC0-301F-11D3-BF4B-00C04F79EFBC}") = "QuickCode.Demo.SmsManagerModule.Application.Tests.g", "Modules\SmsManagerModule\Core\QuickCode.Demo.SmsManagerModule.Application.Tests\QuickCode.Demo.SmsManagerModule.Application.Tests.g.csproj", "{A024668F-1610-4E70-9B5A-27FA0B9E760F}"
EndProject
Project("{FAE04EC0-301F-11D3-BF4B-00C04F79EFBC}") = "QuickCode.Demo.SmsManagerModule.Domain", "Modules\SmsManagerModule\Core\QuickCode.Demo.SmsManagerModule.Domain\QuickCode.Demo.SmsManagerModule.Domain.csproj", "{863880C7-22ED-4E3A-A337-1EA2AC72F87E}"
EndProject
Project("{2150E333-8FDC-42A3-9474-1A3956D46DE8}") = "Infrastructure", "Infrastructure", "{AEDEA1D2-9A7C-6CA1-B986-6616DFB985D5}"
EndProject
Project("{FAE04EC0-301F-11D3-BF4B-00C04F79EFBC}") = "QuickCode.Demo.SmsManagerModule.Persistence", "Modules\SmsManagerModule\Infrastructure\QuickCode.Demo.SmsManagerModule.Persistence\QuickCode.Demo.SmsManagerModule.Persistence.csproj", "{4C782159-C53E-4AA8-A700-EFED1D7926D4}"
EndProject
Project("{FAE04EC0-301F-11D3-BF4B-00C04F79EFBC}") = "QuickCode.Demo.SmsManagerModule.Persistence.Tests.g", "Modules\SmsManagerModule\Infrastructure\QuickCode.Demo.SmsManagerModule.Persistence.Tests\QuickCode.Demo.SmsManagerModule.Persistence.Tests.g.csproj", "{8A3F251A-276D-4742-8B34-D68A814A1ED6}"
EndProject
Project("{2150E333-8FDC-42A3-9474-1A3956D46DE8}") = "Presentation", "Presentation", "{D0814F77-8861-44C3-DA37-8F7A9F9C34E5}"
EndProject
Project("{FAE04EC0-301F-11D3-BF4B-00C04F79EFBC}") = "QuickCode.Demo.SmsManagerModule.Api", "Modules\SmsManagerModule\Presentation\QuickCode.Demo.SmsManagerModule.Api\QuickCode.Demo.SmsManagerModule.Api.csproj", "{5DA71F58-0E15-4F97-86A4-3063483514E1}"
EndProject
Project("{FAE04EC0-301F-11D3-BF4B-00C04F79EFBC}") = "QuickCode.Demo.SmsManagerModule.Api.Tests.g", "Modules\SmsManagerModule\Presentation\QuickCode.Demo.SmsManagerModule.Api.Tests\QuickCode.Demo.SmsManagerModule.Api.Tests.g.csproj", "{AFB1EB51-42A4-4219-990B-25624ADD3F4D}"
EndProject
Project("{2150E333-8FDC-42A3-9474-1A3956D46DE8}") = "Presentation", "Presentation", "{06CFFD70-14AA-A959-A3BA-1B15D094E3B1}"
EndProject
Project("{FAE04EC0-301F-11D3-BF4B-00C04F79EFBC}") = "QuickCode.Demo.Gateway", "Presentation\QuickCode.Demo.Gateway\QuickCode.Demo.Gateway.csproj", "{9EB764FA-7895-4C45-B1AC-A9633D9CCA7F}"
EndProject
Project("{FAE04EC0-301F-11D3-BF4B-00C04F79EFBC}") = "QuickCode.Demo.Portal", "Presentation\QuickCode.Demo.Portal\QuickCode.Demo.Portal.csproj", "{4C4D0D19-C6F7-429A-B0C3-9D57970CE49B}"
EndProject
Project("{2150E333-8FDC-42A3-9474-1A3956D46DE8}") = "Services", "Services", "{5854FF58-B8C5-05C6-5BF2-ACE42193F22B}"
EndProject
Project("{FAE04EC0-301F-11D3-BF4B-00C04F79EFBC}") = "QuickCode.Demo.EventListenerService", "Services\QuickCode.Demo.EventListenerService\QuickCode.Demo.EventListenerService.csproj", "{5EE758AE-1D2C-4C13-94DF-7C5E9DD00BBA}"
EndProject
Global
	GlobalSection(SolutionConfigurationPlatforms) = preSolution
		Debug|Any CPU = Debug|Any CPU
		Debug|x64 = Debug|x64
		Debug|x86 = Debug|x86
		Release|Any CPU = Release|Any CPU
		Release|x64 = Release|x64
		Release|x86 = Release|x86
	EndGlobalSection
	GlobalSection(ProjectConfigurationPlatforms) = postSolution
		{89759A6E-14F1-2247-A87E-6F1EB0C04123}.Debug|Any CPU.ActiveCfg = Debug|Any CPU
		{89759A6E-14F1-2247-A87E-6F1EB0C04123}.Debug|Any CPU.Build.0 = Debug|Any CPU
		{89759A6E-14F1-2247-A87E-6F1EB0C04123}.Debug|x64.ActiveCfg = Debug|x64
		{89759A6E-14F1-2247-A87E-6F1EB0C04123}.Debug|x86.ActiveCfg = Debug|x86
		{89759A6E-14F1-2247-A87E-6F1EB0C04123}.Release|Any CPU.ActiveCfg = Release|Any CPU
		{89759A6E-14F1-2247-A87E-6F1EB0C04123}.Release|Any CPU.Build.0 = Release|Any CPU
		{89759A6E-14F1-2247-A87E-6F1EB0C04123}.Release|x64.ActiveCfg = Release|x64
		{89759A6E-14F1-2247-A87E-6F1EB0C04123}.Release|x86.ActiveCfg = Release|x86
		{F654BD53-1BD7-425F-B992-849983861206}.Debug|Any CPU.ActiveCfg = Debug|Any CPU
		{F654BD53-1BD7-425F-B992-849983861206}.Debug|Any CPU.Build.0 = Debug|Any CPU
		{F654BD53-1BD7-425F-B992-849983861206}.Debug|x64.ActiveCfg = Debug|Any CPU
		{F654BD53-1BD7-425F-B992-849983861206}.Debug|x64.Build.0 = Debug|Any CPU
		{F654BD53-1BD7-425F-B992-849983861206}.Debug|x86.ActiveCfg = Debug|Any CPU
		{F654BD53-1BD7-425F-B992-849983861206}.Debug|x86.Build.0 = Debug|Any CPU
		{F654BD53-1BD7-425F-B992-849983861206}.Release|Any CPU.ActiveCfg = Release|Any CPU
		{F654BD53-1BD7-425F-B992-849983861206}.Release|Any CPU.Build.0 = Release|Any CPU
		{F654BD53-1BD7-425F-B992-849983861206}.Release|x64.ActiveCfg = Release|Any CPU
		{F654BD53-1BD7-425F-B992-849983861206}.Release|x64.Build.0 = Release|Any CPU
		{F654BD53-1BD7-425F-B992-849983861206}.Release|x86.ActiveCfg = Release|Any CPU
		{F654BD53-1BD7-425F-B992-849983861206}.Release|x86.Build.0 = Release|Any CPU
		{E9A368AD-03AD-48A7-AF73-93B8BBCBCA23}.Debug|Any CPU.ActiveCfg = Debug|Any CPU
		{E9A368AD-03AD-48A7-AF73-93B8BBCBCA23}.Debug|Any CPU.Build.0 = Debug|Any CPU
		{E9A368AD-03AD-48A7-AF73-93B8BBCBCA23}.Debug|x64.ActiveCfg = Debug|Any CPU
		{E9A368AD-03AD-48A7-AF73-93B8BBCBCA23}.Debug|x64.Build.0 = Debug|Any CPU
		{E9A368AD-03AD-48A7-AF73-93B8BBCBCA23}.Debug|x86.ActiveCfg = Debug|Any CPU
		{E9A368AD-03AD-48A7-AF73-93B8BBCBCA23}.Debug|x86.Build.0 = Debug|Any CPU
		{E9A368AD-03AD-48A7-AF73-93B8BBCBCA23}.Release|Any CPU.ActiveCfg = Release|Any CPU
		{E9A368AD-03AD-48A7-AF73-93B8BBCBCA23}.Release|Any CPU.Build.0 = Release|Any CPU
		{E9A368AD-03AD-48A7-AF73-93B8BBCBCA23}.Release|x64.ActiveCfg = Release|Any CPU
		{E9A368AD-03AD-48A7-AF73-93B8BBCBCA23}.Release|x64.Build.0 = Release|Any CPU
		{E9A368AD-03AD-48A7-AF73-93B8BBCBCA23}.Release|x86.ActiveCfg = Release|Any CPU
		{E9A368AD-03AD-48A7-AF73-93B8BBCBCA23}.Release|x86.Build.0 = Release|Any CPU
		{A44D17B3-4819-4D69-9FDA-0BC81EDF08F4}.Debug|Any CPU.ActiveCfg = Debug|Any CPU
		{A44D17B3-4819-4D69-9FDA-0BC81EDF08F4}.Debug|Any CPU.Build.0 = Debug|Any CPU
		{A44D17B3-4819-4D69-9FDA-0BC81EDF08F4}.Debug|x64.ActiveCfg = Debug|Any CPU
		{A44D17B3-4819-4D69-9FDA-0BC81EDF08F4}.Debug|x64.Build.0 = Debug|Any CPU
		{A44D17B3-4819-4D69-9FDA-0BC81EDF08F4}.Debug|x86.ActiveCfg = Debug|Any CPU
		{A44D17B3-4819-4D69-9FDA-0BC81EDF08F4}.Debug|x86.Build.0 = Debug|Any CPU
		{A44D17B3-4819-4D69-9FDA-0BC81EDF08F4}.Release|Any CPU.ActiveCfg = Release|Any CPU
		{A44D17B3-4819-4D69-9FDA-0BC81EDF08F4}.Release|Any CPU.Build.0 = Release|Any CPU
		{A44D17B3-4819-4D69-9FDA-0BC81EDF08F4}.Release|x64.ActiveCfg = Release|Any CPU
		{A44D17B3-4819-4D69-9FDA-0BC81EDF08F4}.Release|x64.Build.0 = Release|Any CPU
		{A44D17B3-4819-4D69-9FDA-0BC81EDF08F4}.Release|x86.ActiveCfg = Release|Any CPU
		{A44D17B3-4819-4D69-9FDA-0BC81EDF08F4}.Release|x86.Build.0 = Release|Any CPU
		{8D1466C0-2D6F-4389-A1AC-7AD64094EBD5}.Debug|Any CPU.ActiveCfg = Debug|Any CPU
		{8D1466C0-2D6F-4389-A1AC-7AD64094EBD5}.Debug|Any CPU.Build.0 = Debug|Any CPU
		{8D1466C0-2D6F-4389-A1AC-7AD64094EBD5}.Debug|x64.ActiveCfg = Debug|Any CPU
		{8D1466C0-2D6F-4389-A1AC-7AD64094EBD5}.Debug|x64.Build.0 = Debug|Any CPU
		{8D1466C0-2D6F-4389-A1AC-7AD64094EBD5}.Debug|x86.ActiveCfg = Debug|Any CPU
		{8D1466C0-2D6F-4389-A1AC-7AD64094EBD5}.Debug|x86.Build.0 = Debug|Any CPU
		{8D1466C0-2D6F-4389-A1AC-7AD64094EBD5}.Release|Any CPU.ActiveCfg = Release|Any CPU
		{8D1466C0-2D6F-4389-A1AC-7AD64094EBD5}.Release|Any CPU.Build.0 = Release|Any CPU
		{8D1466C0-2D6F-4389-A1AC-7AD64094EBD5}.Release|x64.ActiveCfg = Release|Any CPU
		{8D1466C0-2D6F-4389-A1AC-7AD64094EBD5}.Release|x64.Build.0 = Release|Any CPU
		{8D1466C0-2D6F-4389-A1AC-7AD64094EBD5}.Release|x86.ActiveCfg = Release|Any CPU
		{8D1466C0-2D6F-4389-A1AC-7AD64094EBD5}.Release|x86.Build.0 = Release|Any CPU
		{594E6EB9-BD77-4E2C-A662-EF7C42CC766F}.Debug|Any CPU.ActiveCfg = Debug|Any CPU
		{594E6EB9-BD77-4E2C-A662-EF7C42CC766F}.Debug|Any CPU.Build.0 = Debug|Any CPU
		{594E6EB9-BD77-4E2C-A662-EF7C42CC766F}.Debug|x64.ActiveCfg = Debug|Any CPU
		{594E6EB9-BD77-4E2C-A662-EF7C42CC766F}.Debug|x64.Build.0 = Debug|Any CPU
		{594E6EB9-BD77-4E2C-A662-EF7C42CC766F}.Debug|x86.ActiveCfg = Debug|Any CPU
		{594E6EB9-BD77-4E2C-A662-EF7C42CC766F}.Debug|x86.Build.0 = Debug|Any CPU
		{594E6EB9-BD77-4E2C-A662-EF7C42CC766F}.Release|Any CPU.ActiveCfg = Release|Any CPU
		{594E6EB9-BD77-4E2C-A662-EF7C42CC766F}.Release|Any CPU.Build.0 = Release|Any CPU
		{594E6EB9-BD77-4E2C-A662-EF7C42CC766F}.Release|x64.ActiveCfg = Release|Any CPU
		{594E6EB9-BD77-4E2C-A662-EF7C42CC766F}.Release|x64.Build.0 = Release|Any CPU
		{594E6EB9-BD77-4E2C-A662-EF7C42CC766F}.Release|x86.ActiveCfg = Release|Any CPU
		{594E6EB9-BD77-4E2C-A662-EF7C42CC766F}.Release|x86.Build.0 = Release|Any CPU
		{D9B30F46-98EC-41CD-B1FC-847CDEE5DD5F}.Debug|Any CPU.ActiveCfg = Debug|Any CPU
		{D9B30F46-98EC-41CD-B1FC-847CDEE5DD5F}.Debug|Any CPU.Build.0 = Debug|Any CPU
		{D9B30F46-98EC-41CD-B1FC-847CDEE5DD5F}.Debug|x64.ActiveCfg = Debug|Any CPU
		{D9B30F46-98EC-41CD-B1FC-847CDEE5DD5F}.Debug|x64.Build.0 = Debug|Any CPU
		{D9B30F46-98EC-41CD-B1FC-847CDEE5DD5F}.Debug|x86.ActiveCfg = Debug|Any CPU
		{D9B30F46-98EC-41CD-B1FC-847CDEE5DD5F}.Debug|x86.Build.0 = Debug|Any CPU
		{D9B30F46-98EC-41CD-B1FC-847CDEE5DD5F}.Release|Any CPU.ActiveCfg = Release|Any CPU
		{D9B30F46-98EC-41CD-B1FC-847CDEE5DD5F}.Release|Any CPU.Build.0 = Release|Any CPU
		{D9B30F46-98EC-41CD-B1FC-847CDEE5DD5F}.Release|x64.ActiveCfg = Release|Any CPU
		{D9B30F46-98EC-41CD-B1FC-847CDEE5DD5F}.Release|x64.Build.0 = Release|Any CPU
		{D9B30F46-98EC-41CD-B1FC-847CDEE5DD5F}.Release|x86.ActiveCfg = Release|Any CPU
		{D9B30F46-98EC-41CD-B1FC-847CDEE5DD5F}.Release|x86.Build.0 = Release|Any CPU
		{31F658E9-C446-4823-95E6-8FEF534744DA}.Debug|Any CPU.ActiveCfg = Debug|Any CPU
		{31F658E9-C446-4823-95E6-8FEF534744DA}.Debug|Any CPU.Build.0 = Debug|Any CPU
		{31F658E9-C446-4823-95E6-8FEF534744DA}.Debug|x64.ActiveCfg = Debug|Any CPU
		{31F658E9-C446-4823-95E6-8FEF534744DA}.Debug|x64.Build.0 = Debug|Any CPU
		{31F658E9-C446-4823-95E6-8FEF534744DA}.Debug|x86.ActiveCfg = Debug|Any CPU
		{31F658E9-C446-4823-95E6-8FEF534744DA}.Debug|x86.Build.0 = Debug|Any CPU
		{31F658E9-C446-4823-95E6-8FEF534744DA}.Release|Any CPU.ActiveCfg = Release|Any CPU
		{31F658E9-C446-4823-95E6-8FEF534744DA}.Release|Any CPU.Build.0 = Release|Any CPU
		{31F658E9-C446-4823-95E6-8FEF534744DA}.Release|x64.ActiveCfg = Release|Any CPU
		{31F658E9-C446-4823-95E6-8FEF534744DA}.Release|x64.Build.0 = Release|Any CPU
		{31F658E9-C446-4823-95E6-8FEF534744DA}.Release|x86.ActiveCfg = Release|Any CPU
		{31F658E9-C446-4823-95E6-8FEF534744DA}.Release|x86.Build.0 = Release|Any CPU
		{1CA5CC48-06A3-4BE9-A6C6-D8858CA5F892}.Debug|Any CPU.ActiveCfg = Debug|Any CPU
		{1CA5CC48-06A3-4BE9-A6C6-D8858CA5F892}.Debug|Any CPU.Build.0 = Debug|Any CPU
		{1CA5CC48-06A3-4BE9-A6C6-D8858CA5F892}.Debug|x64.ActiveCfg = Debug|Any CPU
		{1CA5CC48-06A3-4BE9-A6C6-D8858CA5F892}.Debug|x64.Build.0 = Debug|Any CPU
		{1CA5CC48-06A3-4BE9-A6C6-D8858CA5F892}.Debug|x86.ActiveCfg = Debug|Any CPU
		{1CA5CC48-06A3-4BE9-A6C6-D8858CA5F892}.Debug|x86.Build.0 = Debug|Any CPU
		{1CA5CC48-06A3-4BE9-A6C6-D8858CA5F892}.Release|Any CPU.ActiveCfg = Release|Any CPU
		{1CA5CC48-06A3-4BE9-A6C6-D8858CA5F892}.Release|Any CPU.Build.0 = Release|Any CPU
		{1CA5CC48-06A3-4BE9-A6C6-D8858CA5F892}.Release|x64.ActiveCfg = Release|Any CPU
		{1CA5CC48-06A3-4BE9-A6C6-D8858CA5F892}.Release|x64.Build.0 = Release|Any CPU
		{1CA5CC48-06A3-4BE9-A6C6-D8858CA5F892}.Release|x86.ActiveCfg = Release|Any CPU
		{1CA5CC48-06A3-4BE9-A6C6-D8858CA5F892}.Release|x86.Build.0 = Release|Any CPU
		{B3CB30A7-8EB1-4573-B055-45B2818D4BD7}.Debug|Any CPU.ActiveCfg = Debug|Any CPU
		{B3CB30A7-8EB1-4573-B055-45B2818D4BD7}.Debug|Any CPU.Build.0 = Debug|Any CPU
		{B3CB30A7-8EB1-4573-B055-45B2818D4BD7}.Debug|x64.ActiveCfg = Debug|Any CPU
		{B3CB30A7-8EB1-4573-B055-45B2818D4BD7}.Debug|x64.Build.0 = Debug|Any CPU
		{B3CB30A7-8EB1-4573-B055-45B2818D4BD7}.Debug|x86.ActiveCfg = Debug|Any CPU
		{B3CB30A7-8EB1-4573-B055-45B2818D4BD7}.Debug|x86.Build.0 = Debug|Any CPU
		{B3CB30A7-8EB1-4573-B055-45B2818D4BD7}.Release|Any CPU.ActiveCfg = Release|Any CPU
		{B3CB30A7-8EB1-4573-B055-45B2818D4BD7}.Release|Any CPU.Build.0 = Release|Any CPU
		{B3CB30A7-8EB1-4573-B055-45B2818D4BD7}.Release|x64.ActiveCfg = Release|Any CPU
		{B3CB30A7-8EB1-4573-B055-45B2818D4BD7}.Release|x64.Build.0 = Release|Any CPU
		{B3CB30A7-8EB1-4573-B055-45B2818D4BD7}.Release|x86.ActiveCfg = Release|Any CPU
		{B3CB30A7-8EB1-4573-B055-45B2818D4BD7}.Release|x86.Build.0 = Release|Any CPU
		{31B28FF4-8FCF-47E7-ABBF-6BD472DADCDF}.Debug|Any CPU.ActiveCfg = Debug|Any CPU
		{31B28FF4-8FCF-47E7-ABBF-6BD472DADCDF}.Debug|Any CPU.Build.0 = Debug|Any CPU
		{31B28FF4-8FCF-47E7-ABBF-6BD472DADCDF}.Debug|x64.ActiveCfg = Debug|Any CPU
		{31B28FF4-8FCF-47E7-ABBF-6BD472DADCDF}.Debug|x64.Build.0 = Debug|Any CPU
		{31B28FF4-8FCF-47E7-ABBF-6BD472DADCDF}.Debug|x86.ActiveCfg = Debug|Any CPU
		{31B28FF4-8FCF-47E7-ABBF-6BD472DADCDF}.Debug|x86.Build.0 = Debug|Any CPU
		{31B28FF4-8FCF-47E7-ABBF-6BD472DADCDF}.Release|Any CPU.ActiveCfg = Release|Any CPU
		{31B28FF4-8FCF-47E7-ABBF-6BD472DADCDF}.Release|Any CPU.Build.0 = Release|Any CPU
		{31B28FF4-8FCF-47E7-ABBF-6BD472DADCDF}.Release|x64.ActiveCfg = Release|Any CPU
		{31B28FF4-8FCF-47E7-ABBF-6BD472DADCDF}.Release|x64.Build.0 = Release|Any CPU
		{31B28FF4-8FCF-47E7-ABBF-6BD472DADCDF}.Release|x86.ActiveCfg = Release|Any CPU
		{31B28FF4-8FCF-47E7-ABBF-6BD472DADCDF}.Release|x86.Build.0 = Release|Any CPU
		{3AAD03C7-3F88-4595-8B70-F889B5FC2836}.Debug|Any CPU.ActiveCfg = Debug|Any CPU
		{3AAD03C7-3F88-4595-8B70-F889B5FC2836}.Debug|Any CPU.Build.0 = Debug|Any CPU
		{3AAD03C7-3F88-4595-8B70-F889B5FC2836}.Debug|x64.ActiveCfg = Debug|Any CPU
		{3AAD03C7-3F88-4595-8B70-F889B5FC2836}.Debug|x64.Build.0 = Debug|Any CPU
		{3AAD03C7-3F88-4595-8B70-F889B5FC2836}.Debug|x86.ActiveCfg = Debug|Any CPU
		{3AAD03C7-3F88-4595-8B70-F889B5FC2836}.Debug|x86.Build.0 = Debug|Any CPU
		{3AAD03C7-3F88-4595-8B70-F889B5FC2836}.Release|Any CPU.ActiveCfg = Release|Any CPU
		{3AAD03C7-3F88-4595-8B70-F889B5FC2836}.Release|Any CPU.Build.0 = Release|Any CPU
		{3AAD03C7-3F88-4595-8B70-F889B5FC2836}.Release|x64.ActiveCfg = Release|Any CPU
		{3AAD03C7-3F88-4595-8B70-F889B5FC2836}.Release|x64.Build.0 = Release|Any CPU
		{3AAD03C7-3F88-4595-8B70-F889B5FC2836}.Release|x86.ActiveCfg = Release|Any CPU
		{3AAD03C7-3F88-4595-8B70-F889B5FC2836}.Release|x86.Build.0 = Release|Any CPU
		{F2A459FA-8C43-422E-B4AA-4A11A78E638C}.Debug|Any CPU.ActiveCfg = Debug|Any CPU
		{F2A459FA-8C43-422E-B4AA-4A11A78E638C}.Debug|Any CPU.Build.0 = Debug|Any CPU
		{F2A459FA-8C43-422E-B4AA-4A11A78E638C}.Debug|x64.ActiveCfg = Debug|Any CPU
		{F2A459FA-8C43-422E-B4AA-4A11A78E638C}.Debug|x64.Build.0 = Debug|Any CPU
		{F2A459FA-8C43-422E-B4AA-4A11A78E638C}.Debug|x86.ActiveCfg = Debug|Any CPU
		{F2A459FA-8C43-422E-B4AA-4A11A78E638C}.Debug|x86.Build.0 = Debug|Any CPU
		{F2A459FA-8C43-422E-B4AA-4A11A78E638C}.Release|Any CPU.ActiveCfg = Release|Any CPU
		{F2A459FA-8C43-422E-B4AA-4A11A78E638C}.Release|Any CPU.Build.0 = Release|Any CPU
		{F2A459FA-8C43-422E-B4AA-4A11A78E638C}.Release|x64.ActiveCfg = Release|Any CPU
		{F2A459FA-8C43-422E-B4AA-4A11A78E638C}.Release|x64.Build.0 = Release|Any CPU
		{F2A459FA-8C43-422E-B4AA-4A11A78E638C}.Release|x86.ActiveCfg = Release|Any CPU
		{F2A459FA-8C43-422E-B4AA-4A11A78E638C}.Release|x86.Build.0 = Release|Any CPU
		{EFF74F4B-A533-47BF-B4F6-CDD87B79637C}.Debug|Any CPU.ActiveCfg = Debug|Any CPU
		{EFF74F4B-A533-47BF-B4F6-CDD87B79637C}.Debug|Any CPU.Build.0 = Debug|Any CPU
		{EFF74F4B-A533-47BF-B4F6-CDD87B79637C}.Debug|x64.ActiveCfg = Debug|Any CPU
		{EFF74F4B-A533-47BF-B4F6-CDD87B79637C}.Debug|x64.Build.0 = Debug|Any CPU
		{EFF74F4B-A533-47BF-B4F6-CDD87B79637C}.Debug|x86.ActiveCfg = Debug|Any CPU
		{EFF74F4B-A533-47BF-B4F6-CDD87B79637C}.Debug|x86.Build.0 = Debug|Any CPU
		{EFF74F4B-A533-47BF-B4F6-CDD87B79637C}.Release|Any CPU.ActiveCfg = Release|Any CPU
		{EFF74F4B-A533-47BF-B4F6-CDD87B79637C}.Release|Any CPU.Build.0 = Release|Any CPU
		{EFF74F4B-A533-47BF-B4F6-CDD87B79637C}.Release|x64.ActiveCfg = Release|Any CPU
		{EFF74F4B-A533-47BF-B4F6-CDD87B79637C}.Release|x64.Build.0 = Release|Any CPU
		{EFF74F4B-A533-47BF-B4F6-CDD87B79637C}.Release|x86.ActiveCfg = Release|Any CPU
		{EFF74F4B-A533-47BF-B4F6-CDD87B79637C}.Release|x86.Build.0 = Release|Any CPU
		{49E5047D-E917-4677-B932-F4A0D32286AE}.Debug|Any CPU.ActiveCfg = Debug|Any CPU
		{49E5047D-E917-4677-B932-F4A0D32286AE}.Debug|Any CPU.Build.0 = Debug|Any CPU
		{49E5047D-E917-4677-B932-F4A0D32286AE}.Debug|x64.ActiveCfg = Debug|Any CPU
		{49E5047D-E917-4677-B932-F4A0D32286AE}.Debug|x64.Build.0 = Debug|Any CPU
		{49E5047D-E917-4677-B932-F4A0D32286AE}.Debug|x86.ActiveCfg = Debug|Any CPU
		{49E5047D-E917-4677-B932-F4A0D32286AE}.Debug|x86.Build.0 = Debug|Any CPU
		{49E5047D-E917-4677-B932-F4A0D32286AE}.Release|Any CPU.ActiveCfg = Release|Any CPU
		{49E5047D-E917-4677-B932-F4A0D32286AE}.Release|Any CPU.Build.0 = Release|Any CPU
		{49E5047D-E917-4677-B932-F4A0D32286AE}.Release|x64.ActiveCfg = Release|Any CPU
		{49E5047D-E917-4677-B932-F4A0D32286AE}.Release|x64.Build.0 = Release|Any CPU
		{49E5047D-E917-4677-B932-F4A0D32286AE}.Release|x86.ActiveCfg = Release|Any CPU
		{49E5047D-E917-4677-B932-F4A0D32286AE}.Release|x86.Build.0 = Release|Any CPU
		{450B5E3F-8D04-45B5-9339-475407557FE7}.Debug|Any CPU.ActiveCfg = Debug|Any CPU
		{450B5E3F-8D04-45B5-9339-475407557FE7}.Debug|Any CPU.Build.0 = Debug|Any CPU
		{450B5E3F-8D04-45B5-9339-475407557FE7}.Debug|x64.ActiveCfg = Debug|Any CPU
		{450B5E3F-8D04-45B5-9339-475407557FE7}.Debug|x64.Build.0 = Debug|Any CPU
		{450B5E3F-8D04-45B5-9339-475407557FE7}.Debug|x86.ActiveCfg = Debug|Any CPU
		{450B5E3F-8D04-45B5-9339-475407557FE7}.Debug|x86.Build.0 = Debug|Any CPU
		{450B5E3F-8D04-45B5-9339-475407557FE7}.Release|Any CPU.ActiveCfg = Release|Any CPU
		{450B5E3F-8D04-45B5-9339-475407557FE7}.Release|Any CPU.Build.0 = Release|Any CPU
		{450B5E3F-8D04-45B5-9339-475407557FE7}.Release|x64.ActiveCfg = Release|Any CPU
		{450B5E3F-8D04-45B5-9339-475407557FE7}.Release|x64.Build.0 = Release|Any CPU
		{450B5E3F-8D04-45B5-9339-475407557FE7}.Release|x86.ActiveCfg = Release|Any CPU
		{450B5E3F-8D04-45B5-9339-475407557FE7}.Release|x86.Build.0 = Release|Any CPU
		{0BC1F5DA-EE3E-4935-937B-F3F01EF633DA}.Debug|Any CPU.ActiveCfg = Debug|Any CPU
		{0BC1F5DA-EE3E-4935-937B-F3F01EF633DA}.Debug|Any CPU.Build.0 = Debug|Any CPU
		{0BC1F5DA-EE3E-4935-937B-F3F01EF633DA}.Debug|x64.ActiveCfg = Debug|Any CPU
		{0BC1F5DA-EE3E-4935-937B-F3F01EF633DA}.Debug|x64.Build.0 = Debug|Any CPU
		{0BC1F5DA-EE3E-4935-937B-F3F01EF633DA}.Debug|x86.ActiveCfg = Debug|Any CPU
		{0BC1F5DA-EE3E-4935-937B-F3F01EF633DA}.Debug|x86.Build.0 = Debug|Any CPU
		{0BC1F5DA-EE3E-4935-937B-F3F01EF633DA}.Release|Any CPU.ActiveCfg = Release|Any CPU
		{0BC1F5DA-EE3E-4935-937B-F3F01EF633DA}.Release|Any CPU.Build.0 = Release|Any CPU
		{0BC1F5DA-EE3E-4935-937B-F3F01EF633DA}.Release|x64.ActiveCfg = Release|Any CPU
		{0BC1F5DA-EE3E-4935-937B-F3F01EF633DA}.Release|x64.Build.0 = Release|Any CPU
		{0BC1F5DA-EE3E-4935-937B-F3F01EF633DA}.Release|x86.ActiveCfg = Release|Any CPU
		{0BC1F5DA-EE3E-4935-937B-F3F01EF633DA}.Release|x86.Build.0 = Release|Any CPU
		{A024668F-1610-4E70-9B5A-27FA0B9E760F}.Debug|Any CPU.ActiveCfg = Debug|Any CPU
		{A024668F-1610-4E70-9B5A-27FA0B9E760F}.Debug|Any CPU.Build.0 = Debug|Any CPU
		{A024668F-1610-4E70-9B5A-27FA0B9E760F}.Debug|x64.ActiveCfg = Debug|Any CPU
		{A024668F-1610-4E70-9B5A-27FA0B9E760F}.Debug|x64.Build.0 = Debug|Any CPU
		{A024668F-1610-4E70-9B5A-27FA0B9E760F}.Debug|x86.ActiveCfg = Debug|Any CPU
		{A024668F-1610-4E70-9B5A-27FA0B9E760F}.Debug|x86.Build.0 = Debug|Any CPU
		{A024668F-1610-4E70-9B5A-27FA0B9E760F}.Release|Any CPU.ActiveCfg = Release|Any CPU
		{A024668F-1610-4E70-9B5A-27FA0B9E760F}.Release|Any CPU.Build.0 = Release|Any CPU
		{A024668F-1610-4E70-9B5A-27FA0B9E760F}.Release|x64.ActiveCfg = Release|Any CPU
		{A024668F-1610-4E70-9B5A-27FA0B9E760F}.Release|x64.Build.0 = Release|Any CPU
		{A024668F-1610-4E70-9B5A-27FA0B9E760F}.Release|x86.ActiveCfg = Release|Any CPU
		{A024668F-1610-4E70-9B5A-27FA0B9E760F}.Release|x86.Build.0 = Release|Any CPU
		{863880C7-22ED-4E3A-A337-1EA2AC72F87E}.Debug|Any CPU.ActiveCfg = Debug|Any CPU
		{863880C7-22ED-4E3A-A337-1EA2AC72F87E}.Debug|Any CPU.Build.0 = Debug|Any CPU
		{863880C7-22ED-4E3A-A337-1EA2AC72F87E}.Debug|x64.ActiveCfg = Debug|Any CPU
		{863880C7-22ED-4E3A-A337-1EA2AC72F87E}.Debug|x64.Build.0 = Debug|Any CPU
		{863880C7-22ED-4E3A-A337-1EA2AC72F87E}.Debug|x86.ActiveCfg = Debug|Any CPU
		{863880C7-22ED-4E3A-A337-1EA2AC72F87E}.Debug|x86.Build.0 = Debug|Any CPU
		{863880C7-22ED-4E3A-A337-1EA2AC72F87E}.Release|Any CPU.ActiveCfg = Release|Any CPU
		{863880C7-22ED-4E3A-A337-1EA2AC72F87E}.Release|Any CPU.Build.0 = Release|Any CPU
		{863880C7-22ED-4E3A-A337-1EA2AC72F87E}.Release|x64.ActiveCfg = Release|Any CPU
		{863880C7-22ED-4E3A-A337-1EA2AC72F87E}.Release|x64.Build.0 = Release|Any CPU
		{863880C7-22ED-4E3A-A337-1EA2AC72F87E}.Release|x86.ActiveCfg = Release|Any CPU
		{863880C7-22ED-4E3A-A337-1EA2AC72F87E}.Release|x86.Build.0 = Release|Any CPU
		{4C782159-C53E-4AA8-A700-EFED1D7926D4}.Debug|Any CPU.ActiveCfg = Debug|Any CPU
		{4C782159-C53E-4AA8-A700-EFED1D7926D4}.Debug|Any CPU.Build.0 = Debug|Any CPU
		{4C782159-C53E-4AA8-A700-EFED1D7926D4}.Debug|x64.ActiveCfg = Debug|Any CPU
		{4C782159-C53E-4AA8-A700-EFED1D7926D4}.Debug|x64.Build.0 = Debug|Any CPU
		{4C782159-C53E-4AA8-A700-EFED1D7926D4}.Debug|x86.ActiveCfg = Debug|Any CPU
		{4C782159-C53E-4AA8-A700-EFED1D7926D4}.Debug|x86.Build.0 = Debug|Any CPU
		{4C782159-C53E-4AA8-A700-EFED1D7926D4}.Release|Any CPU.ActiveCfg = Release|Any CPU
		{4C782159-C53E-4AA8-A700-EFED1D7926D4}.Release|Any CPU.Build.0 = Release|Any CPU
		{4C782159-C53E-4AA8-A700-EFED1D7926D4}.Release|x64.ActiveCfg = Release|Any CPU
		{4C782159-C53E-4AA8-A700-EFED1D7926D4}.Release|x64.Build.0 = Release|Any CPU
		{4C782159-C53E-4AA8-A700-EFED1D7926D4}.Release|x86.ActiveCfg = Release|Any CPU
		{4C782159-C53E-4AA8-A700-EFED1D7926D4}.Release|x86.Build.0 = Release|Any CPU
		{8A3F251A-276D-4742-8B34-D68A814A1ED6}.Debug|Any CPU.ActiveCfg = Debug|Any CPU
		{8A3F251A-276D-4742-8B34-D68A814A1ED6}.Debug|Any CPU.Build.0 = Debug|Any CPU
		{8A3F251A-276D-4742-8B34-D68A814A1ED6}.Debug|x64.ActiveCfg = Debug|Any CPU
		{8A3F251A-276D-4742-8B34-D68A814A1ED6}.Debug|x64.Build.0 = Debug|Any CPU
		{8A3F251A-276D-4742-8B34-D68A814A1ED6}.Debug|x86.ActiveCfg = Debug|Any CPU
		{8A3F251A-276D-4742-8B34-D68A814A1ED6}.Debug|x86.Build.0 = Debug|Any CPU
		{8A3F251A-276D-4742-8B34-D68A814A1ED6}.Release|Any CPU.ActiveCfg = Release|Any CPU
		{8A3F251A-276D-4742-8B34-D68A814A1ED6}.Release|Any CPU.Build.0 = Release|Any CPU
		{8A3F251A-276D-4742-8B34-D68A814A1ED6}.Release|x64.ActiveCfg = Release|Any CPU
		{8A3F251A-276D-4742-8B34-D68A814A1ED6}.Release|x64.Build.0 = Release|Any CPU
		{8A3F251A-276D-4742-8B34-D68A814A1ED6}.Release|x86.ActiveCfg = Release|Any CPU
		{8A3F251A-276D-4742-8B34-D68A814A1ED6}.Release|x86.Build.0 = Release|Any CPU
		{5DA71F58-0E15-4F97-86A4-3063483514E1}.Debug|Any CPU.ActiveCfg = Debug|Any CPU
		{5DA71F58-0E15-4F97-86A4-3063483514E1}.Debug|Any CPU.Build.0 = Debug|Any CPU
		{5DA71F58-0E15-4F97-86A4-3063483514E1}.Debug|x64.ActiveCfg = Debug|Any CPU
		{5DA71F58-0E15-4F97-86A4-3063483514E1}.Debug|x64.Build.0 = Debug|Any CPU
		{5DA71F58-0E15-4F97-86A4-3063483514E1}.Debug|x86.ActiveCfg = Debug|Any CPU
		{5DA71F58-0E15-4F97-86A4-3063483514E1}.Debug|x86.Build.0 = Debug|Any CPU
		{5DA71F58-0E15-4F97-86A4-3063483514E1}.Release|Any CPU.ActiveCfg = Release|Any CPU
		{5DA71F58-0E15-4F97-86A4-3063483514E1}.Release|Any CPU.Build.0 = Release|Any CPU
		{5DA71F58-0E15-4F97-86A4-3063483514E1}.Release|x64.ActiveCfg = Release|Any CPU
		{5DA71F58-0E15-4F97-86A4-3063483514E1}.Release|x64.Build.0 = Release|Any CPU
		{5DA71F58-0E15-4F97-86A4-3063483514E1}.Release|x86.ActiveCfg = Release|Any CPU
		{5DA71F58-0E15-4F97-86A4-3063483514E1}.Release|x86.Build.0 = Release|Any CPU
		{AFB1EB51-42A4-4219-990B-25624ADD3F4D}.Debug|Any CPU.ActiveCfg = Debug|Any CPU
		{AFB1EB51-42A4-4219-990B-25624ADD3F4D}.Debug|Any CPU.Build.0 = Debug|Any CPU
		{AFB1EB51-42A4-4219-990B-25624ADD3F4D}.Debug|x64.ActiveCfg = Debug|Any CPU
		{AFB1EB51-42A4-4219-990B-25624ADD3F4D}.Debug|x64.Build.0 = Debug|Any CPU
		{AFB1EB51-42A4-4219-990B-25624ADD3F4D}.Debug|x86.ActiveCfg = Debug|Any CPU
		{AFB1EB51-42A4-4219-990B-25624ADD3F4D}.Debug|x86.Build.0 = Debug|Any CPU
		{AFB1EB51-42A4-4219-990B-25624ADD3F4D}.Release|Any CPU.ActiveCfg = Release|Any CPU
		{AFB1EB51-42A4-4219-990B-25624ADD3F4D}.Release|Any CPU.Build.0 = Release|Any CPU
		{AFB1EB51-42A4-4219-990B-25624ADD3F4D}.Release|x64.ActiveCfg = Release|Any CPU
		{AFB1EB51-42A4-4219-990B-25624ADD3F4D}.Release|x64.Build.0 = Release|Any CPU
		{AFB1EB51-42A4-4219-990B-25624ADD3F4D}.Release|x86.ActiveCfg = Release|Any CPU
		{AFB1EB51-42A4-4219-990B-25624ADD3F4D}.Release|x86.Build.0 = Release|Any CPU
		{9EB764FA-7895-4C45-B1AC-A9633D9CCA7F}.Debug|Any CPU.ActiveCfg = Debug|Any CPU
		{9EB764FA-7895-4C45-B1AC-A9633D9CCA7F}.Debug|Any CPU.Build.0 = Debug|Any CPU
		{9EB764FA-7895-4C45-B1AC-A9633D9CCA7F}.Debug|x64.ActiveCfg = Debug|Any CPU
		{9EB764FA-7895-4C45-B1AC-A9633D9CCA7F}.Debug|x64.Build.0 = Debug|Any CPU
		{9EB764FA-7895-4C45-B1AC-A9633D9CCA7F}.Debug|x86.ActiveCfg = Debug|Any CPU
		{9EB764FA-7895-4C45-B1AC-A9633D9CCA7F}.Debug|x86.Build.0 = Debug|Any CPU
		{9EB764FA-7895-4C45-B1AC-A9633D9CCA7F}.Release|Any CPU.ActiveCfg = Release|Any CPU
		{9EB764FA-7895-4C45-B1AC-A9633D9CCA7F}.Release|Any CPU.Build.0 = Release|Any CPU
		{9EB764FA-7895-4C45-B1AC-A9633D9CCA7F}.Release|x64.ActiveCfg = Release|Any CPU
		{9EB764FA-7895-4C45-B1AC-A9633D9CCA7F}.Release|x64.Build.0 = Release|Any CPU
		{9EB764FA-7895-4C45-B1AC-A9633D9CCA7F}.Release|x86.ActiveCfg = Release|Any CPU
		{9EB764FA-7895-4C45-B1AC-A9633D9CCA7F}.Release|x86.Build.0 = Release|Any CPU
		{4C4D0D19-C6F7-429A-B0C3-9D57970CE49B}.Debug|Any CPU.ActiveCfg = Debug|Any CPU
		{4C4D0D19-C6F7-429A-B0C3-9D57970CE49B}.Debug|Any CPU.Build.0 = Debug|Any CPU
		{4C4D0D19-C6F7-429A-B0C3-9D57970CE49B}.Debug|x64.ActiveCfg = Debug|Any CPU
		{4C4D0D19-C6F7-429A-B0C3-9D57970CE49B}.Debug|x64.Build.0 = Debug|Any CPU
		{4C4D0D19-C6F7-429A-B0C3-9D57970CE49B}.Debug|x86.ActiveCfg = Debug|Any CPU
		{4C4D0D19-C6F7-429A-B0C3-9D57970CE49B}.Debug|x86.Build.0 = Debug|Any CPU
		{4C4D0D19-C6F7-429A-B0C3-9D57970CE49B}.Release|Any CPU.ActiveCfg = Release|Any CPU
		{4C4D0D19-C6F7-429A-B0C3-9D57970CE49B}.Release|Any CPU.Build.0 = Release|Any CPU
		{4C4D0D19-C6F7-429A-B0C3-9D57970CE49B}.Release|x64.ActiveCfg = Release|Any CPU
		{4C4D0D19-C6F7-429A-B0C3-9D57970CE49B}.Release|x64.Build.0 = Release|Any CPU
		{4C4D0D19-C6F7-429A-B0C3-9D57970CE49B}.Release|x86.ActiveCfg = Release|Any CPU
		{4C4D0D19-C6F7-429A-B0C3-9D57970CE49B}.Release|x86.Build.0 = Release|Any CPU
		{5EE758AE-1D2C-4C13-94DF-7C5E9DD00BBA}.Debug|Any CPU.ActiveCfg = Debug|Any CPU
		{5EE758AE-1D2C-4C13-94DF-7C5E9DD00BBA}.Debug|Any CPU.Build.0 = Debug|Any CPU
		{5EE758AE-1D2C-4C13-94DF-7C5E9DD00BBA}.Debug|x64.ActiveCfg = Debug|Any CPU
		{5EE758AE-1D2C-4C13-94DF-7C5E9DD00BBA}.Debug|x64.Build.0 = Debug|Any CPU
		{5EE758AE-1D2C-4C13-94DF-7C5E9DD00BBA}.Debug|x86.ActiveCfg = Debug|Any CPU
		{5EE758AE-1D2C-4C13-94DF-7C5E9DD00BBA}.Debug|x86.Build.0 = Debug|Any CPU
		{5EE758AE-1D2C-4C13-94DF-7C5E9DD00BBA}.Release|Any CPU.ActiveCfg = Release|Any CPU
		{5EE758AE-1D2C-4C13-94DF-7C5E9DD00BBA}.Release|Any CPU.Build.0 = Release|Any CPU
		{5EE758AE-1D2C-4C13-94DF-7C5E9DD00BBA}.Release|x64.ActiveCfg = Release|Any CPU
		{5EE758AE-1D2C-4C13-94DF-7C5E9DD00BBA}.Release|x64.Build.0 = Release|Any CPU
		{5EE758AE-1D2C-4C13-94DF-7C5E9DD00BBA}.Release|x86.ActiveCfg = Release|Any CPU
		{5EE758AE-1D2C-4C13-94DF-7C5E9DD00BBA}.Release|x86.Build.0 = Release|Any CPU
	EndGlobalSection
	GlobalSection(SolutionProperties) = preSolution
		HideSolutionNode = FALSE
	EndGlobalSection
	GlobalSection(NestedProjects) = preSolution
		{F654BD53-1BD7-425F-B992-849983861206} = {881589EE-639B-0A35-DBCE-5D94E4FC90C0}
		{56FBFDD7-4DD0-B7FE-2F8D-7C2738E87CCB} = {CA253913-39DE-BFD0-C9A3-4B7EC6FBDF17}
		{1CC73FBE-3752-D917-C716-B953B0D3DD5A} = {56FBFDD7-4DD0-B7FE-2F8D-7C2738E87CCB}
		{E9A368AD-03AD-48A7-AF73-93B8BBCBCA23} = {1CC73FBE-3752-D917-C716-B953B0D3DD5A}
		{A44D17B3-4819-4D69-9FDA-0BC81EDF08F4} = {1CC73FBE-3752-D917-C716-B953B0D3DD5A}
		{8D1466C0-2D6F-4389-A1AC-7AD64094EBD5} = {1CC73FBE-3752-D917-C716-B953B0D3DD5A}
		{FDCC5A84-6025-B470-2256-AD2083B884AA} = {56FBFDD7-4DD0-B7FE-2F8D-7C2738E87CCB}
		{594E6EB9-BD77-4E2C-A662-EF7C42CC766F} = {FDCC5A84-6025-B470-2256-AD2083B884AA}
		{D9B30F46-98EC-41CD-B1FC-847CDEE5DD5F} = {FDCC5A84-6025-B470-2256-AD2083B884AA}
		{FCB680DC-8429-0E72-1A56-CF0BF525F7B0} = {56FBFDD7-4DD0-B7FE-2F8D-7C2738E87CCB}
		{31F658E9-C446-4823-95E6-8FEF534744DA} = {FCB680DC-8429-0E72-1A56-CF0BF525F7B0}
		{1CA5CC48-06A3-4BE9-A6C6-D8858CA5F892} = {FCB680DC-8429-0E72-1A56-CF0BF525F7B0}
		{3D0E2B6A-965A-24ED-6FD7-87E6626826D3} = {CA253913-39DE-BFD0-C9A3-4B7EC6FBDF17}
		{5E97945B-FEDB-169F-49B0-03EA909327AE} = {3D0E2B6A-965A-24ED-6FD7-87E6626826D3}
		{B3CB30A7-8EB1-4573-B055-45B2818D4BD7} = {5E97945B-FEDB-169F-49B0-03EA909327AE}
		{31B28FF4-8FCF-47E7-ABBF-6BD472DADCDF} = {5E97945B-FEDB-169F-49B0-03EA909327AE}
		{3AAD03C7-3F88-4595-8B70-F889B5FC2836} = {5E97945B-FEDB-169F-49B0-03EA909327AE}
		{541965AE-7891-C1C0-EA31-E07329543DC2} = {3D0E2B6A-965A-24ED-6FD7-87E6626826D3}
		{F2A459FA-8C43-422E-B4AA-4A11A78E638C} = {541965AE-7891-C1C0-EA31-E07329543DC2}
		{EFF74F4B-A533-47BF-B4F6-CDD87B79637C} = {541965AE-7891-C1C0-EA31-E07329543DC2}
		{AC938478-7905-A4DE-3D16-BA7983CAB5D7} = {3D0E2B6A-965A-24ED-6FD7-87E6626826D3}
		{49E5047D-E917-4677-B932-F4A0D32286AE} = {AC938478-7905-A4DE-3D16-BA7983CAB5D7}
		{450B5E3F-8D04-45B5-9339-475407557FE7} = {AC938478-7905-A4DE-3D16-BA7983CAB5D7}
		{F4257646-79FE-4606-7053-C991C78B3BA4} = {CA253913-39DE-BFD0-C9A3-4B7EC6FBDF17}
		{DDD777B6-5501-AA3E-330B-35C1D0390F4D} = {F4257646-79FE-4606-7053-C991C78B3BA4}
		{0BC1F5DA-EE3E-4935-937B-F3F01EF633DA} = {DDD777B6-5501-AA3E-330B-35C1D0390F4D}
		{A024668F-1610-4E70-9B5A-27FA0B9E760F} = {DDD777B6-5501-AA3E-330B-35C1D0390F4D}
		{863880C7-22ED-4E3A-A337-1EA2AC72F87E} = {DDD777B6-5501-AA3E-330B-35C1D0390F4D}
		{AEDEA1D2-9A7C-6CA1-B986-6616DFB985D5} = {F4257646-79FE-4606-7053-C991C78B3BA4}
		{4C782159-C53E-4AA8-A700-EFED1D7926D4} = {AEDEA1D2-9A7C-6CA1-B986-6616DFB985D5}
		{8A3F251A-276D-4742-8B34-D68A814A1ED6} = {AEDEA1D2-9A7C-6CA1-B986-6616DFB985D5}
		{D0814F77-8861-44C3-DA37-8F7A9F9C34E5} = {F4257646-79FE-4606-7053-C991C78B3BA4}
		{5DA71F58-0E15-4F97-86A4-3063483514E1} = {D0814F77-8861-44C3-DA37-8F7A9F9C34E5}
		{AFB1EB51-42A4-4219-990B-25624ADD3F4D} = {D0814F77-8861-44C3-DA37-8F7A9F9C34E5}
		{9EB764FA-7895-4C45-B1AC-A9633D9CCA7F} = {06CFFD70-14AA-A959-A3BA-1B15D094E3B1}
		{4C4D0D19-C6F7-429A-B0C3-9D57970CE49B} = {06CFFD70-14AA-A959-A3BA-1B15D094E3B1}
		{5EE758AE-1D2C-4C13-94DF-7C5E9DD00BBA} = {5854FF58-B8C5-05C6-5BF2-ACE42193F22B}
	EndGlobalSection
EndGlobal
