
Microsoft Visual Studio Solution File, Format Version 12.00
# Visual Studio Version 17
VisualStudioVersion = 17.0.31903.59
MinimumVisualStudioVersion = 10.0.40219.1
Project("{E53339B2-1760-4266-BCC7-CA923CBCF16C}") = "docker-compose", "docker-compose.dcproj", "{89759A6E-14F1-2247-A87E-6F1EB0C04123}"
EndProject
Project("{2150E333-8FDC-42A3-9474-1A3956D46DE8}") = "Common", "Common", "{881589EE-639B-0A35-DBCE-5D94E4FC90C0}"
EndProject
Project("{FAE04EC0-301F-11D3-BF4B-00C04F79EFBC}") = "QuickCode.Demo.Common", "Common\QuickCode.Demo.Common\QuickCode.Demo.Common.csproj", "{71580021-10AD-49C4-95F9-826229D01B2F}"
EndProject
Project("{2150E333-8FDC-42A3-9474-1A3956D46DE8}") = "Modules", "Modules", "{CA253913-39DE-BFD0-C9A3-4B7EC6FBDF17}"
EndProject
Project("{2150E333-8FDC-42A3-9474-1A3956D46DE8}") = "UserManagerModule", "UserManagerModule", "{56FBFDD7-4DD0-B7FE-2F8D-7C2738E87CCB}"
EndProject
Project("{2150E333-8FDC-42A3-9474-1A3956D46DE8}") = "Core", "Core", "{1CC73FBE-3752-D917-C716-B953B0D3DD5A}"
EndProject
Project("{FAE04EC0-301F-11D3-BF4B-00C04F79EFBC}") = "QuickCode.Demo.UserManagerModule.Application", "Modules\UserManagerModule\Core\QuickCode.Demo.UserManagerModule.Application\QuickCode.Demo.UserManagerModule.Application.csproj", "{60F25D3F-412D-4A1C-9780-9298D80FEF11}"
EndProject
Project("{FAE04EC0-301F-11D3-BF4B-00C04F79EFBC}") = "QuickCode.Demo.UserManagerModule.Application.Tests.g", "Modules\UserManagerModule\Core\QuickCode.Demo.UserManagerModule.Application.Tests\QuickCode.Demo.UserManagerModule.Application.Tests.g.csproj", "{958840BA-AB59-4277-913E-92821C524DCD}"
EndProject
Project("{FAE04EC0-301F-11D3-BF4B-00C04F79EFBC}") = "QuickCode.Demo.UserManagerModule.Domain", "Modules\UserManagerModule\Core\QuickCode.Demo.UserManagerModule.Domain\QuickCode.Demo.UserManagerModule.Domain.csproj", "{C5EDDAC3-2DC6-4D25-B620-25F95499294A}"
EndProject
Project("{2150E333-8FDC-42A3-9474-1A3956D46DE8}") = "Infrastructure", "Infrastructure", "{FDCC5A84-6025-B470-2256-AD2083B884AA}"
EndProject
Project("{FAE04EC0-301F-11D3-BF4B-00C04F79EFBC}") = "QuickCode.Demo.UserManagerModule.Persistence", "Modules\UserManagerModule\Infrastructure\QuickCode.Demo.UserManagerModule.Persistence\QuickCode.Demo.UserManagerModule.Persistence.csproj", "{A7FB6254-B143-4476-BF84-F43B4BE65524}"
EndProject
Project("{FAE04EC0-301F-11D3-BF4B-00C04F79EFBC}") = "QuickCode.Demo.UserManagerModule.Persistence.Tests.g", "Modules\UserManagerModule\Infrastructure\QuickCode.Demo.UserManagerModule.Persistence.Tests\QuickCode.Demo.UserManagerModule.Persistence.Tests.g.csproj", "{6F8A1F19-A270-4272-B596-4058BE40B90B}"
EndProject
Project("{2150E333-8FDC-42A3-9474-1A3956D46DE8}") = "Presentation", "Presentation", "{FCB680DC-8429-0E72-1A56-CF0BF525F7B0}"
EndProject
Project("{FAE04EC0-301F-11D3-BF4B-00C04F79EFBC}") = "QuickCode.Demo.UserManagerModule.Api", "Modules\UserManagerModule\Presentation\QuickCode.Demo.UserManagerModule.Api\QuickCode.Demo.UserManagerModule.Api.csproj", "{FF2465D2-EB12-4227-BBCB-1D35F8B9E92D}"
EndProject
Project("{FAE04EC0-301F-11D3-BF4B-00C04F79EFBC}") = "QuickCode.Demo.UserManagerModule.Api.Tests.g", "Modules\UserManagerModule\Presentation\QuickCode.Demo.UserManagerModule.Api.Tests\QuickCode.Demo.UserManagerModule.Api.Tests.g.csproj", "{FF3AFE86-F934-43A6-B4C8-D74B5E18B91D}"
EndProject
Project("{2150E333-8FDC-42A3-9474-1A3956D46DE8}") = "EmailManagerModule", "EmailManagerModule", "{3D0E2B6A-965A-24ED-6FD7-87E6626826D3}"
EndProject
Project("{2150E333-8FDC-42A3-9474-1A3956D46DE8}") = "Core", "Core", "{5E97945B-FEDB-169F-49B0-03EA909327AE}"
EndProject
Project("{FAE04EC0-301F-11D3-BF4B-00C04F79EFBC}") = "QuickCode.Demo.EmailManagerModule.Application", "Modules\EmailManagerModule\Core\QuickCode.Demo.EmailManagerModule.Application\QuickCode.Demo.EmailManagerModule.Application.csproj", "{209B439A-607B-4F7D-A9BD-4CDA42C8D310}"
EndProject
Project("{FAE04EC0-301F-11D3-BF4B-00C04F79EFBC}") = "QuickCode.Demo.EmailManagerModule.Application.Tests.g", "Modules\EmailManagerModule\Core\QuickCode.Demo.EmailManagerModule.Application.Tests\QuickCode.Demo.EmailManagerModule.Application.Tests.g.csproj", "{193FD817-9121-4B86-AB69-017D6B19DE7C}"
EndProject
Project("{FAE04EC0-301F-11D3-BF4B-00C04F79EFBC}") = "QuickCode.Demo.EmailManagerModule.Domain", "Modules\EmailManagerModule\Core\QuickCode.Demo.EmailManagerModule.Domain\QuickCode.Demo.EmailManagerModule.Domain.csproj", "{FF08BB88-8987-41F9-9C3E-E8233D3FF6BA}"
EndProject
Project("{2150E333-8FDC-42A3-9474-1A3956D46DE8}") = "Infrastructure", "Infrastructure", "{541965AE-7891-C1C0-EA31-E07329543DC2}"
EndProject
Project("{FAE04EC0-301F-11D3-BF4B-00C04F79EFBC}") = "QuickCode.Demo.EmailManagerModule.Persistence", "Modules\EmailManagerModule\Infrastructure\QuickCode.Demo.EmailManagerModule.Persistence\QuickCode.Demo.EmailManagerModule.Persistence.csproj", "{1BB3D4FC-2832-4CA3-BC20-AF10ACBCA090}"
EndProject
Project("{FAE04EC0-301F-11D3-BF4B-00C04F79EFBC}") = "QuickCode.Demo.EmailManagerModule.Persistence.Tests.g", "Modules\EmailManagerModule\Infrastructure\QuickCode.Demo.EmailManagerModule.Persistence.Tests\QuickCode.Demo.EmailManagerModule.Persistence.Tests.g.csproj", "{76313B28-037D-4A78-AB40-4DA8316F7D9B}"
EndProject
Project("{2150E333-8FDC-42A3-9474-1A3956D46DE8}") = "Presentation", "Presentation", "{AC938478-7905-A4DE-3D16-BA7983CAB5D7}"
EndProject
Project("{FAE04EC0-301F-11D3-BF4B-00C04F79EFBC}") = "QuickCode.Demo.EmailManagerModule.Api", "Modules\EmailManagerModule\Presentation\QuickCode.Demo.EmailManagerModule.Api\QuickCode.Demo.EmailManagerModule.Api.csproj", "{E0AAF04B-E72D-4D1E-892B-9E4C45FD108B}"
EndProject
Project("{FAE04EC0-301F-11D3-BF4B-00C04F79EFBC}") = "QuickCode.Demo.EmailManagerModule.Api.Tests.g", "Modules\EmailManagerModule\Presentation\QuickCode.Demo.EmailManagerModule.Api.Tests\QuickCode.Demo.EmailManagerModule.Api.Tests.g.csproj", "{3412203A-AA16-46A4-95B6-DF0A52041452}"
EndProject
Project("{2150E333-8FDC-42A3-9474-1A3956D46DE8}") = "SmsManagerModule", "SmsManagerModule", "{F4257646-79FE-4606-7053-C991C78B3BA4}"
EndProject
Project("{2150E333-8FDC-42A3-9474-1A3956D46DE8}") = "Core", "Core", "{DDD777B6-5501-AA3E-330B-35C1D0390F4D}"
EndProject
Project("{FAE04EC0-301F-11D3-BF4B-00C04F79EFBC}") = "QuickCode.Demo.SmsManagerModule.Application", "Modules\SmsManagerModule\Core\QuickCode.Demo.SmsManagerModule.Application\QuickCode.Demo.SmsManagerModule.Application.csproj", "{2177BB77-306C-4E0B-978B-567F55160D49}"
EndProject
Project("{FAE04EC0-301F-11D3-BF4B-00C04F79EFBC}") = "QuickCode.Demo.SmsManagerModule.Application.Tests.g", "Modules\SmsManagerModule\Core\QuickCode.Demo.SmsManagerModule.Application.Tests\QuickCode.Demo.SmsManagerModule.Application.Tests.g.csproj", "{91277923-F810-43ED-8CCC-2ECB55070247}"
EndProject
Project("{FAE04EC0-301F-11D3-BF4B-00C04F79EFBC}") = "QuickCode.Demo.SmsManagerModule.Domain", "Modules\SmsManagerModule\Core\QuickCode.Demo.SmsManagerModule.Domain\QuickCode.Demo.SmsManagerModule.Domain.csproj", "{FAAB2062-57C7-4CB3-9B59-ED81C84D1178}"
EndProject
Project("{2150E333-8FDC-42A3-9474-1A3956D46DE8}") = "Infrastructure", "Infrastructure", "{AEDEA1D2-9A7C-6CA1-B986-6616DFB985D5}"
EndProject
Project("{FAE04EC0-301F-11D3-BF4B-00C04F79EFBC}") = "QuickCode.Demo.SmsManagerModule.Persistence", "Modules\SmsManagerModule\Infrastructure\QuickCode.Demo.SmsManagerModule.Persistence\QuickCode.Demo.SmsManagerModule.Persistence.csproj", "{88BF2182-0C49-4FBE-94A1-1150C41CBA0B}"
EndProject
Project("{FAE04EC0-301F-11D3-BF4B-00C04F79EFBC}") = "QuickCode.Demo.SmsManagerModule.Persistence.Tests.g", "Modules\SmsManagerModule\Infrastructure\QuickCode.Demo.SmsManagerModule.Persistence.Tests\QuickCode.Demo.SmsManagerModule.Persistence.Tests.g.csproj", "{64C59B11-498B-4F0E-A8CD-DE8762D2861E}"
EndProject
Project("{2150E333-8FDC-42A3-9474-1A3956D46DE8}") = "Presentation", "Presentation", "{D0814F77-8861-44C3-DA37-8F7A9F9C34E5}"
EndProject
Project("{FAE04EC0-301F-11D3-BF4B-00C04F79EFBC}") = "QuickCode.Demo.SmsManagerModule.Api", "Modules\SmsManagerModule\Presentation\QuickCode.Demo.SmsManagerModule.Api\QuickCode.Demo.SmsManagerModule.Api.csproj", "{B6B7D43B-AFC1-4B73-989E-B45EF5AE5CD3}"
EndProject
Project("{FAE04EC0-301F-11D3-BF4B-00C04F79EFBC}") = "QuickCode.Demo.SmsManagerModule.Api.Tests.g", "Modules\SmsManagerModule\Presentation\QuickCode.Demo.SmsManagerModule.Api.Tests\QuickCode.Demo.SmsManagerModule.Api.Tests.g.csproj", "{5F7360CE-4E65-411A-B534-A22DCC706D12}"
EndProject
Project("{2150E333-8FDC-42A3-9474-1A3956D46DE8}") = "Presentation", "Presentation", "{06CFFD70-14AA-A959-A3BA-1B15D094E3B1}"
EndProject
Project("{FAE04EC0-301F-11D3-BF4B-00C04F79EFBC}") = "QuickCode.Demo.Gateway", "Presentation\QuickCode.Demo.Gateway\QuickCode.Demo.Gateway.csproj", "{619D0070-2224-4FAF-AEDD-10151C13B001}"
EndProject
Project("{FAE04EC0-301F-11D3-BF4B-00C04F79EFBC}") = "QuickCode.Demo.Portal", "Presentation\QuickCode.Demo.Portal\QuickCode.Demo.Portal.csproj", "{27EC9B2A-D7F5-4EFB-B047-4E89D68ADEF2}"
EndProject
Project("{2150E333-8FDC-42A3-9474-1A3956D46DE8}") = "Services", "Services", "{5854FF58-B8C5-05C6-5BF2-ACE42193F22B}"
EndProject
Project("{FAE04EC0-301F-11D3-BF4B-00C04F79EFBC}") = "QuickCode.Demo.EventListenerService", "Services\QuickCode.Demo.EventListenerService\QuickCode.Demo.EventListenerService.csproj", "{B2961EDE-AB22-40C3-9589-C3C3DDAB249B}"
EndProject
Global
	GlobalSection(SolutionConfigurationPlatforms) = preSolution
		Debug|Any CPU = Debug|Any CPU
		Debug|x64 = Debug|x64
		Debug|x86 = Debug|x86
		Release|Any CPU = Release|Any CPU
		Release|x64 = Release|x64
		Release|x86 = Release|x86
	EndGlobalSection
	GlobalSection(ProjectConfigurationPlatforms) = postSolution
		{89759A6E-14F1-2247-A87E-6F1EB0C04123}.Debug|Any CPU.ActiveCfg = Debug|Any CPU
		{89759A6E-14F1-2247-A87E-6F1EB0C04123}.Debug|Any CPU.Build.0 = Debug|Any CPU
		{89759A6E-14F1-2247-A87E-6F1EB0C04123}.Debug|x64.ActiveCfg = Debug|x64
		{89759A6E-14F1-2247-A87E-6F1EB0C04123}.Debug|x86.ActiveCfg = Debug|x86
		{89759A6E-14F1-2247-A87E-6F1EB0C04123}.Release|Any CPU.ActiveCfg = Release|Any CPU
		{89759A6E-14F1-2247-A87E-6F1EB0C04123}.Release|Any CPU.Build.0 = Release|Any CPU
		{89759A6E-14F1-2247-A87E-6F1EB0C04123}.Release|x64.ActiveCfg = Release|x64
		{89759A6E-14F1-2247-A87E-6F1EB0C04123}.Release|x86.ActiveCfg = Release|x86
		{71580021-10AD-49C4-95F9-826229D01B2F}.Debug|Any CPU.ActiveCfg = Debug|Any CPU
		{71580021-10AD-49C4-95F9-826229D01B2F}.Debug|Any CPU.Build.0 = Debug|Any CPU
		{71580021-10AD-49C4-95F9-826229D01B2F}.Debug|x64.ActiveCfg = Debug|Any CPU
		{71580021-10AD-49C4-95F9-826229D01B2F}.Debug|x64.Build.0 = Debug|Any CPU
		{71580021-10AD-49C4-95F9-826229D01B2F}.Debug|x86.ActiveCfg = Debug|Any CPU
		{71580021-10AD-49C4-95F9-826229D01B2F}.Debug|x86.Build.0 = Debug|Any CPU
		{71580021-10AD-49C4-95F9-826229D01B2F}.Release|Any CPU.ActiveCfg = Release|Any CPU
		{71580021-10AD-49C4-95F9-826229D01B2F}.Release|Any CPU.Build.0 = Release|Any CPU
		{71580021-10AD-49C4-95F9-826229D01B2F}.Release|x64.ActiveCfg = Release|Any CPU
		{71580021-10AD-49C4-95F9-826229D01B2F}.Release|x64.Build.0 = Release|Any CPU
		{71580021-10AD-49C4-95F9-826229D01B2F}.Release|x86.ActiveCfg = Release|Any CPU
		{71580021-10AD-49C4-95F9-826229D01B2F}.Release|x86.Build.0 = Release|Any CPU
		{60F25D3F-412D-4A1C-9780-9298D80FEF11}.Debug|Any CPU.ActiveCfg = Debug|Any CPU
		{60F25D3F-412D-4A1C-9780-9298D80FEF11}.Debug|Any CPU.Build.0 = Debug|Any CPU
		{60F25D3F-412D-4A1C-9780-9298D80FEF11}.Debug|x64.ActiveCfg = Debug|Any CPU
		{60F25D3F-412D-4A1C-9780-9298D80FEF11}.Debug|x64.Build.0 = Debug|Any CPU
		{60F25D3F-412D-4A1C-9780-9298D80FEF11}.Debug|x86.ActiveCfg = Debug|Any CPU
		{60F25D3F-412D-4A1C-9780-9298D80FEF11}.Debug|x86.Build.0 = Debug|Any CPU
		{60F25D3F-412D-4A1C-9780-9298D80FEF11}.Release|Any CPU.ActiveCfg = Release|Any CPU
		{60F25D3F-412D-4A1C-9780-9298D80FEF11}.Release|Any CPU.Build.0 = Release|Any CPU
		{60F25D3F-412D-4A1C-9780-9298D80FEF11}.Release|x64.ActiveCfg = Release|Any CPU
		{60F25D3F-412D-4A1C-9780-9298D80FEF11}.Release|x64.Build.0 = Release|Any CPU
		{60F25D3F-412D-4A1C-9780-9298D80FEF11}.Release|x86.ActiveCfg = Release|Any CPU
		{60F25D3F-412D-4A1C-9780-9298D80FEF11}.Release|x86.Build.0 = Release|Any CPU
		{958840BA-AB59-4277-913E-92821C524DCD}.Debug|Any CPU.ActiveCfg = Debug|Any CPU
		{958840BA-AB59-4277-913E-92821C524DCD}.Debug|Any CPU.Build.0 = Debug|Any CPU
		{958840BA-AB59-4277-913E-92821C524DCD}.Debug|x64.ActiveCfg = Debug|Any CPU
		{958840BA-AB59-4277-913E-92821C524DCD}.Debug|x64.Build.0 = Debug|Any CPU
		{958840BA-AB59-4277-913E-92821C524DCD}.Debug|x86.ActiveCfg = Debug|Any CPU
		{958840BA-AB59-4277-913E-92821C524DCD}.Debug|x86.Build.0 = Debug|Any CPU
		{958840BA-AB59-4277-913E-92821C524DCD}.Release|Any CPU.ActiveCfg = Release|Any CPU
		{958840BA-AB59-4277-913E-92821C524DCD}.Release|Any CPU.Build.0 = Release|Any CPU
		{958840BA-AB59-4277-913E-92821C524DCD}.Release|x64.ActiveCfg = Release|Any CPU
		{958840BA-AB59-4277-913E-92821C524DCD}.Release|x64.Build.0 = Release|Any CPU
		{958840BA-AB59-4277-913E-92821C524DCD}.Release|x86.ActiveCfg = Release|Any CPU
		{958840BA-AB59-4277-913E-92821C524DCD}.Release|x86.Build.0 = Release|Any CPU
		{C5EDDAC3-2DC6-4D25-B620-25F95499294A}.Debug|Any CPU.ActiveCfg = Debug|Any CPU
		{C5EDDAC3-2DC6-4D25-B620-25F95499294A}.Debug|Any CPU.Build.0 = Debug|Any CPU
		{C5EDDAC3-2DC6-4D25-B620-25F95499294A}.Debug|x64.ActiveCfg = Debug|Any CPU
		{C5EDDAC3-2DC6-4D25-B620-25F95499294A}.Debug|x64.Build.0 = Debug|Any CPU
		{C5EDDAC3-2DC6-4D25-B620-25F95499294A}.Debug|x86.ActiveCfg = Debug|Any CPU
		{C5EDDAC3-2DC6-4D25-B620-25F95499294A}.Debug|x86.Build.0 = Debug|Any CPU
		{C5EDDAC3-2DC6-4D25-B620-25F95499294A}.Release|Any CPU.ActiveCfg = Release|Any CPU
		{C5EDDAC3-2DC6-4D25-B620-25F95499294A}.Release|Any CPU.Build.0 = Release|Any CPU
		{C5EDDAC3-2DC6-4D25-B620-25F95499294A}.Release|x64.ActiveCfg = Release|Any CPU
		{C5EDDAC3-2DC6-4D25-B620-25F95499294A}.Release|x64.Build.0 = Release|Any CPU
		{C5EDDAC3-2DC6-4D25-B620-25F95499294A}.Release|x86.ActiveCfg = Release|Any CPU
		{C5EDDAC3-2DC6-4D25-B620-25F95499294A}.Release|x86.Build.0 = Release|Any CPU
		{A7FB6254-B143-4476-BF84-F43B4BE65524}.Debug|Any CPU.ActiveCfg = Debug|Any CPU
		{A7FB6254-B143-4476-BF84-F43B4BE65524}.Debug|Any CPU.Build.0 = Debug|Any CPU
		{A7FB6254-B143-4476-BF84-F43B4BE65524}.Debug|x64.ActiveCfg = Debug|Any CPU
		{A7FB6254-B143-4476-BF84-F43B4BE65524}.Debug|x64.Build.0 = Debug|Any CPU
		{A7FB6254-B143-4476-BF84-F43B4BE65524}.Debug|x86.ActiveCfg = Debug|Any CPU
		{A7FB6254-B143-4476-BF84-F43B4BE65524}.Debug|x86.Build.0 = Debug|Any CPU
		{A7FB6254-B143-4476-BF84-F43B4BE65524}.Release|Any CPU.ActiveCfg = Release|Any CPU
		{A7FB6254-B143-4476-BF84-F43B4BE65524}.Release|Any CPU.Build.0 = Release|Any CPU
		{A7FB6254-B143-4476-BF84-F43B4BE65524}.Release|x64.ActiveCfg = Release|Any CPU
		{A7FB6254-B143-4476-BF84-F43B4BE65524}.Release|x64.Build.0 = Release|Any CPU
		{A7FB6254-B143-4476-BF84-F43B4BE65524}.Release|x86.ActiveCfg = Release|Any CPU
		{A7FB6254-B143-4476-BF84-F43B4BE65524}.Release|x86.Build.0 = Release|Any CPU
		{6F8A1F19-A270-4272-B596-4058BE40B90B}.Debug|Any CPU.ActiveCfg = Debug|Any CPU
		{6F8A1F19-A270-4272-B596-4058BE40B90B}.Debug|Any CPU.Build.0 = Debug|Any CPU
		{6F8A1F19-A270-4272-B596-4058BE40B90B}.Debug|x64.ActiveCfg = Debug|Any CPU
		{6F8A1F19-A270-4272-B596-4058BE40B90B}.Debug|x64.Build.0 = Debug|Any CPU
		{6F8A1F19-A270-4272-B596-4058BE40B90B}.Debug|x86.ActiveCfg = Debug|Any CPU
		{6F8A1F19-A270-4272-B596-4058BE40B90B}.Debug|x86.Build.0 = Debug|Any CPU
		{6F8A1F19-A270-4272-B596-4058BE40B90B}.Release|Any CPU.ActiveCfg = Release|Any CPU
		{6F8A1F19-A270-4272-B596-4058BE40B90B}.Release|Any CPU.Build.0 = Release|Any CPU
		{6F8A1F19-A270-4272-B596-4058BE40B90B}.Release|x64.ActiveCfg = Release|Any CPU
		{6F8A1F19-A270-4272-B596-4058BE40B90B}.Release|x64.Build.0 = Release|Any CPU
		{6F8A1F19-A270-4272-B596-4058BE40B90B}.Release|x86.ActiveCfg = Release|Any CPU
		{6F8A1F19-A270-4272-B596-4058BE40B90B}.Release|x86.Build.0 = Release|Any CPU
		{FF2465D2-EB12-4227-BBCB-1D35F8B9E92D}.Debug|Any CPU.ActiveCfg = Debug|Any CPU
		{FF2465D2-EB12-4227-BBCB-1D35F8B9E92D}.Debug|Any CPU.Build.0 = Debug|Any CPU
		{FF2465D2-EB12-4227-BBCB-1D35F8B9E92D}.Debug|x64.ActiveCfg = Debug|Any CPU
		{FF2465D2-EB12-4227-BBCB-1D35F8B9E92D}.Debug|x64.Build.0 = Debug|Any CPU
		{FF2465D2-EB12-4227-BBCB-1D35F8B9E92D}.Debug|x86.ActiveCfg = Debug|Any CPU
		{FF2465D2-EB12-4227-BBCB-1D35F8B9E92D}.Debug|x86.Build.0 = Debug|Any CPU
		{FF2465D2-EB12-4227-BBCB-1D35F8B9E92D}.Release|Any CPU.ActiveCfg = Release|Any CPU
		{FF2465D2-EB12-4227-BBCB-1D35F8B9E92D}.Release|Any CPU.Build.0 = Release|Any CPU
		{FF2465D2-EB12-4227-BBCB-1D35F8B9E92D}.Release|x64.ActiveCfg = Release|Any CPU
		{FF2465D2-EB12-4227-BBCB-1D35F8B9E92D}.Release|x64.Build.0 = Release|Any CPU
		{FF2465D2-EB12-4227-BBCB-1D35F8B9E92D}.Release|x86.ActiveCfg = Release|Any CPU
		{FF2465D2-EB12-4227-BBCB-1D35F8B9E92D}.Release|x86.Build.0 = Release|Any CPU
		{FF3AFE86-F934-43A6-B4C8-D74B5E18B91D}.Debug|Any CPU.ActiveCfg = Debug|Any CPU
		{FF3AFE86-F934-43A6-B4C8-D74B5E18B91D}.Debug|Any CPU.Build.0 = Debug|Any CPU
		{FF3AFE86-F934-43A6-B4C8-D74B5E18B91D}.Debug|x64.ActiveCfg = Debug|Any CPU
		{FF3AFE86-F934-43A6-B4C8-D74B5E18B91D}.Debug|x64.Build.0 = Debug|Any CPU
		{FF3AFE86-F934-43A6-B4C8-D74B5E18B91D}.Debug|x86.ActiveCfg = Debug|Any CPU
		{FF3AFE86-F934-43A6-B4C8-D74B5E18B91D}.Debug|x86.Build.0 = Debug|Any CPU
		{FF3AFE86-F934-43A6-B4C8-D74B5E18B91D}.Release|Any CPU.ActiveCfg = Release|Any CPU
		{FF3AFE86-F934-43A6-B4C8-D74B5E18B91D}.Release|Any CPU.Build.0 = Release|Any CPU
		{FF3AFE86-F934-43A6-B4C8-D74B5E18B91D}.Release|x64.ActiveCfg = Release|Any CPU
		{FF3AFE86-F934-43A6-B4C8-D74B5E18B91D}.Release|x64.Build.0 = Release|Any CPU
		{FF3AFE86-F934-43A6-B4C8-D74B5E18B91D}.Release|x86.ActiveCfg = Release|Any CPU
		{FF3AFE86-F934-43A6-B4C8-D74B5E18B91D}.Release|x86.Build.0 = Release|Any CPU
		{209B439A-607B-4F7D-A9BD-4CDA42C8D310}.Debug|Any CPU.ActiveCfg = Debug|Any CPU
		{209B439A-607B-4F7D-A9BD-4CDA42C8D310}.Debug|Any CPU.Build.0 = Debug|Any CPU
		{209B439A-607B-4F7D-A9BD-4CDA42C8D310}.Debug|x64.ActiveCfg = Debug|Any CPU
		{209B439A-607B-4F7D-A9BD-4CDA42C8D310}.Debug|x64.Build.0 = Debug|Any CPU
		{209B439A-607B-4F7D-A9BD-4CDA42C8D310}.Debug|x86.ActiveCfg = Debug|Any CPU
		{209B439A-607B-4F7D-A9BD-4CDA42C8D310}.Debug|x86.Build.0 = Debug|Any CPU
		{209B439A-607B-4F7D-A9BD-4CDA42C8D310}.Release|Any CPU.ActiveCfg = Release|Any CPU
		{209B439A-607B-4F7D-A9BD-4CDA42C8D310}.Release|Any CPU.Build.0 = Release|Any CPU
		{209B439A-607B-4F7D-A9BD-4CDA42C8D310}.Release|x64.ActiveCfg = Release|Any CPU
		{209B439A-607B-4F7D-A9BD-4CDA42C8D310}.Release|x64.Build.0 = Release|Any CPU
		{209B439A-607B-4F7D-A9BD-4CDA42C8D310}.Release|x86.ActiveCfg = Release|Any CPU
		{209B439A-607B-4F7D-A9BD-4CDA42C8D310}.Release|x86.Build.0 = Release|Any CPU
		{193FD817-9121-4B86-AB69-017D6B19DE7C}.Debug|Any CPU.ActiveCfg = Debug|Any CPU
		{193FD817-9121-4B86-AB69-017D6B19DE7C}.Debug|Any CPU.Build.0 = Debug|Any CPU
		{193FD817-9121-4B86-AB69-017D6B19DE7C}.Debug|x64.ActiveCfg = Debug|Any CPU
		{193FD817-9121-4B86-AB69-017D6B19DE7C}.Debug|x64.Build.0 = Debug|Any CPU
		{193FD817-9121-4B86-AB69-017D6B19DE7C}.Debug|x86.ActiveCfg = Debug|Any CPU
		{193FD817-9121-4B86-AB69-017D6B19DE7C}.Debug|x86.Build.0 = Debug|Any CPU
		{193FD817-9121-4B86-AB69-017D6B19DE7C}.Release|Any CPU.ActiveCfg = Release|Any CPU
		{193FD817-9121-4B86-AB69-017D6B19DE7C}.Release|Any CPU.Build.0 = Release|Any CPU
		{193FD817-9121-4B86-AB69-017D6B19DE7C}.Release|x64.ActiveCfg = Release|Any CPU
		{193FD817-9121-4B86-AB69-017D6B19DE7C}.Release|x64.Build.0 = Release|Any CPU
		{193FD817-9121-4B86-AB69-017D6B19DE7C}.Release|x86.ActiveCfg = Release|Any CPU
		{193FD817-9121-4B86-AB69-017D6B19DE7C}.Release|x86.Build.0 = Release|Any CPU
		{FF08BB88-8987-41F9-9C3E-E8233D3FF6BA}.Debug|Any CPU.ActiveCfg = Debug|Any CPU
		{FF08BB88-8987-41F9-9C3E-E8233D3FF6BA}.Debug|Any CPU.Build.0 = Debug|Any CPU
		{FF08BB88-8987-41F9-9C3E-E8233D3FF6BA}.Debug|x64.ActiveCfg = Debug|Any CPU
		{FF08BB88-8987-41F9-9C3E-E8233D3FF6BA}.Debug|x64.Build.0 = Debug|Any CPU
		{FF08BB88-8987-41F9-9C3E-E8233D3FF6BA}.Debug|x86.ActiveCfg = Debug|Any CPU
		{FF08BB88-8987-41F9-9C3E-E8233D3FF6BA}.Debug|x86.Build.0 = Debug|Any CPU
		{FF08BB88-8987-41F9-9C3E-E8233D3FF6BA}.Release|Any CPU.ActiveCfg = Release|Any CPU
		{FF08BB88-8987-41F9-9C3E-E8233D3FF6BA}.Release|Any CPU.Build.0 = Release|Any CPU
		{FF08BB88-8987-41F9-9C3E-E8233D3FF6BA}.Release|x64.ActiveCfg = Release|Any CPU
		{FF08BB88-8987-41F9-9C3E-E8233D3FF6BA}.Release|x64.Build.0 = Release|Any CPU
		{FF08BB88-8987-41F9-9C3E-E8233D3FF6BA}.Release|x86.ActiveCfg = Release|Any CPU
		{FF08BB88-8987-41F9-9C3E-E8233D3FF6BA}.Release|x86.Build.0 = Release|Any CPU
		{1BB3D4FC-2832-4CA3-BC20-AF10ACBCA090}.Debug|Any CPU.ActiveCfg = Debug|Any CPU
		{1BB3D4FC-2832-4CA3-BC20-AF10ACBCA090}.Debug|Any CPU.Build.0 = Debug|Any CPU
		{1BB3D4FC-2832-4CA3-BC20-AF10ACBCA090}.Debug|x64.ActiveCfg = Debug|Any CPU
		{1BB3D4FC-2832-4CA3-BC20-AF10ACBCA090}.Debug|x64.Build.0 = Debug|Any CPU
		{1BB3D4FC-2832-4CA3-BC20-AF10ACBCA090}.Debug|x86.ActiveCfg = Debug|Any CPU
		{1BB3D4FC-2832-4CA3-BC20-AF10ACBCA090}.Debug|x86.Build.0 = Debug|Any CPU
		{1BB3D4FC-2832-4CA3-BC20-AF10ACBCA090}.Release|Any CPU.ActiveCfg = Release|Any CPU
		{1BB3D4FC-2832-4CA3-BC20-AF10ACBCA090}.Release|Any CPU.Build.0 = Release|Any CPU
		{1BB3D4FC-2832-4CA3-BC20-AF10ACBCA090}.Release|x64.ActiveCfg = Release|Any CPU
		{1BB3D4FC-2832-4CA3-BC20-AF10ACBCA090}.Release|x64.Build.0 = Release|Any CPU
		{1BB3D4FC-2832-4CA3-BC20-AF10ACBCA090}.Release|x86.ActiveCfg = Release|Any CPU
		{1BB3D4FC-2832-4CA3-BC20-AF10ACBCA090}.Release|x86.Build.0 = Release|Any CPU
		{76313B28-037D-4A78-AB40-4DA8316F7D9B}.Debug|Any CPU.ActiveCfg = Debug|Any CPU
		{76313B28-037D-4A78-AB40-4DA8316F7D9B}.Debug|Any CPU.Build.0 = Debug|Any CPU
		{76313B28-037D-4A78-AB40-4DA8316F7D9B}.Debug|x64.ActiveCfg = Debug|Any CPU
		{76313B28-037D-4A78-AB40-4DA8316F7D9B}.Debug|x64.Build.0 = Debug|Any CPU
		{76313B28-037D-4A78-AB40-4DA8316F7D9B}.Debug|x86.ActiveCfg = Debug|Any CPU
		{76313B28-037D-4A78-AB40-4DA8316F7D9B}.Debug|x86.Build.0 = Debug|Any CPU
		{76313B28-037D-4A78-AB40-4DA8316F7D9B}.Release|Any CPU.ActiveCfg = Release|Any CPU
		{76313B28-037D-4A78-AB40-4DA8316F7D9B}.Release|Any CPU.Build.0 = Release|Any CPU
		{76313B28-037D-4A78-AB40-4DA8316F7D9B}.Release|x64.ActiveCfg = Release|Any CPU
		{76313B28-037D-4A78-AB40-4DA8316F7D9B}.Release|x64.Build.0 = Release|Any CPU
		{76313B28-037D-4A78-AB40-4DA8316F7D9B}.Release|x86.ActiveCfg = Release|Any CPU
		{76313B28-037D-4A78-AB40-4DA8316F7D9B}.Release|x86.Build.0 = Release|Any CPU
		{E0AAF04B-E72D-4D1E-892B-9E4C45FD108B}.Debug|Any CPU.ActiveCfg = Debug|Any CPU
		{E0AAF04B-E72D-4D1E-892B-9E4C45FD108B}.Debug|Any CPU.Build.0 = Debug|Any CPU
		{E0AAF04B-E72D-4D1E-892B-9E4C45FD108B}.Debug|x64.ActiveCfg = Debug|Any CPU
		{E0AAF04B-E72D-4D1E-892B-9E4C45FD108B}.Debug|x64.Build.0 = Debug|Any CPU
		{E0AAF04B-E72D-4D1E-892B-9E4C45FD108B}.Debug|x86.ActiveCfg = Debug|Any CPU
		{E0AAF04B-E72D-4D1E-892B-9E4C45FD108B}.Debug|x86.Build.0 = Debug|Any CPU
		{E0AAF04B-E72D-4D1E-892B-9E4C45FD108B}.Release|Any CPU.ActiveCfg = Release|Any CPU
		{E0AAF04B-E72D-4D1E-892B-9E4C45FD108B}.Release|Any CPU.Build.0 = Release|Any CPU
		{E0AAF04B-E72D-4D1E-892B-9E4C45FD108B}.Release|x64.ActiveCfg = Release|Any CPU
		{E0AAF04B-E72D-4D1E-892B-9E4C45FD108B}.Release|x64.Build.0 = Release|Any CPU
		{E0AAF04B-E72D-4D1E-892B-9E4C45FD108B}.Release|x86.ActiveCfg = Release|Any CPU
		{E0AAF04B-E72D-4D1E-892B-9E4C45FD108B}.Release|x86.Build.0 = Release|Any CPU
		{3412203A-AA16-46A4-95B6-DF0A52041452}.Debug|Any CPU.ActiveCfg = Debug|Any CPU
		{3412203A-AA16-46A4-95B6-DF0A52041452}.Debug|Any CPU.Build.0 = Debug|Any CPU
		{3412203A-AA16-46A4-95B6-DF0A52041452}.Debug|x64.ActiveCfg = Debug|Any CPU
		{3412203A-AA16-46A4-95B6-DF0A52041452}.Debug|x64.Build.0 = Debug|Any CPU
		{3412203A-AA16-46A4-95B6-DF0A52041452}.Debug|x86.ActiveCfg = Debug|Any CPU
		{3412203A-AA16-46A4-95B6-DF0A52041452}.Debug|x86.Build.0 = Debug|Any CPU
		{3412203A-AA16-46A4-95B6-DF0A52041452}.Release|Any CPU.ActiveCfg = Release|Any CPU
		{3412203A-AA16-46A4-95B6-DF0A52041452}.Release|Any CPU.Build.0 = Release|Any CPU
		{3412203A-AA16-46A4-95B6-DF0A52041452}.Release|x64.ActiveCfg = Release|Any CPU
		{3412203A-AA16-46A4-95B6-DF0A52041452}.Release|x64.Build.0 = Release|Any CPU
		{3412203A-AA16-46A4-95B6-DF0A52041452}.Release|x86.ActiveCfg = Release|Any CPU
		{3412203A-AA16-46A4-95B6-DF0A52041452}.Release|x86.Build.0 = Release|Any CPU
		{2177BB77-306C-4E0B-978B-567F55160D49}.Debug|Any CPU.ActiveCfg = Debug|Any CPU
		{2177BB77-306C-4E0B-978B-567F55160D49}.Debug|Any CPU.Build.0 = Debug|Any CPU
		{2177BB77-306C-4E0B-978B-567F55160D49}.Debug|x64.ActiveCfg = Debug|Any CPU
		{2177BB77-306C-4E0B-978B-567F55160D49}.Debug|x64.Build.0 = Debug|Any CPU
		{2177BB77-306C-4E0B-978B-567F55160D49}.Debug|x86.ActiveCfg = Debug|Any CPU
		{2177BB77-306C-4E0B-978B-567F55160D49}.Debug|x86.Build.0 = Debug|Any CPU
		{2177BB77-306C-4E0B-978B-567F55160D49}.Release|Any CPU.ActiveCfg = Release|Any CPU
		{2177BB77-306C-4E0B-978B-567F55160D49}.Release|Any CPU.Build.0 = Release|Any CPU
		{2177BB77-306C-4E0B-978B-567F55160D49}.Release|x64.ActiveCfg = Release|Any CPU
		{2177BB77-306C-4E0B-978B-567F55160D49}.Release|x64.Build.0 = Release|Any CPU
		{2177BB77-306C-4E0B-978B-567F55160D49}.Release|x86.ActiveCfg = Release|Any CPU
		{2177BB77-306C-4E0B-978B-567F55160D49}.Release|x86.Build.0 = Release|Any CPU
		{91277923-F810-43ED-8CCC-2ECB55070247}.Debug|Any CPU.ActiveCfg = Debug|Any CPU
		{91277923-F810-43ED-8CCC-2ECB55070247}.Debug|Any CPU.Build.0 = Debug|Any CPU
		{91277923-F810-43ED-8CCC-2ECB55070247}.Debug|x64.ActiveCfg = Debug|Any CPU
		{91277923-F810-43ED-8CCC-2ECB55070247}.Debug|x64.Build.0 = Debug|Any CPU
		{91277923-F810-43ED-8CCC-2ECB55070247}.Debug|x86.ActiveCfg = Debug|Any CPU
		{91277923-F810-43ED-8CCC-2ECB55070247}.Debug|x86.Build.0 = Debug|Any CPU
		{91277923-F810-43ED-8CCC-2ECB55070247}.Release|Any CPU.ActiveCfg = Release|Any CPU
		{91277923-F810-43ED-8CCC-2ECB55070247}.Release|Any CPU.Build.0 = Release|Any CPU
		{91277923-F810-43ED-8CCC-2ECB55070247}.Release|x64.ActiveCfg = Release|Any CPU
		{91277923-F810-43ED-8CCC-2ECB55070247}.Release|x64.Build.0 = Release|Any CPU
		{91277923-F810-43ED-8CCC-2ECB55070247}.Release|x86.ActiveCfg = Release|Any CPU
		{91277923-F810-43ED-8CCC-2ECB55070247}.Release|x86.Build.0 = Release|Any CPU
		{FAAB2062-57C7-4CB3-9B59-ED81C84D1178}.Debug|Any CPU.ActiveCfg = Debug|Any CPU
		{FAAB2062-57C7-4CB3-9B59-ED81C84D1178}.Debug|Any CPU.Build.0 = Debug|Any CPU
		{FAAB2062-57C7-4CB3-9B59-ED81C84D1178}.Debug|x64.ActiveCfg = Debug|Any CPU
		{FAAB2062-57C7-4CB3-9B59-ED81C84D1178}.Debug|x64.Build.0 = Debug|Any CPU
		{FAAB2062-57C7-4CB3-9B59-ED81C84D1178}.Debug|x86.ActiveCfg = Debug|Any CPU
		{FAAB2062-57C7-4CB3-9B59-ED81C84D1178}.Debug|x86.Build.0 = Debug|Any CPU
		{FAAB2062-57C7-4CB3-9B59-ED81C84D1178}.Release|Any CPU.ActiveCfg = Release|Any CPU
		{FAAB2062-57C7-4CB3-9B59-ED81C84D1178}.Release|Any CPU.Build.0 = Release|Any CPU
		{FAAB2062-57C7-4CB3-9B59-ED81C84D1178}.Release|x64.ActiveCfg = Release|Any CPU
		{FAAB2062-57C7-4CB3-9B59-ED81C84D1178}.Release|x64.Build.0 = Release|Any CPU
		{FAAB2062-57C7-4CB3-9B59-ED81C84D1178}.Release|x86.ActiveCfg = Release|Any CPU
		{FAAB2062-57C7-4CB3-9B59-ED81C84D1178}.Release|x86.Build.0 = Release|Any CPU
		{88BF2182-0C49-4FBE-94A1-1150C41CBA0B}.Debug|Any CPU.ActiveCfg = Debug|Any CPU
		{88BF2182-0C49-4FBE-94A1-1150C41CBA0B}.Debug|Any CPU.Build.0 = Debug|Any CPU
		{88BF2182-0C49-4FBE-94A1-1150C41CBA0B}.Debug|x64.ActiveCfg = Debug|Any CPU
		{88BF2182-0C49-4FBE-94A1-1150C41CBA0B}.Debug|x64.Build.0 = Debug|Any CPU
		{88BF2182-0C49-4FBE-94A1-1150C41CBA0B}.Debug|x86.ActiveCfg = Debug|Any CPU
		{88BF2182-0C49-4FBE-94A1-1150C41CBA0B}.Debug|x86.Build.0 = Debug|Any CPU
		{88BF2182-0C49-4FBE-94A1-1150C41CBA0B}.Release|Any CPU.ActiveCfg = Release|Any CPU
		{88BF2182-0C49-4FBE-94A1-1150C41CBA0B}.Release|Any CPU.Build.0 = Release|Any CPU
		{88BF2182-0C49-4FBE-94A1-1150C41CBA0B}.Release|x64.ActiveCfg = Release|Any CPU
		{88BF2182-0C49-4FBE-94A1-1150C41CBA0B}.Release|x64.Build.0 = Release|Any CPU
		{88BF2182-0C49-4FBE-94A1-1150C41CBA0B}.Release|x86.ActiveCfg = Release|Any CPU
		{88BF2182-0C49-4FBE-94A1-1150C41CBA0B}.Release|x86.Build.0 = Release|Any CPU
		{64C59B11-498B-4F0E-A8CD-DE8762D2861E}.Debug|Any CPU.ActiveCfg = Debug|Any CPU
		{64C59B11-498B-4F0E-A8CD-DE8762D2861E}.Debug|Any CPU.Build.0 = Debug|Any CPU
		{64C59B11-498B-4F0E-A8CD-DE8762D2861E}.Debug|x64.ActiveCfg = Debug|Any CPU
		{64C59B11-498B-4F0E-A8CD-DE8762D2861E}.Debug|x64.Build.0 = Debug|Any CPU
		{64C59B11-498B-4F0E-A8CD-DE8762D2861E}.Debug|x86.ActiveCfg = Debug|Any CPU
		{64C59B11-498B-4F0E-A8CD-DE8762D2861E}.Debug|x86.Build.0 = Debug|Any CPU
		{64C59B11-498B-4F0E-A8CD-DE8762D2861E}.Release|Any CPU.ActiveCfg = Release|Any CPU
		{64C59B11-498B-4F0E-A8CD-DE8762D2861E}.Release|Any CPU.Build.0 = Release|Any CPU
		{64C59B11-498B-4F0E-A8CD-DE8762D2861E}.Release|x64.ActiveCfg = Release|Any CPU
		{64C59B11-498B-4F0E-A8CD-DE8762D2861E}.Release|x64.Build.0 = Release|Any CPU
		{64C59B11-498B-4F0E-A8CD-DE8762D2861E}.Release|x86.ActiveCfg = Release|Any CPU
		{64C59B11-498B-4F0E-A8CD-DE8762D2861E}.Release|x86.Build.0 = Release|Any CPU
		{B6B7D43B-AFC1-4B73-989E-B45EF5AE5CD3}.Debug|Any CPU.ActiveCfg = Debug|Any CPU
		{B6B7D43B-AFC1-4B73-989E-B45EF5AE5CD3}.Debug|Any CPU.Build.0 = Debug|Any CPU
		{B6B7D43B-AFC1-4B73-989E-B45EF5AE5CD3}.Debug|x64.ActiveCfg = Debug|Any CPU
		{B6B7D43B-AFC1-4B73-989E-B45EF5AE5CD3}.Debug|x64.Build.0 = Debug|Any CPU
		{B6B7D43B-AFC1-4B73-989E-B45EF5AE5CD3}.Debug|x86.ActiveCfg = Debug|Any CPU
		{B6B7D43B-AFC1-4B73-989E-B45EF5AE5CD3}.Debug|x86.Build.0 = Debug|Any CPU
		{B6B7D43B-AFC1-4B73-989E-B45EF5AE5CD3}.Release|Any CPU.ActiveCfg = Release|Any CPU
		{B6B7D43B-AFC1-4B73-989E-B45EF5AE5CD3}.Release|Any CPU.Build.0 = Release|Any CPU
		{B6B7D43B-AFC1-4B73-989E-B45EF5AE5CD3}.Release|x64.ActiveCfg = Release|Any CPU
		{B6B7D43B-AFC1-4B73-989E-B45EF5AE5CD3}.Release|x64.Build.0 = Release|Any CPU
		{B6B7D43B-AFC1-4B73-989E-B45EF5AE5CD3}.Release|x86.ActiveCfg = Release|Any CPU
		{B6B7D43B-AFC1-4B73-989E-B45EF5AE5CD3}.Release|x86.Build.0 = Release|Any CPU
		{5F7360CE-4E65-411A-B534-A22DCC706D12}.Debug|Any CPU.ActiveCfg = Debug|Any CPU
		{5F7360CE-4E65-411A-B534-A22DCC706D12}.Debug|Any CPU.Build.0 = Debug|Any CPU
		{5F7360CE-4E65-411A-B534-A22DCC706D12}.Debug|x64.ActiveCfg = Debug|Any CPU
		{5F7360CE-4E65-411A-B534-A22DCC706D12}.Debug|x64.Build.0 = Debug|Any CPU
		{5F7360CE-4E65-411A-B534-A22DCC706D12}.Debug|x86.ActiveCfg = Debug|Any CPU
		{5F7360CE-4E65-411A-B534-A22DCC706D12}.Debug|x86.Build.0 = Debug|Any CPU
		{5F7360CE-4E65-411A-B534-A22DCC706D12}.Release|Any CPU.ActiveCfg = Release|Any CPU
		{5F7360CE-4E65-411A-B534-A22DCC706D12}.Release|Any CPU.Build.0 = Release|Any CPU
		{5F7360CE-4E65-411A-B534-A22DCC706D12}.Release|x64.ActiveCfg = Release|Any CPU
		{5F7360CE-4E65-411A-B534-A22DCC706D12}.Release|x64.Build.0 = Release|Any CPU
		{5F7360CE-4E65-411A-B534-A22DCC706D12}.Release|x86.ActiveCfg = Release|Any CPU
		{5F7360CE-4E65-411A-B534-A22DCC706D12}.Release|x86.Build.0 = Release|Any CPU
		{619D0070-2224-4FAF-AEDD-10151C13B001}.Debug|Any CPU.ActiveCfg = Debug|Any CPU
		{619D0070-2224-4FAF-AEDD-10151C13B001}.Debug|Any CPU.Build.0 = Debug|Any CPU
		{619D0070-2224-4FAF-AEDD-10151C13B001}.Debug|x64.ActiveCfg = Debug|Any CPU
		{619D0070-2224-4FAF-AEDD-10151C13B001}.Debug|x64.Build.0 = Debug|Any CPU
		{619D0070-2224-4FAF-AEDD-10151C13B001}.Debug|x86.ActiveCfg = Debug|Any CPU
		{619D0070-2224-4FAF-AEDD-10151C13B001}.Debug|x86.Build.0 = Debug|Any CPU
		{619D0070-2224-4FAF-AEDD-10151C13B001}.Release|Any CPU.ActiveCfg = Release|Any CPU
		{619D0070-2224-4FAF-AEDD-10151C13B001}.Release|Any CPU.Build.0 = Release|Any CPU
		{619D0070-2224-4FAF-AEDD-10151C13B001}.Release|x64.ActiveCfg = Release|Any CPU
		{619D0070-2224-4FAF-AEDD-10151C13B001}.Release|x64.Build.0 = Release|Any CPU
		{619D0070-2224-4FAF-AEDD-10151C13B001}.Release|x86.ActiveCfg = Release|Any CPU
		{619D0070-2224-4FAF-AEDD-10151C13B001}.Release|x86.Build.0 = Release|Any CPU
		{27EC9B2A-D7F5-4EFB-B047-4E89D68ADEF2}.Debug|Any CPU.ActiveCfg = Debug|Any CPU
		{27EC9B2A-D7F5-4EFB-B047-4E89D68ADEF2}.Debug|Any CPU.Build.0 = Debug|Any CPU
		{27EC9B2A-D7F5-4EFB-B047-4E89D68ADEF2}.Debug|x64.ActiveCfg = Debug|Any CPU
		{27EC9B2A-D7F5-4EFB-B047-4E89D68ADEF2}.Debug|x64.Build.0 = Debug|Any CPU
		{27EC9B2A-D7F5-4EFB-B047-4E89D68ADEF2}.Debug|x86.ActiveCfg = Debug|Any CPU
		{27EC9B2A-D7F5-4EFB-B047-4E89D68ADEF2}.Debug|x86.Build.0 = Debug|Any CPU
		{27EC9B2A-D7F5-4EFB-B047-4E89D68ADEF2}.Release|Any CPU.ActiveCfg = Release|Any CPU
		{27EC9B2A-D7F5-4EFB-B047-4E89D68ADEF2}.Release|Any CPU.Build.0 = Release|Any CPU
		{27EC9B2A-D7F5-4EFB-B047-4E89D68ADEF2}.Release|x64.ActiveCfg = Release|Any CPU
		{27EC9B2A-D7F5-4EFB-B047-4E89D68ADEF2}.Release|x64.Build.0 = Release|Any CPU
		{27EC9B2A-D7F5-4EFB-B047-4E89D68ADEF2}.Release|x86.ActiveCfg = Release|Any CPU
		{27EC9B2A-D7F5-4EFB-B047-4E89D68ADEF2}.Release|x86.Build.0 = Release|Any CPU
		{B2961EDE-AB22-40C3-9589-C3C3DDAB249B}.Debug|Any CPU.ActiveCfg = Debug|Any CPU
		{B2961EDE-AB22-40C3-9589-C3C3DDAB249B}.Debug|Any CPU.Build.0 = Debug|Any CPU
		{B2961EDE-AB22-40C3-9589-C3C3DDAB249B}.Debug|x64.ActiveCfg = Debug|Any CPU
		{B2961EDE-AB22-40C3-9589-C3C3DDAB249B}.Debug|x64.Build.0 = Debug|Any CPU
		{B2961EDE-AB22-40C3-9589-C3C3DDAB249B}.Debug|x86.ActiveCfg = Debug|Any CPU
		{B2961EDE-AB22-40C3-9589-C3C3DDAB249B}.Debug|x86.Build.0 = Debug|Any CPU
		{B2961EDE-AB22-40C3-9589-C3C3DDAB249B}.Release|Any CPU.ActiveCfg = Release|Any CPU
		{B2961EDE-AB22-40C3-9589-C3C3DDAB249B}.Release|Any CPU.Build.0 = Release|Any CPU
		{B2961EDE-AB22-40C3-9589-C3C3DDAB249B}.Release|x64.ActiveCfg = Release|Any CPU
		{B2961EDE-AB22-40C3-9589-C3C3DDAB249B}.Release|x64.Build.0 = Release|Any CPU
		{B2961EDE-AB22-40C3-9589-C3C3DDAB249B}.Release|x86.ActiveCfg = Release|Any CPU
		{B2961EDE-AB22-40C3-9589-C3C3DDAB249B}.Release|x86.Build.0 = Release|Any CPU
	EndGlobalSection
	GlobalSection(SolutionProperties) = preSolution
		HideSolutionNode = FALSE
	EndGlobalSection
	GlobalSection(NestedProjects) = preSolution
		{71580021-10AD-49C4-95F9-826229D01B2F} = {881589EE-639B-0A35-DBCE-5D94E4FC90C0}
		{56FBFDD7-4DD0-B7FE-2F8D-7C2738E87CCB} = {CA253913-39DE-BFD0-C9A3-4B7EC6FBDF17}
		{1CC73FBE-3752-D917-C716-B953B0D3DD5A} = {56FBFDD7-4DD0-B7FE-2F8D-7C2738E87CCB}
		{60F25D3F-412D-4A1C-9780-9298D80FEF11} = {1CC73FBE-3752-D917-C716-B953B0D3DD5A}
		{958840BA-AB59-4277-913E-92821C524DCD} = {1CC73FBE-3752-D917-C716-B953B0D3DD5A}
		{C5EDDAC3-2DC6-4D25-B620-25F95499294A} = {1CC73FBE-3752-D917-C716-B953B0D3DD5A}
		{FDCC5A84-6025-B470-2256-AD2083B884AA} = {56FBFDD7-4DD0-B7FE-2F8D-7C2738E87CCB}
		{A7FB6254-B143-4476-BF84-F43B4BE65524} = {FDCC5A84-6025-B470-2256-AD2083B884AA}
		{6F8A1F19-A270-4272-B596-4058BE40B90B} = {FDCC5A84-6025-B470-2256-AD2083B884AA}
		{FCB680DC-8429-0E72-1A56-CF0BF525F7B0} = {56FBFDD7-4DD0-B7FE-2F8D-7C2738E87CCB}
		{FF2465D2-EB12-4227-BBCB-1D35F8B9E92D} = {FCB680DC-8429-0E72-1A56-CF0BF525F7B0}
		{FF3AFE86-F934-43A6-B4C8-D74B5E18B91D} = {FCB680DC-8429-0E72-1A56-CF0BF525F7B0}
		{3D0E2B6A-965A-24ED-6FD7-87E6626826D3} = {CA253913-39DE-BFD0-C9A3-4B7EC6FBDF17}
		{5E97945B-FEDB-169F-49B0-03EA909327AE} = {3D0E2B6A-965A-24ED-6FD7-87E6626826D3}
		{209B439A-607B-4F7D-A9BD-4CDA42C8D310} = {5E97945B-FEDB-169F-49B0-03EA909327AE}
		{193FD817-9121-4B86-AB69-017D6B19DE7C} = {5E97945B-FEDB-169F-49B0-03EA909327AE}
		{FF08BB88-8987-41F9-9C3E-E8233D3FF6BA} = {5E97945B-FEDB-169F-49B0-03EA909327AE}
		{541965AE-7891-C1C0-EA31-E07329543DC2} = {3D0E2B6A-965A-24ED-6FD7-87E6626826D3}
		{1BB3D4FC-2832-4CA3-BC20-AF10ACBCA090} = {541965AE-7891-C1C0-EA31-E07329543DC2}
		{76313B28-037D-4A78-AB40-4DA8316F7D9B} = {541965AE-7891-C1C0-EA31-E07329543DC2}
		{AC938478-7905-A4DE-3D16-BA7983CAB5D7} = {3D0E2B6A-965A-24ED-6FD7-87E6626826D3}
		{E0AAF04B-E72D-4D1E-892B-9E4C45FD108B} = {AC938478-7905-A4DE-3D16-BA7983CAB5D7}
		{3412203A-AA16-46A4-95B6-DF0A52041452} = {AC938478-7905-A4DE-3D16-BA7983CAB5D7}
		{F4257646-79FE-4606-7053-C991C78B3BA4} = {CA253913-39DE-BFD0-C9A3-4B7EC6FBDF17}
		{DDD777B6-5501-AA3E-330B-35C1D0390F4D} = {F4257646-79FE-4606-7053-C991C78B3BA4}
		{2177BB77-306C-4E0B-978B-567F55160D49} = {DDD777B6-5501-AA3E-330B-35C1D0390F4D}
		{91277923-F810-43ED-8CCC-2ECB55070247} = {DDD777B6-5501-AA3E-330B-35C1D0390F4D}
		{FAAB2062-57C7-4CB3-9B59-ED81C84D1178} = {DDD777B6-5501-AA3E-330B-35C1D0390F4D}
		{AEDEA1D2-9A7C-6CA1-B986-6616DFB985D5} = {F4257646-79FE-4606-7053-C991C78B3BA4}
		{88BF2182-0C49-4FBE-94A1-1150C41CBA0B} = {AEDEA1D2-9A7C-6CA1-B986-6616DFB985D5}
		{64C59B11-498B-4F0E-A8CD-DE8762D2861E} = {AEDEA1D2-9A7C-6CA1-B986-6616DFB985D5}
		{D0814F77-8861-44C3-DA37-8F7A9F9C34E5} = {F4257646-79FE-4606-7053-C991C78B3BA4}
		{B6B7D43B-AFC1-4B73-989E-B45EF5AE5CD3} = {D0814F77-8861-44C3-DA37-8F7A9F9C34E5}
		{5F7360CE-4E65-411A-B534-A22DCC706D12} = {D0814F77-8861-44C3-DA37-8F7A9F9C34E5}
		{619D0070-2224-4FAF-AEDD-10151C13B001} = {06CFFD70-14AA-A959-A3BA-1B15D094E3B1}
		{27EC9B2A-D7F5-4EFB-B047-4E89D68ADEF2} = {06CFFD70-14AA-A959-A3BA-1B15D094E3B1}
		{B2961EDE-AB22-40C3-9589-C3C3DDAB249B} = {5854FF58-B8C5-05C6-5BF2-ACE42193F22B}
	EndGlobalSection
EndGlobal
