
Microsoft Visual Studio Solution File, Format Version 12.00
# Visual Studio Version 17
VisualStudioVersion = 17.0.31903.59
MinimumVisualStudioVersion = 10.0.40219.1
Project("{2150E333-8FDC-42A3-9474-1A3956D46DE8}") = "Common", "Common", "{5F8DE177-A466-4743-B48F-B7D1AF5AFE13}"
EndProject
Project("{FAE04EC0-301F-11D3-BF4B-00C04F79EFBC}") = "QuickCode.Demo.Common", "Common\QuickCode.Demo.Common\QuickCode.Demo.Common.csproj", "{0F368F9A-C7DF-4523-8CEC-16E07A1DC7BD}"
EndProject
Project("{2150E333-8FDC-42A3-9474-1A3956D46DE8}") = "Modules", "Modules", "{AD332CBF-893A-4465-B27A-DA012CED8A83}"
EndProject
Project("{2150E333-8FDC-42A3-9474-1A3956D46DE8}") = "UserManagerModule", "UserManagerModule", "{29E85AAD-748F-4F8A-A4C8-9BF69DCBB919}"
EndProject
Project("{2150E333-8FDC-42A3-9474-1A3956D46DE8}") = "Core", "Core", "{54C05DD8-66AA-42FF-AA43-FDD391EB433C}"
EndProject
Project("{FAE04EC0-301F-11D3-BF4B-00C04F79EFBC}") = "QuickCode.Demo.UserManagerModule.Application", "Modules\UserManagerModule\Core\QuickCode.Demo.UserManagerModule.Application\QuickCode.Demo.UserManagerModule.Application.csproj", "{C449A043-2350-46AD-BE7C-C2652C56AD7A}"
EndProject
Project("{FAE04EC0-301F-11D3-BF4B-00C04F79EFBC}") = "QuickCode.Demo.UserManagerModule.Domain", "Modules\UserManagerModule\Core\QuickCode.Demo.UserManagerModule.Domain\QuickCode.Demo.UserManagerModule.Domain.csproj", "{E2839543-758C-4A2F-B7C0-959AA108CF29}"
EndProject
Project("{2150E333-8FDC-42A3-9474-1A3956D46DE8}") = "Infrastructure", "Infrastructure", "{88C4B7E0-67D7-419E-8E7F-F984FF4C49B1}"
EndProject
Project("{FAE04EC0-301F-11D3-BF4B-00C04F79EFBC}") = "QuickCode.Demo.UserManagerModule.Persistence", "Modules\UserManagerModule\Infrastructure\QuickCode.Demo.UserManagerModule.Persistence\QuickCode.Demo.UserManagerModule.Persistence.csproj", "{C4233F4C-335E-49C1-89D1-9CAAC97C68CD}"
EndProject
Project("{2150E333-8FDC-42A3-9474-1A3956D46DE8}") = "Presentation", "Presentation", "{1EC809E2-949F-4073-AE31-C79D69B94CB7}"
EndProject
Project("{FAE04EC0-301F-11D3-BF4B-00C04F79EFBC}") = "QuickCode.Demo.UserManagerModule.Api", "Modules\UserManagerModule\Presentation\QuickCode.Demo.UserManagerModule.Api\QuickCode.Demo.UserManagerModule.Api.csproj", "{EF9903D0-EC0C-485F-B587-69201122FA09}"
EndProject
Project("{2150E333-8FDC-42A3-9474-1A3956D46DE8}") = "EmailManagerModule", "EmailManagerModule", "{0FE3EA2B-E39D-4E47-85B6-02AE74341EE3}"
EndProject
Project("{2150E333-8FDC-42A3-9474-1A3956D46DE8}") = "Core", "Core", "{8094293A-A49F-466C-9E98-07C52D4E6A99}"
EndProject
Project("{FAE04EC0-301F-11D3-BF4B-00C04F79EFBC}") = "QuickCode.Demo.EmailManagerModule.Application", "Modules\EmailManagerModule\Core\QuickCode.Demo.EmailManagerModule.Application\QuickCode.Demo.EmailManagerModule.Application.csproj", "{C962EB28-9C43-437D-B4D5-913EB355772A}"
EndProject
Project("{FAE04EC0-301F-11D3-BF4B-00C04F79EFBC}") = "QuickCode.Demo.EmailManagerModule.Domain", "Modules\EmailManagerModule\Core\QuickCode.Demo.EmailManagerModule.Domain\QuickCode.Demo.EmailManagerModule.Domain.csproj", "{404E4CFF-6E47-421F-8E90-9C739BC5EB58}"
EndProject
Project("{2150E333-8FDC-42A3-9474-1A3956D46DE8}") = "Infrastructure", "Infrastructure", "{941DA4E2-D036-4364-9FE8-AC10C653C997}"
EndProject
Project("{FAE04EC0-301F-11D3-BF4B-00C04F79EFBC}") = "QuickCode.Demo.EmailManagerModule.Persistence", "Modules\EmailManagerModule\Infrastructure\QuickCode.Demo.EmailManagerModule.Persistence\QuickCode.Demo.EmailManagerModule.Persistence.csproj", "{F3D95717-CBE1-421A-B313-4ECC79578990}"
EndProject
Project("{2150E333-8FDC-42A3-9474-1A3956D46DE8}") = "Presentation", "Presentation", "{9CFF93B8-CDA4-4076-9E26-E96CCCCB5AA5}"
EndProject
Project("{FAE04EC0-301F-11D3-BF4B-00C04F79EFBC}") = "QuickCode.Demo.EmailManagerModule.Api", "Modules\EmailManagerModule\Presentation\QuickCode.Demo.EmailManagerModule.Api\QuickCode.Demo.EmailManagerModule.Api.csproj", "{4539E53A-0C93-428B-B4BC-CFBE98C4F059}"
EndProject
Project("{2150E333-8FDC-42A3-9474-1A3956D46DE8}") = "SmsManagerModule", "SmsManagerModule", "{DA6348F9-8461-420F-A287-515C1FB1854A}"
EndProject
Project("{2150E333-8FDC-42A3-9474-1A3956D46DE8}") = "Core", "Core", "{060A3D14-0D6E-443B-B06F-2ACCBCF2F695}"
EndProject
Project("{FAE04EC0-301F-11D3-BF4B-00C04F79EFBC}") = "QuickCode.Demo.SmsManagerModule.Application", "Modules\SmsManagerModule\Core\QuickCode.Demo.SmsManagerModule.Application\QuickCode.Demo.SmsManagerModule.Application.csproj", "{EE7BF5CD-ECC1-45B7-A959-0D8145D9A9D0}"
EndProject
Project("{FAE04EC0-301F-11D3-BF4B-00C04F79EFBC}") = "QuickCode.Demo.SmsManagerModule.Domain", "Modules\SmsManagerModule\Core\QuickCode.Demo.SmsManagerModule.Domain\QuickCode.Demo.SmsManagerModule.Domain.csproj", "{197E0767-7213-40C4-B61E-B7EBE686EAC3}"
EndProject
Project("{2150E333-8FDC-42A3-9474-1A3956D46DE8}") = "Infrastructure", "Infrastructure", "{77E68654-391E-4E8C-A4E1-7917FEC4F56F}"
EndProject
Project("{FAE04EC0-301F-11D3-BF4B-00C04F79EFBC}") = "QuickCode.Demo.SmsManagerModule.Persistence", "Modules\SmsManagerModule\Infrastructure\QuickCode.Demo.SmsManagerModule.Persistence\QuickCode.Demo.SmsManagerModule.Persistence.csproj", "{D1027B6F-C1E3-41BE-A61C-ADFDAFC40329}"
EndProject
Project("{2150E333-8FDC-42A3-9474-1A3956D46DE8}") = "Presentation", "Presentation", "{8D405E84-3AFA-4D57-8B81-3584BC05FBE5}"
EndProject
Project("{FAE04EC0-301F-11D3-BF4B-00C04F79EFBC}") = "QuickCode.Demo.SmsManagerModule.Api", "Modules\SmsManagerModule\Presentation\QuickCode.Demo.SmsManagerModule.Api\QuickCode.Demo.SmsManagerModule.Api.csproj", "{F99A5561-8FC8-4EF5-B881-B162B21B0AA3}"
EndProject
Project("{2150E333-8FDC-42A3-9474-1A3956D46DE8}") = "Presentation", "Presentation", "{8C8A2EBE-F403-4AC1-BC02-69187A9FC58F}"
EndProject
Project("{FAE04EC0-301F-11D3-BF4B-00C04F79EFBC}") = "QuickCode.Demo.Gateway", "Presentation\QuickCode.Demo.Gateway\QuickCode.Demo.Gateway.csproj", "{6764C6DE-B5CB-4097-A861-BA5CE0C13265}"
EndProject
Project("{FAE04EC0-301F-11D3-BF4B-00C04F79EFBC}") = "QuickCode.Demo.Portal", "Presentation\QuickCode.Demo.Portal\QuickCode.Demo.Portal.csproj", "{37CA53A0-21D4-493E-BCC9-FBEDAEE7F31F}"
EndProject
Project("{2150E333-8FDC-42A3-9474-1A3956D46DE8}") = "Services", "Services", "{76AD7957-5B16-49D5-A2DE-2FCCDB15F866}"
EndProject
Project("{FAE04EC0-301F-11D3-BF4B-00C04F79EFBC}") = "QuickCode.Demo.EventListenerService", "Services\QuickCode.Demo.EventListenerService\QuickCode.Demo.EventListenerService.csproj", "{F869D118-4D37-4926-83C2-D5B0294A58AF}"
EndProject
Global
	GlobalSection(SolutionConfigurationPlatforms) = preSolution
		Debug|Any CPU = Debug|Any CPU
		Release|Any CPU = Release|Any CPU
	EndGlobalSection
	GlobalSection(SolutionProperties) = preSolution
		HideSolutionNode = FALSE
	EndGlobalSection
	GlobalSection(ProjectConfigurationPlatforms) = postSolution
		{0F368F9A-C7DF-4523-8CEC-16E07A1DC7BD}.Debug|Any CPU.ActiveCfg = Debug|Any CPU
		{0F368F9A-C7DF-4523-8CEC-16E07A1DC7BD}.Debug|Any CPU.Build.0 = Debug|Any CPU
		{0F368F9A-C7DF-4523-8CEC-16E07A1DC7BD}.Release|Any CPU.ActiveCfg = Release|Any CPU
		{0F368F9A-C7DF-4523-8CEC-16E07A1DC7BD}.Release|Any CPU.Build.0 = Release|Any CPU
		{C449A043-2350-46AD-BE7C-C2652C56AD7A}.Debug|Any CPU.ActiveCfg = Debug|Any CPU
		{C449A043-2350-46AD-BE7C-C2652C56AD7A}.Debug|Any CPU.Build.0 = Debug|Any CPU
		{C449A043-2350-46AD-BE7C-C2652C56AD7A}.Release|Any CPU.ActiveCfg = Release|Any CPU
		{C449A043-2350-46AD-BE7C-C2652C56AD7A}.Release|Any CPU.Build.0 = Release|Any CPU
		{E2839543-758C-4A2F-B7C0-959AA108CF29}.Debug|Any CPU.ActiveCfg = Debug|Any CPU
		{E2839543-758C-4A2F-B7C0-959AA108CF29}.Debug|Any CPU.Build.0 = Debug|Any CPU
		{E2839543-758C-4A2F-B7C0-959AA108CF29}.Release|Any CPU.ActiveCfg = Release|Any CPU
		{E2839543-758C-4A2F-B7C0-959AA108CF29}.Release|Any CPU.Build.0 = Release|Any CPU
		{C4233F4C-335E-49C1-89D1-9CAAC97C68CD}.Debug|Any CPU.ActiveCfg = Debug|Any CPU
		{C4233F4C-335E-49C1-89D1-9CAAC97C68CD}.Debug|Any CPU.Build.0 = Debug|Any CPU
		{C4233F4C-335E-49C1-89D1-9CAAC97C68CD}.Release|Any CPU.ActiveCfg = Release|Any CPU
		{C4233F4C-335E-49C1-89D1-9CAAC97C68CD}.Release|Any CPU.Build.0 = Release|Any CPU
		{EF9903D0-EC0C-485F-B587-69201122FA09}.Debug|Any CPU.ActiveCfg = Debug|Any CPU
		{EF9903D0-EC0C-485F-B587-69201122FA09}.Debug|Any CPU.Build.0 = Debug|Any CPU
		{EF9903D0-EC0C-485F-B587-69201122FA09}.Release|Any CPU.ActiveCfg = Release|Any CPU
		{EF9903D0-EC0C-485F-B587-69201122FA09}.Release|Any CPU.Build.0 = Release|Any CPU
		{C962EB28-9C43-437D-B4D5-913EB355772A}.Debug|Any CPU.ActiveCfg = Debug|Any CPU
		{C962EB28-9C43-437D-B4D5-913EB355772A}.Debug|Any CPU.Build.0 = Debug|Any CPU
		{C962EB28-9C43-437D-B4D5-913EB355772A}.Release|Any CPU.ActiveCfg = Release|Any CPU
		{C962EB28-9C43-437D-B4D5-913EB355772A}.Release|Any CPU.Build.0 = Release|Any CPU
		{404E4CFF-6E47-421F-8E90-9C739BC5EB58}.Debug|Any CPU.ActiveCfg = Debug|Any CPU
		{404E4CFF-6E47-421F-8E90-9C739BC5EB58}.Debug|Any CPU.Build.0 = Debug|Any CPU
		{404E4CFF-6E47-421F-8E90-9C739BC5EB58}.Release|Any CPU.ActiveCfg = Release|Any CPU
		{404E4CFF-6E47-421F-8E90-9C739BC5EB58}.Release|Any CPU.Build.0 = Release|Any CPU
		{F3D95717-CBE1-421A-B313-4ECC79578990}.Debug|Any CPU.ActiveCfg = Debug|Any CPU
		{F3D95717-CBE1-421A-B313-4ECC79578990}.Debug|Any CPU.Build.0 = Debug|Any CPU
		{F3D95717-CBE1-421A-B313-4ECC79578990}.Release|Any CPU.ActiveCfg = Release|Any CPU
		{F3D95717-CBE1-421A-B313-4ECC79578990}.Release|Any CPU.Build.0 = Release|Any CPU
		{4539E53A-0C93-428B-B4BC-CFBE98C4F059}.Debug|Any CPU.ActiveCfg = Debug|Any CPU
		{4539E53A-0C93-428B-B4BC-CFBE98C4F059}.Debug|Any CPU.Build.0 = Debug|Any CPU
		{4539E53A-0C93-428B-B4BC-CFBE98C4F059}.Release|Any CPU.ActiveCfg = Release|Any CPU
		{4539E53A-0C93-428B-B4BC-CFBE98C4F059}.Release|Any CPU.Build.0 = Release|Any CPU
		{EE7BF5CD-ECC1-45B7-A959-0D8145D9A9D0}.Debug|Any CPU.ActiveCfg = Debug|Any CPU
		{EE7BF5CD-ECC1-45B7-A959-0D8145D9A9D0}.Debug|Any CPU.Build.0 = Debug|Any CPU
		{EE7BF5CD-ECC1-45B7-A959-0D8145D9A9D0}.Release|Any CPU.ActiveCfg = Release|Any CPU
		{EE7BF5CD-ECC1-45B7-A959-0D8145D9A9D0}.Release|Any CPU.Build.0 = Release|Any CPU
		{197E0767-7213-40C4-B61E-B7EBE686EAC3}.Debug|Any CPU.ActiveCfg = Debug|Any CPU
		{197E0767-7213-40C4-B61E-B7EBE686EAC3}.Debug|Any CPU.Build.0 = Debug|Any CPU
		{197E0767-7213-40C4-B61E-B7EBE686EAC3}.Release|Any CPU.ActiveCfg = Release|Any CPU
		{197E0767-7213-40C4-B61E-B7EBE686EAC3}.Release|Any CPU.Build.0 = Release|Any CPU
		{D1027B6F-C1E3-41BE-A61C-ADFDAFC40329}.Debug|Any CPU.ActiveCfg = Debug|Any CPU
		{D1027B6F-C1E3-41BE-A61C-ADFDAFC40329}.Debug|Any CPU.Build.0 = Debug|Any CPU
		{D1027B6F-C1E3-41BE-A61C-ADFDAFC40329}.Release|Any CPU.ActiveCfg = Release|Any CPU
		{D1027B6F-C1E3-41BE-A61C-ADFDAFC40329}.Release|Any CPU.Build.0 = Release|Any CPU
		{F99A5561-8FC8-4EF5-B881-B162B21B0AA3}.Debug|Any CPU.ActiveCfg = Debug|Any CPU
		{F99A5561-8FC8-4EF5-B881-B162B21B0AA3}.Debug|Any CPU.Build.0 = Debug|Any CPU
		{F99A5561-8FC8-4EF5-B881-B162B21B0AA3}.Release|Any CPU.ActiveCfg = Release|Any CPU
		{F99A5561-8FC8-4EF5-B881-B162B21B0AA3}.Release|Any CPU.Build.0 = Release|Any CPU
		{6764C6DE-B5CB-4097-A861-BA5CE0C13265}.Debug|Any CPU.ActiveCfg = Debug|Any CPU
		{6764C6DE-B5CB-4097-A861-BA5CE0C13265}.Debug|Any CPU.Build.0 = Debug|Any CPU
		{6764C6DE-B5CB-4097-A861-BA5CE0C13265}.Release|Any CPU.ActiveCfg = Release|Any CPU
		{6764C6DE-B5CB-4097-A861-BA5CE0C13265}.Release|Any CPU.Build.0 = Release|Any CPU
		{37CA53A0-21D4-493E-BCC9-FBEDAEE7F31F}.Debug|Any CPU.ActiveCfg = Debug|Any CPU
		{37CA53A0-21D4-493E-BCC9-FBEDAEE7F31F}.Debug|Any CPU.Build.0 = Debug|Any CPU
		{37CA53A0-21D4-493E-BCC9-FBEDAEE7F31F}.Release|Any CPU.ActiveCfg = Release|Any CPU
		{37CA53A0-21D4-493E-BCC9-FBEDAEE7F31F}.Release|Any CPU.Build.0 = Release|Any CPU
		{F869D118-4D37-4926-83C2-D5B0294A58AF}.Debug|Any CPU.ActiveCfg = Debug|Any CPU
		{F869D118-4D37-4926-83C2-D5B0294A58AF}.Debug|Any CPU.Build.0 = Debug|Any CPU
		{F869D118-4D37-4926-83C2-D5B0294A58AF}.Release|Any CPU.ActiveCfg = Release|Any CPU
		{F869D118-4D37-4926-83C2-D5B0294A58AF}.Release|Any CPU.Build.0 = Release|Any CPU
	EndGlobalSection
	GlobalSection(NestedProjects) = preSolution
		{0F368F9A-C7DF-4523-8CEC-16E07A1DC7BD} = {5F8DE177-A466-4743-B48F-B7D1AF5AFE13}
		{29E85AAD-748F-4F8A-A4C8-9BF69DCBB919} = {AD332CBF-893A-4465-B27A-DA012CED8A83}
		{54C05DD8-66AA-42FF-AA43-FDD391EB433C} = {29E85AAD-748F-4F8A-A4C8-9BF69DCBB919}
		{C449A043-2350-46AD-BE7C-C2652C56AD7A} = {54C05DD8-66AA-42FF-AA43-FDD391EB433C}
		{E2839543-758C-4A2F-B7C0-959AA108CF29} = {54C05DD8-66AA-42FF-AA43-FDD391EB433C}
		{88C4B7E0-67D7-419E-8E7F-F984FF4C49B1} = {29E85AAD-748F-4F8A-A4C8-9BF69DCBB919}
		{C4233F4C-335E-49C1-89D1-9CAAC97C68CD} = {88C4B7E0-67D7-419E-8E7F-F984FF4C49B1}
		{1EC809E2-949F-4073-AE31-C79D69B94CB7} = {29E85AAD-748F-4F8A-A4C8-9BF69DCBB919}
		{EF9903D0-EC0C-485F-B587-69201122FA09} = {1EC809E2-949F-4073-AE31-C79D69B94CB7}
		{0FE3EA2B-E39D-4E47-85B6-02AE74341EE3} = {AD332CBF-893A-4465-B27A-DA012CED8A83}
		{8094293A-A49F-466C-9E98-07C52D4E6A99} = {0FE3EA2B-E39D-4E47-85B6-02AE74341EE3}
		{C962EB28-9C43-437D-B4D5-913EB355772A} = {8094293A-A49F-466C-9E98-07C52D4E6A99}
		{404E4CFF-6E47-421F-8E90-9C739BC5EB58} = {8094293A-A49F-466C-9E98-07C52D4E6A99}
		{941DA4E2-D036-4364-9FE8-AC10C653C997} = {0FE3EA2B-E39D-4E47-85B6-02AE74341EE3}
		{F3D95717-CBE1-421A-B313-4ECC79578990} = {941DA4E2-D036-4364-9FE8-AC10C653C997}
		{9CFF93B8-CDA4-4076-9E26-E96CCCCB5AA5} = {0FE3EA2B-E39D-4E47-85B6-02AE74341EE3}
		{4539E53A-0C93-428B-B4BC-CFBE98C4F059} = {9CFF93B8-CDA4-4076-9E26-E96CCCCB5AA5}
		{DA6348F9-8461-420F-A287-515C1FB1854A} = {AD332CBF-893A-4465-B27A-DA012CED8A83}
		{060A3D14-0D6E-443B-B06F-2ACCBCF2F695} = {DA6348F9-8461-420F-A287-515C1FB1854A}
		{EE7BF5CD-ECC1-45B7-A959-0D8145D9A9D0} = {060A3D14-0D6E-443B-B06F-2ACCBCF2F695}
		{197E0767-7213-40C4-B61E-B7EBE686EAC3} = {060A3D14-0D6E-443B-B06F-2ACCBCF2F695}
		{77E68654-391E-4E8C-A4E1-7917FEC4F56F} = {DA6348F9-8461-420F-A287-515C1FB1854A}
		{D1027B6F-C1E3-41BE-A61C-ADFDAFC40329} = {77E68654-391E-4E8C-A4E1-7917FEC4F56F}
		{8D405E84-3AFA-4D57-8B81-3584BC05FBE5} = {DA6348F9-8461-420F-A287-515C1FB1854A}
		{F99A5561-8FC8-4EF5-B881-B162B21B0AA3} = {8D405E84-3AFA-4D57-8B81-3584BC05FBE5}
		{6764C6DE-B5CB-4097-A861-BA5CE0C13265} = {8C8A2EBE-F403-4AC1-BC02-69187A9FC58F}
		{37CA53A0-21D4-493E-BCC9-FBEDAEE7F31F} = {8C8A2EBE-F403-4AC1-BC02-69187A9FC58F}
		{F869D118-4D37-4926-83C2-D5B0294A58AF} = {76AD7957-5B16-49D5-A2DE-2FCCDB15F866}
	EndGlobalSection
EndGlobal
