
Microsoft Visual Studio Solution File, Format Version 12.00
# Visual Studio Version 17
VisualStudioVersion = 17.0.31903.59
MinimumVisualStudioVersion = 10.0.40219.1
Project("{E53339B2-1760-4266-BCC7-CA923CBCF16C}") = "docker-compose", "docker-compose.dcproj", "{89759A6E-14F1-2247-A87E-6F1EB0C04123}"
EndProject
Project("{2150E333-8FDC-42A3-9474-1A3956D46DE8}") = "Common", "Common", "{881589EE-639B-0A35-DBCE-5D94E4FC90C0}"
EndProject
Project("{FAE04EC0-301F-11D3-BF4B-00C04F79EFBC}") = "QuickCode.Demo.Common", "Common\QuickCode.Demo.Common\QuickCode.Demo.Common.csproj", "{4080A514-6391-4047-BA26-89EA15FD634D}"
EndProject
Project("{2150E333-8FDC-42A3-9474-1A3956D46DE8}") = "Modules", "Modules", "{CA253913-39DE-BFD0-C9A3-4B7EC6FBDF17}"
EndProject
Project("{2150E333-8FDC-42A3-9474-1A3956D46DE8}") = "UserManagerModule", "UserManagerModule", "{56FBFDD7-4DD0-B7FE-2F8D-7C2738E87CCB}"
EndProject
Project("{2150E333-8FDC-42A3-9474-1A3956D46DE8}") = "Core", "Core", "{1CC73FBE-3752-D917-C716-B953B0D3DD5A}"
EndProject
Project("{FAE04EC0-301F-11D3-BF4B-00C04F79EFBC}") = "QuickCode.Demo.UserManagerModule.Application", "Modules\UserManagerModule\Core\QuickCode.Demo.UserManagerModule.Application\QuickCode.Demo.UserManagerModule.Application.csproj", "{CC66A6D2-54E9-458D-B0BD-FC0B4106E162}"
EndProject
Project("{FAE04EC0-301F-11D3-BF4B-00C04F79EFBC}") = "QuickCode.Demo.UserManagerModule.Application.Tests.g", "Modules\UserManagerModule\Core\QuickCode.Demo.UserManagerModule.Application.Tests\QuickCode.Demo.UserManagerModule.Application.Tests.g.csproj", "{1142782D-7AF6-417C-AEF7-3F68A1CBD4F5}"
EndProject
Project("{FAE04EC0-301F-11D3-BF4B-00C04F79EFBC}") = "QuickCode.Demo.UserManagerModule.Domain", "Modules\UserManagerModule\Core\QuickCode.Demo.UserManagerModule.Domain\QuickCode.Demo.UserManagerModule.Domain.csproj", "{E0606567-FC07-42AF-9E52-5B5C73ACF8F5}"
EndProject
Project("{2150E333-8FDC-42A3-9474-1A3956D46DE8}") = "Infrastructure", "Infrastructure", "{FDCC5A84-6025-B470-2256-AD2083B884AA}"
EndProject
Project("{FAE04EC0-301F-11D3-BF4B-00C04F79EFBC}") = "QuickCode.Demo.UserManagerModule.Persistence", "Modules\UserManagerModule\Infrastructure\QuickCode.Demo.UserManagerModule.Persistence\QuickCode.Demo.UserManagerModule.Persistence.csproj", "{51B42AED-0415-4D96-8E62-173A2450338C}"
EndProject
Project("{FAE04EC0-301F-11D3-BF4B-00C04F79EFBC}") = "QuickCode.Demo.UserManagerModule.Persistence.Tests.g", "Modules\UserManagerModule\Infrastructure\QuickCode.Demo.UserManagerModule.Persistence.Tests\QuickCode.Demo.UserManagerModule.Persistence.Tests.g.csproj", "{51D8E6C5-64ED-4E5B-AE98-196E41C2FE9A}"
EndProject
Project("{2150E333-8FDC-42A3-9474-1A3956D46DE8}") = "Presentation", "Presentation", "{FCB680DC-8429-0E72-1A56-CF0BF525F7B0}"
EndProject
Project("{FAE04EC0-301F-11D3-BF4B-00C04F79EFBC}") = "QuickCode.Demo.UserManagerModule.Api", "Modules\UserManagerModule\Presentation\QuickCode.Demo.UserManagerModule.Api\QuickCode.Demo.UserManagerModule.Api.csproj", "{EE1F1E13-4735-4CE9-98EE-3522BA59EFB8}"
EndProject
Project("{FAE04EC0-301F-11D3-BF4B-00C04F79EFBC}") = "QuickCode.Demo.UserManagerModule.Api.Tests.g", "Modules\UserManagerModule\Presentation\QuickCode.Demo.UserManagerModule.Api.Tests\QuickCode.Demo.UserManagerModule.Api.Tests.g.csproj", "{3CC89427-1A9B-433C-AF12-E06553313CB4}"
EndProject
Project("{2150E333-8FDC-42A3-9474-1A3956D46DE8}") = "EmailManagerModule", "EmailManagerModule", "{3D0E2B6A-965A-24ED-6FD7-87E6626826D3}"
EndProject
Project("{2150E333-8FDC-42A3-9474-1A3956D46DE8}") = "Core", "Core", "{5E97945B-FEDB-169F-49B0-03EA909327AE}"
EndProject
Project("{FAE04EC0-301F-11D3-BF4B-00C04F79EFBC}") = "QuickCode.Demo.EmailManagerModule.Application", "Modules\EmailManagerModule\Core\QuickCode.Demo.EmailManagerModule.Application\QuickCode.Demo.EmailManagerModule.Application.csproj", "{285FA758-1A15-480E-B848-0A23030CCDD0}"
EndProject
Project("{FAE04EC0-301F-11D3-BF4B-00C04F79EFBC}") = "QuickCode.Demo.EmailManagerModule.Application.Tests.g", "Modules\EmailManagerModule\Core\QuickCode.Demo.EmailManagerModule.Application.Tests\QuickCode.Demo.EmailManagerModule.Application.Tests.g.csproj", "{F54DA206-455B-46EB-89C3-C44206B05029}"
EndProject
Project("{FAE04EC0-301F-11D3-BF4B-00C04F79EFBC}") = "QuickCode.Demo.EmailManagerModule.Domain", "Modules\EmailManagerModule\Core\QuickCode.Demo.EmailManagerModule.Domain\QuickCode.Demo.EmailManagerModule.Domain.csproj", "{19CF65D5-8AB3-4E45-9318-32C046C26E3B}"
EndProject
Project("{2150E333-8FDC-42A3-9474-1A3956D46DE8}") = "Infrastructure", "Infrastructure", "{541965AE-7891-C1C0-EA31-E07329543DC2}"
EndProject
Project("{FAE04EC0-301F-11D3-BF4B-00C04F79EFBC}") = "QuickCode.Demo.EmailManagerModule.Persistence", "Modules\EmailManagerModule\Infrastructure\QuickCode.Demo.EmailManagerModule.Persistence\QuickCode.Demo.EmailManagerModule.Persistence.csproj", "{81926A79-834A-45A8-8598-B261A8CC12C8}"
EndProject
Project("{FAE04EC0-301F-11D3-BF4B-00C04F79EFBC}") = "QuickCode.Demo.EmailManagerModule.Persistence.Tests.g", "Modules\EmailManagerModule\Infrastructure\QuickCode.Demo.EmailManagerModule.Persistence.Tests\QuickCode.Demo.EmailManagerModule.Persistence.Tests.g.csproj", "{6D52622D-5C4A-43D1-9EAB-77627E58E51D}"
EndProject
Project("{2150E333-8FDC-42A3-9474-1A3956D46DE8}") = "Presentation", "Presentation", "{AC938478-7905-A4DE-3D16-BA7983CAB5D7}"
EndProject
Project("{FAE04EC0-301F-11D3-BF4B-00C04F79EFBC}") = "QuickCode.Demo.EmailManagerModule.Api", "Modules\EmailManagerModule\Presentation\QuickCode.Demo.EmailManagerModule.Api\QuickCode.Demo.EmailManagerModule.Api.csproj", "{B4115C1E-E39B-4736-97B1-36448D502185}"
EndProject
Project("{FAE04EC0-301F-11D3-BF4B-00C04F79EFBC}") = "QuickCode.Demo.EmailManagerModule.Api.Tests.g", "Modules\EmailManagerModule\Presentation\QuickCode.Demo.EmailManagerModule.Api.Tests\QuickCode.Demo.EmailManagerModule.Api.Tests.g.csproj", "{6C7CDE5A-1B91-4DD4-A590-F7751E8AD77A}"
EndProject
Project("{2150E333-8FDC-42A3-9474-1A3956D46DE8}") = "SmsManagerModule", "SmsManagerModule", "{F4257646-79FE-4606-7053-C991C78B3BA4}"
EndProject
Project("{2150E333-8FDC-42A3-9474-1A3956D46DE8}") = "Core", "Core", "{DDD777B6-5501-AA3E-330B-35C1D0390F4D}"
EndProject
Project("{FAE04EC0-301F-11D3-BF4B-00C04F79EFBC}") = "QuickCode.Demo.SmsManagerModule.Application", "Modules\SmsManagerModule\Core\QuickCode.Demo.SmsManagerModule.Application\QuickCode.Demo.SmsManagerModule.Application.csproj", "{8C7F58F8-07FE-4A8C-8B6F-4E0DB6EAC103}"
EndProject
Project("{FAE04EC0-301F-11D3-BF4B-00C04F79EFBC}") = "QuickCode.Demo.SmsManagerModule.Application.Tests.g", "Modules\SmsManagerModule\Core\QuickCode.Demo.SmsManagerModule.Application.Tests\QuickCode.Demo.SmsManagerModule.Application.Tests.g.csproj", "{3E4EA5F8-C8F6-4991-B32D-E01007AEFC4F}"
EndProject
Project("{FAE04EC0-301F-11D3-BF4B-00C04F79EFBC}") = "QuickCode.Demo.SmsManagerModule.Domain", "Modules\SmsManagerModule\Core\QuickCode.Demo.SmsManagerModule.Domain\QuickCode.Demo.SmsManagerModule.Domain.csproj", "{E9E6A156-4D12-4383-A5E8-4BC70B80EE8B}"
EndProject
Project("{2150E333-8FDC-42A3-9474-1A3956D46DE8}") = "Infrastructure", "Infrastructure", "{AEDEA1D2-9A7C-6CA1-B986-6616DFB985D5}"
EndProject
Project("{FAE04EC0-301F-11D3-BF4B-00C04F79EFBC}") = "QuickCode.Demo.SmsManagerModule.Persistence", "Modules\SmsManagerModule\Infrastructure\QuickCode.Demo.SmsManagerModule.Persistence\QuickCode.Demo.SmsManagerModule.Persistence.csproj", "{13818F37-A992-487E-BD95-AA16F6190BC3}"
EndProject
Project("{FAE04EC0-301F-11D3-BF4B-00C04F79EFBC}") = "QuickCode.Demo.SmsManagerModule.Persistence.Tests.g", "Modules\SmsManagerModule\Infrastructure\QuickCode.Demo.SmsManagerModule.Persistence.Tests\QuickCode.Demo.SmsManagerModule.Persistence.Tests.g.csproj", "{5908C5C4-5D2E-458F-AEE4-2DBA05CEAF0D}"
EndProject
Project("{2150E333-8FDC-42A3-9474-1A3956D46DE8}") = "Presentation", "Presentation", "{D0814F77-8861-44C3-DA37-8F7A9F9C34E5}"
EndProject
Project("{FAE04EC0-301F-11D3-BF4B-00C04F79EFBC}") = "QuickCode.Demo.SmsManagerModule.Api", "Modules\SmsManagerModule\Presentation\QuickCode.Demo.SmsManagerModule.Api\QuickCode.Demo.SmsManagerModule.Api.csproj", "{8D7FBF14-0855-4B18-B7EC-32125C00018E}"
EndProject
Project("{FAE04EC0-301F-11D3-BF4B-00C04F79EFBC}") = "QuickCode.Demo.SmsManagerModule.Api.Tests.g", "Modules\SmsManagerModule\Presentation\QuickCode.Demo.SmsManagerModule.Api.Tests\QuickCode.Demo.SmsManagerModule.Api.Tests.g.csproj", "{EAEFFF69-BC89-4EFF-ACBE-7DD0DE30AFEC}"
EndProject
Project("{2150E333-8FDC-42A3-9474-1A3956D46DE8}") = "Presentation", "Presentation", "{06CFFD70-14AA-A959-A3BA-1B15D094E3B1}"
EndProject
Project("{FAE04EC0-301F-11D3-BF4B-00C04F79EFBC}") = "QuickCode.Demo.Gateway", "Presentation\QuickCode.Demo.Gateway\QuickCode.Demo.Gateway.csproj", "{2CACAD80-8004-47F5-B017-ED147B8404B4}"
EndProject
Project("{FAE04EC0-301F-11D3-BF4B-00C04F79EFBC}") = "QuickCode.Demo.Portal", "Presentation\QuickCode.Demo.Portal\QuickCode.Demo.Portal.csproj", "{62EF8D00-8409-4328-A3E9-386C4203823B}"
EndProject
Project("{2150E333-8FDC-42A3-9474-1A3956D46DE8}") = "Services", "Services", "{5854FF58-B8C5-05C6-5BF2-ACE42193F22B}"
EndProject
Project("{FAE04EC0-301F-11D3-BF4B-00C04F79EFBC}") = "QuickCode.Demo.EventListenerService", "Services\QuickCode.Demo.EventListenerService\QuickCode.Demo.EventListenerService.csproj", "{7C538083-593E-41A7-B1C3-32C75BF59128}"
EndProject
Global
	GlobalSection(SolutionConfigurationPlatforms) = preSolution
		Debug|Any CPU = Debug|Any CPU
		Debug|x64 = Debug|x64
		Debug|x86 = Debug|x86
		Release|Any CPU = Release|Any CPU
		Release|x64 = Release|x64
		Release|x86 = Release|x86
	EndGlobalSection
	GlobalSection(ProjectConfigurationPlatforms) = postSolution
		{89759A6E-14F1-2247-A87E-6F1EB0C04123}.Debug|Any CPU.ActiveCfg = Debug|Any CPU
		{89759A6E-14F1-2247-A87E-6F1EB0C04123}.Debug|Any CPU.Build.0 = Debug|Any CPU
		{89759A6E-14F1-2247-A87E-6F1EB0C04123}.Debug|x64.ActiveCfg = Debug|x64
		{89759A6E-14F1-2247-A87E-6F1EB0C04123}.Debug|x86.ActiveCfg = Debug|x86
		{89759A6E-14F1-2247-A87E-6F1EB0C04123}.Release|Any CPU.ActiveCfg = Release|Any CPU
		{89759A6E-14F1-2247-A87E-6F1EB0C04123}.Release|Any CPU.Build.0 = Release|Any CPU
		{89759A6E-14F1-2247-A87E-6F1EB0C04123}.Release|x64.ActiveCfg = Release|x64
		{89759A6E-14F1-2247-A87E-6F1EB0C04123}.Release|x86.ActiveCfg = Release|x86
		{4080A514-6391-4047-BA26-89EA15FD634D}.Debug|Any CPU.ActiveCfg = Debug|Any CPU
		{4080A514-6391-4047-BA26-89EA15FD634D}.Debug|Any CPU.Build.0 = Debug|Any CPU
		{4080A514-6391-4047-BA26-89EA15FD634D}.Debug|x64.ActiveCfg = Debug|Any CPU
		{4080A514-6391-4047-BA26-89EA15FD634D}.Debug|x64.Build.0 = Debug|Any CPU
		{4080A514-6391-4047-BA26-89EA15FD634D}.Debug|x86.ActiveCfg = Debug|Any CPU
		{4080A514-6391-4047-BA26-89EA15FD634D}.Debug|x86.Build.0 = Debug|Any CPU
		{4080A514-6391-4047-BA26-89EA15FD634D}.Release|Any CPU.ActiveCfg = Release|Any CPU
		{4080A514-6391-4047-BA26-89EA15FD634D}.Release|Any CPU.Build.0 = Release|Any CPU
		{4080A514-6391-4047-BA26-89EA15FD634D}.Release|x64.ActiveCfg = Release|Any CPU
		{4080A514-6391-4047-BA26-89EA15FD634D}.Release|x64.Build.0 = Release|Any CPU
		{4080A514-6391-4047-BA26-89EA15FD634D}.Release|x86.ActiveCfg = Release|Any CPU
		{4080A514-6391-4047-BA26-89EA15FD634D}.Release|x86.Build.0 = Release|Any CPU
		{CC66A6D2-54E9-458D-B0BD-FC0B4106E162}.Debug|Any CPU.ActiveCfg = Debug|Any CPU
		{CC66A6D2-54E9-458D-B0BD-FC0B4106E162}.Debug|Any CPU.Build.0 = Debug|Any CPU
		{CC66A6D2-54E9-458D-B0BD-FC0B4106E162}.Debug|x64.ActiveCfg = Debug|Any CPU
		{CC66A6D2-54E9-458D-B0BD-FC0B4106E162}.Debug|x64.Build.0 = Debug|Any CPU
		{CC66A6D2-54E9-458D-B0BD-FC0B4106E162}.Debug|x86.ActiveCfg = Debug|Any CPU
		{CC66A6D2-54E9-458D-B0BD-FC0B4106E162}.Debug|x86.Build.0 = Debug|Any CPU
		{CC66A6D2-54E9-458D-B0BD-FC0B4106E162}.Release|Any CPU.ActiveCfg = Release|Any CPU
		{CC66A6D2-54E9-458D-B0BD-FC0B4106E162}.Release|Any CPU.Build.0 = Release|Any CPU
		{CC66A6D2-54E9-458D-B0BD-FC0B4106E162}.Release|x64.ActiveCfg = Release|Any CPU
		{CC66A6D2-54E9-458D-B0BD-FC0B4106E162}.Release|x64.Build.0 = Release|Any CPU
		{CC66A6D2-54E9-458D-B0BD-FC0B4106E162}.Release|x86.ActiveCfg = Release|Any CPU
		{CC66A6D2-54E9-458D-B0BD-FC0B4106E162}.Release|x86.Build.0 = Release|Any CPU
		{1142782D-7AF6-417C-AEF7-3F68A1CBD4F5}.Debug|Any CPU.ActiveCfg = Debug|Any CPU
		{1142782D-7AF6-417C-AEF7-3F68A1CBD4F5}.Debug|Any CPU.Build.0 = Debug|Any CPU
		{1142782D-7AF6-417C-AEF7-3F68A1CBD4F5}.Debug|x64.ActiveCfg = Debug|Any CPU
		{1142782D-7AF6-417C-AEF7-3F68A1CBD4F5}.Debug|x64.Build.0 = Debug|Any CPU
		{1142782D-7AF6-417C-AEF7-3F68A1CBD4F5}.Debug|x86.ActiveCfg = Debug|Any CPU
		{1142782D-7AF6-417C-AEF7-3F68A1CBD4F5}.Debug|x86.Build.0 = Debug|Any CPU
		{1142782D-7AF6-417C-AEF7-3F68A1CBD4F5}.Release|Any CPU.ActiveCfg = Release|Any CPU
		{1142782D-7AF6-417C-AEF7-3F68A1CBD4F5}.Release|Any CPU.Build.0 = Release|Any CPU
		{1142782D-7AF6-417C-AEF7-3F68A1CBD4F5}.Release|x64.ActiveCfg = Release|Any CPU
		{1142782D-7AF6-417C-AEF7-3F68A1CBD4F5}.Release|x64.Build.0 = Release|Any CPU
		{1142782D-7AF6-417C-AEF7-3F68A1CBD4F5}.Release|x86.ActiveCfg = Release|Any CPU
		{1142782D-7AF6-417C-AEF7-3F68A1CBD4F5}.Release|x86.Build.0 = Release|Any CPU
		{E0606567-FC07-42AF-9E52-5B5C73ACF8F5}.Debug|Any CPU.ActiveCfg = Debug|Any CPU
		{E0606567-FC07-42AF-9E52-5B5C73ACF8F5}.Debug|Any CPU.Build.0 = Debug|Any CPU
		{E0606567-FC07-42AF-9E52-5B5C73ACF8F5}.Debug|x64.ActiveCfg = Debug|Any CPU
		{E0606567-FC07-42AF-9E52-5B5C73ACF8F5}.Debug|x64.Build.0 = Debug|Any CPU
		{E0606567-FC07-42AF-9E52-5B5C73ACF8F5}.Debug|x86.ActiveCfg = Debug|Any CPU
		{E0606567-FC07-42AF-9E52-5B5C73ACF8F5}.Debug|x86.Build.0 = Debug|Any CPU
		{E0606567-FC07-42AF-9E52-5B5C73ACF8F5}.Release|Any CPU.ActiveCfg = Release|Any CPU
		{E0606567-FC07-42AF-9E52-5B5C73ACF8F5}.Release|Any CPU.Build.0 = Release|Any CPU
		{E0606567-FC07-42AF-9E52-5B5C73ACF8F5}.Release|x64.ActiveCfg = Release|Any CPU
		{E0606567-FC07-42AF-9E52-5B5C73ACF8F5}.Release|x64.Build.0 = Release|Any CPU
		{E0606567-FC07-42AF-9E52-5B5C73ACF8F5}.Release|x86.ActiveCfg = Release|Any CPU
		{E0606567-FC07-42AF-9E52-5B5C73ACF8F5}.Release|x86.Build.0 = Release|Any CPU
		{51B42AED-0415-4D96-8E62-173A2450338C}.Debug|Any CPU.ActiveCfg = Debug|Any CPU
		{51B42AED-0415-4D96-8E62-173A2450338C}.Debug|Any CPU.Build.0 = Debug|Any CPU
		{51B42AED-0415-4D96-8E62-173A2450338C}.Debug|x64.ActiveCfg = Debug|Any CPU
		{51B42AED-0415-4D96-8E62-173A2450338C}.Debug|x64.Build.0 = Debug|Any CPU
		{51B42AED-0415-4D96-8E62-173A2450338C}.Debug|x86.ActiveCfg = Debug|Any CPU
		{51B42AED-0415-4D96-8E62-173A2450338C}.Debug|x86.Build.0 = Debug|Any CPU
		{51B42AED-0415-4D96-8E62-173A2450338C}.Release|Any CPU.ActiveCfg = Release|Any CPU
		{51B42AED-0415-4D96-8E62-173A2450338C}.Release|Any CPU.Build.0 = Release|Any CPU
		{51B42AED-0415-4D96-8E62-173A2450338C}.Release|x64.ActiveCfg = Release|Any CPU
		{51B42AED-0415-4D96-8E62-173A2450338C}.Release|x64.Build.0 = Release|Any CPU
		{51B42AED-0415-4D96-8E62-173A2450338C}.Release|x86.ActiveCfg = Release|Any CPU
		{51B42AED-0415-4D96-8E62-173A2450338C}.Release|x86.Build.0 = Release|Any CPU
		{51D8E6C5-64ED-4E5B-AE98-196E41C2FE9A}.Debug|Any CPU.ActiveCfg = Debug|Any CPU
		{51D8E6C5-64ED-4E5B-AE98-196E41C2FE9A}.Debug|Any CPU.Build.0 = Debug|Any CPU
		{51D8E6C5-64ED-4E5B-AE98-196E41C2FE9A}.Debug|x64.ActiveCfg = Debug|Any CPU
		{51D8E6C5-64ED-4E5B-AE98-196E41C2FE9A}.Debug|x64.Build.0 = Debug|Any CPU
		{51D8E6C5-64ED-4E5B-AE98-196E41C2FE9A}.Debug|x86.ActiveCfg = Debug|Any CPU
		{51D8E6C5-64ED-4E5B-AE98-196E41C2FE9A}.Debug|x86.Build.0 = Debug|Any CPU
		{51D8E6C5-64ED-4E5B-AE98-196E41C2FE9A}.Release|Any CPU.ActiveCfg = Release|Any CPU
		{51D8E6C5-64ED-4E5B-AE98-196E41C2FE9A}.Release|Any CPU.Build.0 = Release|Any CPU
		{51D8E6C5-64ED-4E5B-AE98-196E41C2FE9A}.Release|x64.ActiveCfg = Release|Any CPU
		{51D8E6C5-64ED-4E5B-AE98-196E41C2FE9A}.Release|x64.Build.0 = Release|Any CPU
		{51D8E6C5-64ED-4E5B-AE98-196E41C2FE9A}.Release|x86.ActiveCfg = Release|Any CPU
		{51D8E6C5-64ED-4E5B-AE98-196E41C2FE9A}.Release|x86.Build.0 = Release|Any CPU
		{EE1F1E13-4735-4CE9-98EE-3522BA59EFB8}.Debug|Any CPU.ActiveCfg = Debug|Any CPU
		{EE1F1E13-4735-4CE9-98EE-3522BA59EFB8}.Debug|Any CPU.Build.0 = Debug|Any CPU
		{EE1F1E13-4735-4CE9-98EE-3522BA59EFB8}.Debug|x64.ActiveCfg = Debug|Any CPU
		{EE1F1E13-4735-4CE9-98EE-3522BA59EFB8}.Debug|x64.Build.0 = Debug|Any CPU
		{EE1F1E13-4735-4CE9-98EE-3522BA59EFB8}.Debug|x86.ActiveCfg = Debug|Any CPU
		{EE1F1E13-4735-4CE9-98EE-3522BA59EFB8}.Debug|x86.Build.0 = Debug|Any CPU
		{EE1F1E13-4735-4CE9-98EE-3522BA59EFB8}.Release|Any CPU.ActiveCfg = Release|Any CPU
		{EE1F1E13-4735-4CE9-98EE-3522BA59EFB8}.Release|Any CPU.Build.0 = Release|Any CPU
		{EE1F1E13-4735-4CE9-98EE-3522BA59EFB8}.Release|x64.ActiveCfg = Release|Any CPU
		{EE1F1E13-4735-4CE9-98EE-3522BA59EFB8}.Release|x64.Build.0 = Release|Any CPU
		{EE1F1E13-4735-4CE9-98EE-3522BA59EFB8}.Release|x86.ActiveCfg = Release|Any CPU
		{EE1F1E13-4735-4CE9-98EE-3522BA59EFB8}.Release|x86.Build.0 = Release|Any CPU
		{3CC89427-1A9B-433C-AF12-E06553313CB4}.Debug|Any CPU.ActiveCfg = Debug|Any CPU
		{3CC89427-1A9B-433C-AF12-E06553313CB4}.Debug|Any CPU.Build.0 = Debug|Any CPU
		{3CC89427-1A9B-433C-AF12-E06553313CB4}.Debug|x64.ActiveCfg = Debug|Any CPU
		{3CC89427-1A9B-433C-AF12-E06553313CB4}.Debug|x64.Build.0 = Debug|Any CPU
		{3CC89427-1A9B-433C-AF12-E06553313CB4}.Debug|x86.ActiveCfg = Debug|Any CPU
		{3CC89427-1A9B-433C-AF12-E06553313CB4}.Debug|x86.Build.0 = Debug|Any CPU
		{3CC89427-1A9B-433C-AF12-E06553313CB4}.Release|Any CPU.ActiveCfg = Release|Any CPU
		{3CC89427-1A9B-433C-AF12-E06553313CB4}.Release|Any CPU.Build.0 = Release|Any CPU
		{3CC89427-1A9B-433C-AF12-E06553313CB4}.Release|x64.ActiveCfg = Release|Any CPU
		{3CC89427-1A9B-433C-AF12-E06553313CB4}.Release|x64.Build.0 = Release|Any CPU
		{3CC89427-1A9B-433C-AF12-E06553313CB4}.Release|x86.ActiveCfg = Release|Any CPU
		{3CC89427-1A9B-433C-AF12-E06553313CB4}.Release|x86.Build.0 = Release|Any CPU
		{285FA758-1A15-480E-B848-0A23030CCDD0}.Debug|Any CPU.ActiveCfg = Debug|Any CPU
		{285FA758-1A15-480E-B848-0A23030CCDD0}.Debug|Any CPU.Build.0 = Debug|Any CPU
		{285FA758-1A15-480E-B848-0A23030CCDD0}.Debug|x64.ActiveCfg = Debug|Any CPU
		{285FA758-1A15-480E-B848-0A23030CCDD0}.Debug|x64.Build.0 = Debug|Any CPU
		{285FA758-1A15-480E-B848-0A23030CCDD0}.Debug|x86.ActiveCfg = Debug|Any CPU
		{285FA758-1A15-480E-B848-0A23030CCDD0}.Debug|x86.Build.0 = Debug|Any CPU
		{285FA758-1A15-480E-B848-0A23030CCDD0}.Release|Any CPU.ActiveCfg = Release|Any CPU
		{285FA758-1A15-480E-B848-0A23030CCDD0}.Release|Any CPU.Build.0 = Release|Any CPU
		{285FA758-1A15-480E-B848-0A23030CCDD0}.Release|x64.ActiveCfg = Release|Any CPU
		{285FA758-1A15-480E-B848-0A23030CCDD0}.Release|x64.Build.0 = Release|Any CPU
		{285FA758-1A15-480E-B848-0A23030CCDD0}.Release|x86.ActiveCfg = Release|Any CPU
		{285FA758-1A15-480E-B848-0A23030CCDD0}.Release|x86.Build.0 = Release|Any CPU
		{F54DA206-455B-46EB-89C3-C44206B05029}.Debug|Any CPU.ActiveCfg = Debug|Any CPU
		{F54DA206-455B-46EB-89C3-C44206B05029}.Debug|Any CPU.Build.0 = Debug|Any CPU
		{F54DA206-455B-46EB-89C3-C44206B05029}.Debug|x64.ActiveCfg = Debug|Any CPU
		{F54DA206-455B-46EB-89C3-C44206B05029}.Debug|x64.Build.0 = Debug|Any CPU
		{F54DA206-455B-46EB-89C3-C44206B05029}.Debug|x86.ActiveCfg = Debug|Any CPU
		{F54DA206-455B-46EB-89C3-C44206B05029}.Debug|x86.Build.0 = Debug|Any CPU
		{F54DA206-455B-46EB-89C3-C44206B05029}.Release|Any CPU.ActiveCfg = Release|Any CPU
		{F54DA206-455B-46EB-89C3-C44206B05029}.Release|Any CPU.Build.0 = Release|Any CPU
		{F54DA206-455B-46EB-89C3-C44206B05029}.Release|x64.ActiveCfg = Release|Any CPU
		{F54DA206-455B-46EB-89C3-C44206B05029}.Release|x64.Build.0 = Release|Any CPU
		{F54DA206-455B-46EB-89C3-C44206B05029}.Release|x86.ActiveCfg = Release|Any CPU
		{F54DA206-455B-46EB-89C3-C44206B05029}.Release|x86.Build.0 = Release|Any CPU
		{19CF65D5-8AB3-4E45-9318-32C046C26E3B}.Debug|Any CPU.ActiveCfg = Debug|Any CPU
		{19CF65D5-8AB3-4E45-9318-32C046C26E3B}.Debug|Any CPU.Build.0 = Debug|Any CPU
		{19CF65D5-8AB3-4E45-9318-32C046C26E3B}.Debug|x64.ActiveCfg = Debug|Any CPU
		{19CF65D5-8AB3-4E45-9318-32C046C26E3B}.Debug|x64.Build.0 = Debug|Any CPU
		{19CF65D5-8AB3-4E45-9318-32C046C26E3B}.Debug|x86.ActiveCfg = Debug|Any CPU
		{19CF65D5-8AB3-4E45-9318-32C046C26E3B}.Debug|x86.Build.0 = Debug|Any CPU
		{19CF65D5-8AB3-4E45-9318-32C046C26E3B}.Release|Any CPU.ActiveCfg = Release|Any CPU
		{19CF65D5-8AB3-4E45-9318-32C046C26E3B}.Release|Any CPU.Build.0 = Release|Any CPU
		{19CF65D5-8AB3-4E45-9318-32C046C26E3B}.Release|x64.ActiveCfg = Release|Any CPU
		{19CF65D5-8AB3-4E45-9318-32C046C26E3B}.Release|x64.Build.0 = Release|Any CPU
		{19CF65D5-8AB3-4E45-9318-32C046C26E3B}.Release|x86.ActiveCfg = Release|Any CPU
		{19CF65D5-8AB3-4E45-9318-32C046C26E3B}.Release|x86.Build.0 = Release|Any CPU
		{81926A79-834A-45A8-8598-B261A8CC12C8}.Debug|Any CPU.ActiveCfg = Debug|Any CPU
		{81926A79-834A-45A8-8598-B261A8CC12C8}.Debug|Any CPU.Build.0 = Debug|Any CPU
		{81926A79-834A-45A8-8598-B261A8CC12C8}.Debug|x64.ActiveCfg = Debug|Any CPU
		{81926A79-834A-45A8-8598-B261A8CC12C8}.Debug|x64.Build.0 = Debug|Any CPU
		{81926A79-834A-45A8-8598-B261A8CC12C8}.Debug|x86.ActiveCfg = Debug|Any CPU
		{81926A79-834A-45A8-8598-B261A8CC12C8}.Debug|x86.Build.0 = Debug|Any CPU
		{81926A79-834A-45A8-8598-B261A8CC12C8}.Release|Any CPU.ActiveCfg = Release|Any CPU
		{81926A79-834A-45A8-8598-B261A8CC12C8}.Release|Any CPU.Build.0 = Release|Any CPU
		{81926A79-834A-45A8-8598-B261A8CC12C8}.Release|x64.ActiveCfg = Release|Any CPU
		{81926A79-834A-45A8-8598-B261A8CC12C8}.Release|x64.Build.0 = Release|Any CPU
		{81926A79-834A-45A8-8598-B261A8CC12C8}.Release|x86.ActiveCfg = Release|Any CPU
		{81926A79-834A-45A8-8598-B261A8CC12C8}.Release|x86.Build.0 = Release|Any CPU
		{6D52622D-5C4A-43D1-9EAB-77627E58E51D}.Debug|Any CPU.ActiveCfg = Debug|Any CPU
		{6D52622D-5C4A-43D1-9EAB-77627E58E51D}.Debug|Any CPU.Build.0 = Debug|Any CPU
		{6D52622D-5C4A-43D1-9EAB-77627E58E51D}.Debug|x64.ActiveCfg = Debug|Any CPU
		{6D52622D-5C4A-43D1-9EAB-77627E58E51D}.Debug|x64.Build.0 = Debug|Any CPU
		{6D52622D-5C4A-43D1-9EAB-77627E58E51D}.Debug|x86.ActiveCfg = Debug|Any CPU
		{6D52622D-5C4A-43D1-9EAB-77627E58E51D}.Debug|x86.Build.0 = Debug|Any CPU
		{6D52622D-5C4A-43D1-9EAB-77627E58E51D}.Release|Any CPU.ActiveCfg = Release|Any CPU
		{6D52622D-5C4A-43D1-9EAB-77627E58E51D}.Release|Any CPU.Build.0 = Release|Any CPU
		{6D52622D-5C4A-43D1-9EAB-77627E58E51D}.Release|x64.ActiveCfg = Release|Any CPU
		{6D52622D-5C4A-43D1-9EAB-77627E58E51D}.Release|x64.Build.0 = Release|Any CPU
		{6D52622D-5C4A-43D1-9EAB-77627E58E51D}.Release|x86.ActiveCfg = Release|Any CPU
		{6D52622D-5C4A-43D1-9EAB-77627E58E51D}.Release|x86.Build.0 = Release|Any CPU
		{B4115C1E-E39B-4736-97B1-36448D502185}.Debug|Any CPU.ActiveCfg = Debug|Any CPU
		{B4115C1E-E39B-4736-97B1-36448D502185}.Debug|Any CPU.Build.0 = Debug|Any CPU
		{B4115C1E-E39B-4736-97B1-36448D502185}.Debug|x64.ActiveCfg = Debug|Any CPU
		{B4115C1E-E39B-4736-97B1-36448D502185}.Debug|x64.Build.0 = Debug|Any CPU
		{B4115C1E-E39B-4736-97B1-36448D502185}.Debug|x86.ActiveCfg = Debug|Any CPU
		{B4115C1E-E39B-4736-97B1-36448D502185}.Debug|x86.Build.0 = Debug|Any CPU
		{B4115C1E-E39B-4736-97B1-36448D502185}.Release|Any CPU.ActiveCfg = Release|Any CPU
		{B4115C1E-E39B-4736-97B1-36448D502185}.Release|Any CPU.Build.0 = Release|Any CPU
		{B4115C1E-E39B-4736-97B1-36448D502185}.Release|x64.ActiveCfg = Release|Any CPU
		{B4115C1E-E39B-4736-97B1-36448D502185}.Release|x64.Build.0 = Release|Any CPU
		{B4115C1E-E39B-4736-97B1-36448D502185}.Release|x86.ActiveCfg = Release|Any CPU
		{B4115C1E-E39B-4736-97B1-36448D502185}.Release|x86.Build.0 = Release|Any CPU
		{6C7CDE5A-1B91-4DD4-A590-F7751E8AD77A}.Debug|Any CPU.ActiveCfg = Debug|Any CPU
		{6C7CDE5A-1B91-4DD4-A590-F7751E8AD77A}.Debug|Any CPU.Build.0 = Debug|Any CPU
		{6C7CDE5A-1B91-4DD4-A590-F7751E8AD77A}.Debug|x64.ActiveCfg = Debug|Any CPU
		{6C7CDE5A-1B91-4DD4-A590-F7751E8AD77A}.Debug|x64.Build.0 = Debug|Any CPU
		{6C7CDE5A-1B91-4DD4-A590-F7751E8AD77A}.Debug|x86.ActiveCfg = Debug|Any CPU
		{6C7CDE5A-1B91-4DD4-A590-F7751E8AD77A}.Debug|x86.Build.0 = Debug|Any CPU
		{6C7CDE5A-1B91-4DD4-A590-F7751E8AD77A}.Release|Any CPU.ActiveCfg = Release|Any CPU
		{6C7CDE5A-1B91-4DD4-A590-F7751E8AD77A}.Release|Any CPU.Build.0 = Release|Any CPU
		{6C7CDE5A-1B91-4DD4-A590-F7751E8AD77A}.Release|x64.ActiveCfg = Release|Any CPU
		{6C7CDE5A-1B91-4DD4-A590-F7751E8AD77A}.Release|x64.Build.0 = Release|Any CPU
		{6C7CDE5A-1B91-4DD4-A590-F7751E8AD77A}.Release|x86.ActiveCfg = Release|Any CPU
		{6C7CDE5A-1B91-4DD4-A590-F7751E8AD77A}.Release|x86.Build.0 = Release|Any CPU
		{8C7F58F8-07FE-4A8C-8B6F-4E0DB6EAC103}.Debug|Any CPU.ActiveCfg = Debug|Any CPU
		{8C7F58F8-07FE-4A8C-8B6F-4E0DB6EAC103}.Debug|Any CPU.Build.0 = Debug|Any CPU
		{8C7F58F8-07FE-4A8C-8B6F-4E0DB6EAC103}.Debug|x64.ActiveCfg = Debug|Any CPU
		{8C7F58F8-07FE-4A8C-8B6F-4E0DB6EAC103}.Debug|x64.Build.0 = Debug|Any CPU
		{8C7F58F8-07FE-4A8C-8B6F-4E0DB6EAC103}.Debug|x86.ActiveCfg = Debug|Any CPU
		{8C7F58F8-07FE-4A8C-8B6F-4E0DB6EAC103}.Debug|x86.Build.0 = Debug|Any CPU
		{8C7F58F8-07FE-4A8C-8B6F-4E0DB6EAC103}.Release|Any CPU.ActiveCfg = Release|Any CPU
		{8C7F58F8-07FE-4A8C-8B6F-4E0DB6EAC103}.Release|Any CPU.Build.0 = Release|Any CPU
		{8C7F58F8-07FE-4A8C-8B6F-4E0DB6EAC103}.Release|x64.ActiveCfg = Release|Any CPU
		{8C7F58F8-07FE-4A8C-8B6F-4E0DB6EAC103}.Release|x64.Build.0 = Release|Any CPU
		{8C7F58F8-07FE-4A8C-8B6F-4E0DB6EAC103}.Release|x86.ActiveCfg = Release|Any CPU
		{8C7F58F8-07FE-4A8C-8B6F-4E0DB6EAC103}.Release|x86.Build.0 = Release|Any CPU
		{3E4EA5F8-C8F6-4991-B32D-E01007AEFC4F}.Debug|Any CPU.ActiveCfg = Debug|Any CPU
		{3E4EA5F8-C8F6-4991-B32D-E01007AEFC4F}.Debug|Any CPU.Build.0 = Debug|Any CPU
		{3E4EA5F8-C8F6-4991-B32D-E01007AEFC4F}.Debug|x64.ActiveCfg = Debug|Any CPU
		{3E4EA5F8-C8F6-4991-B32D-E01007AEFC4F}.Debug|x64.Build.0 = Debug|Any CPU
		{3E4EA5F8-C8F6-4991-B32D-E01007AEFC4F}.Debug|x86.ActiveCfg = Debug|Any CPU
		{3E4EA5F8-C8F6-4991-B32D-E01007AEFC4F}.Debug|x86.Build.0 = Debug|Any CPU
		{3E4EA5F8-C8F6-4991-B32D-E01007AEFC4F}.Release|Any CPU.ActiveCfg = Release|Any CPU
		{3E4EA5F8-C8F6-4991-B32D-E01007AEFC4F}.Release|Any CPU.Build.0 = Release|Any CPU
		{3E4EA5F8-C8F6-4991-B32D-E01007AEFC4F}.Release|x64.ActiveCfg = Release|Any CPU
		{3E4EA5F8-C8F6-4991-B32D-E01007AEFC4F}.Release|x64.Build.0 = Release|Any CPU
		{3E4EA5F8-C8F6-4991-B32D-E01007AEFC4F}.Release|x86.ActiveCfg = Release|Any CPU
		{3E4EA5F8-C8F6-4991-B32D-E01007AEFC4F}.Release|x86.Build.0 = Release|Any CPU
		{E9E6A156-4D12-4383-A5E8-4BC70B80EE8B}.Debug|Any CPU.ActiveCfg = Debug|Any CPU
		{E9E6A156-4D12-4383-A5E8-4BC70B80EE8B}.Debug|Any CPU.Build.0 = Debug|Any CPU
		{E9E6A156-4D12-4383-A5E8-4BC70B80EE8B}.Debug|x64.ActiveCfg = Debug|Any CPU
		{E9E6A156-4D12-4383-A5E8-4BC70B80EE8B}.Debug|x64.Build.0 = Debug|Any CPU
		{E9E6A156-4D12-4383-A5E8-4BC70B80EE8B}.Debug|x86.ActiveCfg = Debug|Any CPU
		{E9E6A156-4D12-4383-A5E8-4BC70B80EE8B}.Debug|x86.Build.0 = Debug|Any CPU
		{E9E6A156-4D12-4383-A5E8-4BC70B80EE8B}.Release|Any CPU.ActiveCfg = Release|Any CPU
		{E9E6A156-4D12-4383-A5E8-4BC70B80EE8B}.Release|Any CPU.Build.0 = Release|Any CPU
		{E9E6A156-4D12-4383-A5E8-4BC70B80EE8B}.Release|x64.ActiveCfg = Release|Any CPU
		{E9E6A156-4D12-4383-A5E8-4BC70B80EE8B}.Release|x64.Build.0 = Release|Any CPU
		{E9E6A156-4D12-4383-A5E8-4BC70B80EE8B}.Release|x86.ActiveCfg = Release|Any CPU
		{E9E6A156-4D12-4383-A5E8-4BC70B80EE8B}.Release|x86.Build.0 = Release|Any CPU
		{13818F37-A992-487E-BD95-AA16F6190BC3}.Debug|Any CPU.ActiveCfg = Debug|Any CPU
		{13818F37-A992-487E-BD95-AA16F6190BC3}.Debug|Any CPU.Build.0 = Debug|Any CPU
		{13818F37-A992-487E-BD95-AA16F6190BC3}.Debug|x64.ActiveCfg = Debug|Any CPU
		{13818F37-A992-487E-BD95-AA16F6190BC3}.Debug|x64.Build.0 = Debug|Any CPU
		{13818F37-A992-487E-BD95-AA16F6190BC3}.Debug|x86.ActiveCfg = Debug|Any CPU
		{13818F37-A992-487E-BD95-AA16F6190BC3}.Debug|x86.Build.0 = Debug|Any CPU
		{13818F37-A992-487E-BD95-AA16F6190BC3}.Release|Any CPU.ActiveCfg = Release|Any CPU
		{13818F37-A992-487E-BD95-AA16F6190BC3}.Release|Any CPU.Build.0 = Release|Any CPU
		{13818F37-A992-487E-BD95-AA16F6190BC3}.Release|x64.ActiveCfg = Release|Any CPU
		{13818F37-A992-487E-BD95-AA16F6190BC3}.Release|x64.Build.0 = Release|Any CPU
		{13818F37-A992-487E-BD95-AA16F6190BC3}.Release|x86.ActiveCfg = Release|Any CPU
		{13818F37-A992-487E-BD95-AA16F6190BC3}.Release|x86.Build.0 = Release|Any CPU
		{5908C5C4-5D2E-458F-AEE4-2DBA05CEAF0D}.Debug|Any CPU.ActiveCfg = Debug|Any CPU
		{5908C5C4-5D2E-458F-AEE4-2DBA05CEAF0D}.Debug|Any CPU.Build.0 = Debug|Any CPU
		{5908C5C4-5D2E-458F-AEE4-2DBA05CEAF0D}.Debug|x64.ActiveCfg = Debug|Any CPU
		{5908C5C4-5D2E-458F-AEE4-2DBA05CEAF0D}.Debug|x64.Build.0 = Debug|Any CPU
		{5908C5C4-5D2E-458F-AEE4-2DBA05CEAF0D}.Debug|x86.ActiveCfg = Debug|Any CPU
		{5908C5C4-5D2E-458F-AEE4-2DBA05CEAF0D}.Debug|x86.Build.0 = Debug|Any CPU
		{5908C5C4-5D2E-458F-AEE4-2DBA05CEAF0D}.Release|Any CPU.ActiveCfg = Release|Any CPU
		{5908C5C4-5D2E-458F-AEE4-2DBA05CEAF0D}.Release|Any CPU.Build.0 = Release|Any CPU
		{5908C5C4-5D2E-458F-AEE4-2DBA05CEAF0D}.Release|x64.ActiveCfg = Release|Any CPU
		{5908C5C4-5D2E-458F-AEE4-2DBA05CEAF0D}.Release|x64.Build.0 = Release|Any CPU
		{5908C5C4-5D2E-458F-AEE4-2DBA05CEAF0D}.Release|x86.ActiveCfg = Release|Any CPU
		{5908C5C4-5D2E-458F-AEE4-2DBA05CEAF0D}.Release|x86.Build.0 = Release|Any CPU
		{8D7FBF14-0855-4B18-B7EC-32125C00018E}.Debug|Any CPU.ActiveCfg = Debug|Any CPU
		{8D7FBF14-0855-4B18-B7EC-32125C00018E}.Debug|Any CPU.Build.0 = Debug|Any CPU
		{8D7FBF14-0855-4B18-B7EC-32125C00018E}.Debug|x64.ActiveCfg = Debug|Any CPU
		{8D7FBF14-0855-4B18-B7EC-32125C00018E}.Debug|x64.Build.0 = Debug|Any CPU
		{8D7FBF14-0855-4B18-B7EC-32125C00018E}.Debug|x86.ActiveCfg = Debug|Any CPU
		{8D7FBF14-0855-4B18-B7EC-32125C00018E}.Debug|x86.Build.0 = Debug|Any CPU
		{8D7FBF14-0855-4B18-B7EC-32125C00018E}.Release|Any CPU.ActiveCfg = Release|Any CPU
		{8D7FBF14-0855-4B18-B7EC-32125C00018E}.Release|Any CPU.Build.0 = Release|Any CPU
		{8D7FBF14-0855-4B18-B7EC-32125C00018E}.Release|x64.ActiveCfg = Release|Any CPU
		{8D7FBF14-0855-4B18-B7EC-32125C00018E}.Release|x64.Build.0 = Release|Any CPU
		{8D7FBF14-0855-4B18-B7EC-32125C00018E}.Release|x86.ActiveCfg = Release|Any CPU
		{8D7FBF14-0855-4B18-B7EC-32125C00018E}.Release|x86.Build.0 = Release|Any CPU
		{EAEFFF69-BC89-4EFF-ACBE-7DD0DE30AFEC}.Debug|Any CPU.ActiveCfg = Debug|Any CPU
		{EAEFFF69-BC89-4EFF-ACBE-7DD0DE30AFEC}.Debug|Any CPU.Build.0 = Debug|Any CPU
		{EAEFFF69-BC89-4EFF-ACBE-7DD0DE30AFEC}.Debug|x64.ActiveCfg = Debug|Any CPU
		{EAEFFF69-BC89-4EFF-ACBE-7DD0DE30AFEC}.Debug|x64.Build.0 = Debug|Any CPU
		{EAEFFF69-BC89-4EFF-ACBE-7DD0DE30AFEC}.Debug|x86.ActiveCfg = Debug|Any CPU
		{EAEFFF69-BC89-4EFF-ACBE-7DD0DE30AFEC}.Debug|x86.Build.0 = Debug|Any CPU
		{EAEFFF69-BC89-4EFF-ACBE-7DD0DE30AFEC}.Release|Any CPU.ActiveCfg = Release|Any CPU
		{EAEFFF69-BC89-4EFF-ACBE-7DD0DE30AFEC}.Release|Any CPU.Build.0 = Release|Any CPU
		{EAEFFF69-BC89-4EFF-ACBE-7DD0DE30AFEC}.Release|x64.ActiveCfg = Release|Any CPU
		{EAEFFF69-BC89-4EFF-ACBE-7DD0DE30AFEC}.Release|x64.Build.0 = Release|Any CPU
		{EAEFFF69-BC89-4EFF-ACBE-7DD0DE30AFEC}.Release|x86.ActiveCfg = Release|Any CPU
		{EAEFFF69-BC89-4EFF-ACBE-7DD0DE30AFEC}.Release|x86.Build.0 = Release|Any CPU
		{2CACAD80-8004-47F5-B017-ED147B8404B4}.Debug|Any CPU.ActiveCfg = Debug|Any CPU
		{2CACAD80-8004-47F5-B017-ED147B8404B4}.Debug|Any CPU.Build.0 = Debug|Any CPU
		{2CACAD80-8004-47F5-B017-ED147B8404B4}.Debug|x64.ActiveCfg = Debug|Any CPU
		{2CACAD80-8004-47F5-B017-ED147B8404B4}.Debug|x64.Build.0 = Debug|Any CPU
		{2CACAD80-8004-47F5-B017-ED147B8404B4}.Debug|x86.ActiveCfg = Debug|Any CPU
		{2CACAD80-8004-47F5-B017-ED147B8404B4}.Debug|x86.Build.0 = Debug|Any CPU
		{2CACAD80-8004-47F5-B017-ED147B8404B4}.Release|Any CPU.ActiveCfg = Release|Any CPU
		{2CACAD80-8004-47F5-B017-ED147B8404B4}.Release|Any CPU.Build.0 = Release|Any CPU
		{2CACAD80-8004-47F5-B017-ED147B8404B4}.Release|x64.ActiveCfg = Release|Any CPU
		{2CACAD80-8004-47F5-B017-ED147B8404B4}.Release|x64.Build.0 = Release|Any CPU
		{2CACAD80-8004-47F5-B017-ED147B8404B4}.Release|x86.ActiveCfg = Release|Any CPU
		{2CACAD80-8004-47F5-B017-ED147B8404B4}.Release|x86.Build.0 = Release|Any CPU
		{62EF8D00-8409-4328-A3E9-386C4203823B}.Debug|Any CPU.ActiveCfg = Debug|Any CPU
		{62EF8D00-8409-4328-A3E9-386C4203823B}.Debug|Any CPU.Build.0 = Debug|Any CPU
		{62EF8D00-8409-4328-A3E9-386C4203823B}.Debug|x64.ActiveCfg = Debug|Any CPU
		{62EF8D00-8409-4328-A3E9-386C4203823B}.Debug|x64.Build.0 = Debug|Any CPU
		{62EF8D00-8409-4328-A3E9-386C4203823B}.Debug|x86.ActiveCfg = Debug|Any CPU
		{62EF8D00-8409-4328-A3E9-386C4203823B}.Debug|x86.Build.0 = Debug|Any CPU
		{62EF8D00-8409-4328-A3E9-386C4203823B}.Release|Any CPU.ActiveCfg = Release|Any CPU
		{62EF8D00-8409-4328-A3E9-386C4203823B}.Release|Any CPU.Build.0 = Release|Any CPU
		{62EF8D00-8409-4328-A3E9-386C4203823B}.Release|x64.ActiveCfg = Release|Any CPU
		{62EF8D00-8409-4328-A3E9-386C4203823B}.Release|x64.Build.0 = Release|Any CPU
		{62EF8D00-8409-4328-A3E9-386C4203823B}.Release|x86.ActiveCfg = Release|Any CPU
		{62EF8D00-8409-4328-A3E9-386C4203823B}.Release|x86.Build.0 = Release|Any CPU
		{7C538083-593E-41A7-B1C3-32C75BF59128}.Debug|Any CPU.ActiveCfg = Debug|Any CPU
		{7C538083-593E-41A7-B1C3-32C75BF59128}.Debug|Any CPU.Build.0 = Debug|Any CPU
		{7C538083-593E-41A7-B1C3-32C75BF59128}.Debug|x64.ActiveCfg = Debug|Any CPU
		{7C538083-593E-41A7-B1C3-32C75BF59128}.Debug|x64.Build.0 = Debug|Any CPU
		{7C538083-593E-41A7-B1C3-32C75BF59128}.Debug|x86.ActiveCfg = Debug|Any CPU
		{7C538083-593E-41A7-B1C3-32C75BF59128}.Debug|x86.Build.0 = Debug|Any CPU
		{7C538083-593E-41A7-B1C3-32C75BF59128}.Release|Any CPU.ActiveCfg = Release|Any CPU
		{7C538083-593E-41A7-B1C3-32C75BF59128}.Release|Any CPU.Build.0 = Release|Any CPU
		{7C538083-593E-41A7-B1C3-32C75BF59128}.Release|x64.ActiveCfg = Release|Any CPU
		{7C538083-593E-41A7-B1C3-32C75BF59128}.Release|x64.Build.0 = Release|Any CPU
		{7C538083-593E-41A7-B1C3-32C75BF59128}.Release|x86.ActiveCfg = Release|Any CPU
		{7C538083-593E-41A7-B1C3-32C75BF59128}.Release|x86.Build.0 = Release|Any CPU
	EndGlobalSection
	GlobalSection(SolutionProperties) = preSolution
		HideSolutionNode = FALSE
	EndGlobalSection
	GlobalSection(NestedProjects) = preSolution
		{4080A514-6391-4047-BA26-89EA15FD634D} = {881589EE-639B-0A35-DBCE-5D94E4FC90C0}
		{56FBFDD7-4DD0-B7FE-2F8D-7C2738E87CCB} = {CA253913-39DE-BFD0-C9A3-4B7EC6FBDF17}
		{1CC73FBE-3752-D917-C716-B953B0D3DD5A} = {56FBFDD7-4DD0-B7FE-2F8D-7C2738E87CCB}
		{CC66A6D2-54E9-458D-B0BD-FC0B4106E162} = {1CC73FBE-3752-D917-C716-B953B0D3DD5A}
		{1142782D-7AF6-417C-AEF7-3F68A1CBD4F5} = {1CC73FBE-3752-D917-C716-B953B0D3DD5A}
		{E0606567-FC07-42AF-9E52-5B5C73ACF8F5} = {1CC73FBE-3752-D917-C716-B953B0D3DD5A}
		{FDCC5A84-6025-B470-2256-AD2083B884AA} = {56FBFDD7-4DD0-B7FE-2F8D-7C2738E87CCB}
		{51B42AED-0415-4D96-8E62-173A2450338C} = {FDCC5A84-6025-B470-2256-AD2083B884AA}
		{51D8E6C5-64ED-4E5B-AE98-196E41C2FE9A} = {FDCC5A84-6025-B470-2256-AD2083B884AA}
		{FCB680DC-8429-0E72-1A56-CF0BF525F7B0} = {56FBFDD7-4DD0-B7FE-2F8D-7C2738E87CCB}
		{EE1F1E13-4735-4CE9-98EE-3522BA59EFB8} = {FCB680DC-8429-0E72-1A56-CF0BF525F7B0}
		{3CC89427-1A9B-433C-AF12-E06553313CB4} = {FCB680DC-8429-0E72-1A56-CF0BF525F7B0}
		{3D0E2B6A-965A-24ED-6FD7-87E6626826D3} = {CA253913-39DE-BFD0-C9A3-4B7EC6FBDF17}
		{5E97945B-FEDB-169F-49B0-03EA909327AE} = {3D0E2B6A-965A-24ED-6FD7-87E6626826D3}
		{285FA758-1A15-480E-B848-0A23030CCDD0} = {5E97945B-FEDB-169F-49B0-03EA909327AE}
		{F54DA206-455B-46EB-89C3-C44206B05029} = {5E97945B-FEDB-169F-49B0-03EA909327AE}
		{19CF65D5-8AB3-4E45-9318-32C046C26E3B} = {5E97945B-FEDB-169F-49B0-03EA909327AE}
		{541965AE-7891-C1C0-EA31-E07329543DC2} = {3D0E2B6A-965A-24ED-6FD7-87E6626826D3}
		{81926A79-834A-45A8-8598-B261A8CC12C8} = {541965AE-7891-C1C0-EA31-E07329543DC2}
		{6D52622D-5C4A-43D1-9EAB-77627E58E51D} = {541965AE-7891-C1C0-EA31-E07329543DC2}
		{AC938478-7905-A4DE-3D16-BA7983CAB5D7} = {3D0E2B6A-965A-24ED-6FD7-87E6626826D3}
		{B4115C1E-E39B-4736-97B1-36448D502185} = {AC938478-7905-A4DE-3D16-BA7983CAB5D7}
		{6C7CDE5A-1B91-4DD4-A590-F7751E8AD77A} = {AC938478-7905-A4DE-3D16-BA7983CAB5D7}
		{F4257646-79FE-4606-7053-C991C78B3BA4} = {CA253913-39DE-BFD0-C9A3-4B7EC6FBDF17}
		{DDD777B6-5501-AA3E-330B-35C1D0390F4D} = {F4257646-79FE-4606-7053-C991C78B3BA4}
		{8C7F58F8-07FE-4A8C-8B6F-4E0DB6EAC103} = {DDD777B6-5501-AA3E-330B-35C1D0390F4D}
		{3E4EA5F8-C8F6-4991-B32D-E01007AEFC4F} = {DDD777B6-5501-AA3E-330B-35C1D0390F4D}
		{E9E6A156-4D12-4383-A5E8-4BC70B80EE8B} = {DDD777B6-5501-AA3E-330B-35C1D0390F4D}
		{AEDEA1D2-9A7C-6CA1-B986-6616DFB985D5} = {F4257646-79FE-4606-7053-C991C78B3BA4}
		{13818F37-A992-487E-BD95-AA16F6190BC3} = {AEDEA1D2-9A7C-6CA1-B986-6616DFB985D5}
		{5908C5C4-5D2E-458F-AEE4-2DBA05CEAF0D} = {AEDEA1D2-9A7C-6CA1-B986-6616DFB985D5}
		{D0814F77-8861-44C3-DA37-8F7A9F9C34E5} = {F4257646-79FE-4606-7053-C991C78B3BA4}
		{8D7FBF14-0855-4B18-B7EC-32125C00018E} = {D0814F77-8861-44C3-DA37-8F7A9F9C34E5}
		{EAEFFF69-BC89-4EFF-ACBE-7DD0DE30AFEC} = {D0814F77-8861-44C3-DA37-8F7A9F9C34E5}
		{2CACAD80-8004-47F5-B017-ED147B8404B4} = {06CFFD70-14AA-A959-A3BA-1B15D094E3B1}
		{62EF8D00-8409-4328-A3E9-386C4203823B} = {06CFFD70-14AA-A959-A3BA-1B15D094E3B1}
		{7C538083-593E-41A7-B1C3-32C75BF59128} = {5854FF58-B8C5-05C6-5BF2-ACE42193F22B}
	EndGlobalSection
EndGlobal
