
Microsoft Visual Studio Solution File, Format Version 12.00
# Visual Studio Version 17
VisualStudioVersion = 17.0.31903.59
MinimumVisualStudioVersion = 10.0.40219.1
Project("{2150E333-8FDC-42A3-9474-1A3956D46DE8}") = "Common", "Common", "{63BC2184-6369-4051-9224-ACB2E85A3BFB}"
EndProject
Project("{FAE04EC0-301F-11D3-BF4B-00C04F79EFBC}") = "QuickCode.Demo.Common", "Common\QuickCode.Demo.Common\QuickCode.Demo.Common.csproj", "{B87620A5-82AA-4144-B944-99128E468002}"
EndProject
Project("{2150E333-8FDC-42A3-9474-1A3956D46DE8}") = "Modules", "Modules", "{C967E9CA-DAE9-4EDE-8E66-18109AA414ED}"
EndProject
Project("{2150E333-8FDC-42A3-9474-1A3956D46DE8}") = "UserManagerModule", "UserManagerModule", "{10656FE4-0977-4964-9118-5CCAC5FFA3EC}"
EndProject
Project("{2150E333-8FDC-42A3-9474-1A3956D46DE8}") = "Core", "Core", "{1BEB206D-B56E-4DB3-A658-6AA31FECE997}"
EndProject
Project("{FAE04EC0-301F-11D3-BF4B-00C04F79EFBC}") = "QuickCode.Demo.UserManagerModule.Application", "Modules\UserManagerModule\Core\QuickCode.Demo.UserManagerModule.Application\QuickCode.Demo.UserManagerModule.Application.csproj", "{1E018EEC-1514-4A4C-A14F-A86D6BE6816A}"
EndProject
Project("{FAE04EC0-301F-11D3-BF4B-00C04F79EFBC}") = "QuickCode.Demo.UserManagerModule.Domain", "Modules\UserManagerModule\Core\QuickCode.Demo.UserManagerModule.Domain\QuickCode.Demo.UserManagerModule.Domain.csproj", "{3CC94B99-9BE0-470E-9157-6DCAD100982D}"
EndProject
Project("{2150E333-8FDC-42A3-9474-1A3956D46DE8}") = "Infrastructure", "Infrastructure", "{43E1DEDA-3B73-4EE8-B571-FDBA1C63749D}"
EndProject
Project("{FAE04EC0-301F-11D3-BF4B-00C04F79EFBC}") = "QuickCode.Demo.UserManagerModule.Persistence", "Modules\UserManagerModule\Infrastructure\QuickCode.Demo.UserManagerModule.Persistence\QuickCode.Demo.UserManagerModule.Persistence.csproj", "{6D6E3900-BC5E-4EE2-B87A-4E747022B2CD}"
EndProject
Project("{2150E333-8FDC-42A3-9474-1A3956D46DE8}") = "Presentation", "Presentation", "{15A35AC6-280C-49BE-BC56-0068E30F1954}"
EndProject
Project("{FAE04EC0-301F-11D3-BF4B-00C04F79EFBC}") = "QuickCode.Demo.UserManagerModule.Api", "Modules\UserManagerModule\Presentation\QuickCode.Demo.UserManagerModule.Api\QuickCode.Demo.UserManagerModule.Api.csproj", "{ACF81317-668A-45D5-8B8F-79B83D2BFCB1}"
EndProject
Project("{2150E333-8FDC-42A3-9474-1A3956D46DE8}") = "EmailManagerModule", "EmailManagerModule", "{6307B80D-FF14-4503-8FDD-05361BC460EC}"
EndProject
Project("{2150E333-8FDC-42A3-9474-1A3956D46DE8}") = "Core", "Core", "{4256898C-9108-4CC7-8801-656008990D31}"
EndProject
Project("{FAE04EC0-301F-11D3-BF4B-00C04F79EFBC}") = "QuickCode.Demo.EmailManagerModule.Application", "Modules\EmailManagerModule\Core\QuickCode.Demo.EmailManagerModule.Application\QuickCode.Demo.EmailManagerModule.Application.csproj", "{2BEC7924-6E02-4DA9-9F8F-FCB9D2BC5014}"
EndProject
Project("{FAE04EC0-301F-11D3-BF4B-00C04F79EFBC}") = "QuickCode.Demo.EmailManagerModule.Domain", "Modules\EmailManagerModule\Core\QuickCode.Demo.EmailManagerModule.Domain\QuickCode.Demo.EmailManagerModule.Domain.csproj", "{FFB6ECC7-04A0-46F0-87FE-5C1DF99318C6}"
EndProject
Project("{2150E333-8FDC-42A3-9474-1A3956D46DE8}") = "Infrastructure", "Infrastructure", "{F03ED686-62D3-484A-A303-7EF4DD944158}"
EndProject
Project("{FAE04EC0-301F-11D3-BF4B-00C04F79EFBC}") = "QuickCode.Demo.EmailManagerModule.Persistence", "Modules\EmailManagerModule\Infrastructure\QuickCode.Demo.EmailManagerModule.Persistence\QuickCode.Demo.EmailManagerModule.Persistence.csproj", "{85C7837D-A182-437B-8AE8-6D7F27F15EB0}"
EndProject
Project("{2150E333-8FDC-42A3-9474-1A3956D46DE8}") = "Presentation", "Presentation", "{2F567125-F5D4-4C78-9647-6508AFA8F197}"
EndProject
Project("{FAE04EC0-301F-11D3-BF4B-00C04F79EFBC}") = "QuickCode.Demo.EmailManagerModule.Api", "Modules\EmailManagerModule\Presentation\QuickCode.Demo.EmailManagerModule.Api\QuickCode.Demo.EmailManagerModule.Api.csproj", "{38C22556-DB57-4D48-881C-D867D0DCD31F}"
EndProject
Project("{2150E333-8FDC-42A3-9474-1A3956D46DE8}") = "SmsManagerModule", "SmsManagerModule", "{BB26C502-C5DF-43CC-9167-73E0CFF143AB}"
EndProject
Project("{2150E333-8FDC-42A3-9474-1A3956D46DE8}") = "Core", "Core", "{B1C06246-BFA0-4640-9410-2E64F8CAAD07}"
EndProject
Project("{FAE04EC0-301F-11D3-BF4B-00C04F79EFBC}") = "QuickCode.Demo.SmsManagerModule.Application", "Modules\SmsManagerModule\Core\QuickCode.Demo.SmsManagerModule.Application\QuickCode.Demo.SmsManagerModule.Application.csproj", "{E70E93F9-0CBB-493C-99E4-7CDD54D5E272}"
EndProject
Project("{FAE04EC0-301F-11D3-BF4B-00C04F79EFBC}") = "QuickCode.Demo.SmsManagerModule.Domain", "Modules\SmsManagerModule\Core\QuickCode.Demo.SmsManagerModule.Domain\QuickCode.Demo.SmsManagerModule.Domain.csproj", "{D644878B-74DB-492D-ABFD-3FE1E2968BE1}"
EndProject
Project("{2150E333-8FDC-42A3-9474-1A3956D46DE8}") = "Infrastructure", "Infrastructure", "{BE5AC51E-E20C-45F6-BBA7-DF6D49F6468F}"
EndProject
Project("{FAE04EC0-301F-11D3-BF4B-00C04F79EFBC}") = "QuickCode.Demo.SmsManagerModule.Persistence", "Modules\SmsManagerModule\Infrastructure\QuickCode.Demo.SmsManagerModule.Persistence\QuickCode.Demo.SmsManagerModule.Persistence.csproj", "{2D09F1A2-CC35-4BDA-B98D-3A9E9BC18FB2}"
EndProject
Project("{2150E333-8FDC-42A3-9474-1A3956D46DE8}") = "Presentation", "Presentation", "{2E3138CB-C32E-4C29-BDFD-68EA47817402}"
EndProject
Project("{FAE04EC0-301F-11D3-BF4B-00C04F79EFBC}") = "QuickCode.Demo.SmsManagerModule.Api", "Modules\SmsManagerModule\Presentation\QuickCode.Demo.SmsManagerModule.Api\QuickCode.Demo.SmsManagerModule.Api.csproj", "{F84902F9-1CED-4058-BB86-B9B03EF1D89C}"
EndProject
Project("{2150E333-8FDC-42A3-9474-1A3956D46DE8}") = "Presentation", "Presentation", "{B7D6DAF2-3550-4144-9990-B78ED16D3163}"
EndProject
Project("{FAE04EC0-301F-11D3-BF4B-00C04F79EFBC}") = "QuickCode.Demo.Gateway", "Presentation\QuickCode.Demo.Gateway\QuickCode.Demo.Gateway.csproj", "{794C814F-AA78-45D6-ADD2-CA5F79812CB5}"
EndProject
Project("{FAE04EC0-301F-11D3-BF4B-00C04F79EFBC}") = "QuickCode.Demo.Portal", "Presentation\QuickCode.Demo.Portal\QuickCode.Demo.Portal.csproj", "{266DE3D4-B372-43CE-997F-76FCCEE88051}"
EndProject
Project("{2150E333-8FDC-42A3-9474-1A3956D46DE8}") = "Services", "Services", "{C64032C2-094F-45BC-907A-54D9E1B2C00C}"
EndProject
Project("{FAE04EC0-301F-11D3-BF4B-00C04F79EFBC}") = "QuickCode.Demo.EventListenerService", "Services\QuickCode.Demo.EventListenerService\QuickCode.Demo.EventListenerService.csproj", "{2334CF1F-0FFF-4D7B-B417-CAE434A11478}"
EndProject
Global
	GlobalSection(SolutionConfigurationPlatforms) = preSolution
		Debug|Any CPU = Debug|Any CPU
		Release|Any CPU = Release|Any CPU
	EndGlobalSection
	GlobalSection(SolutionProperties) = preSolution
		HideSolutionNode = FALSE
	EndGlobalSection
	GlobalSection(ProjectConfigurationPlatforms) = postSolution
		{B87620A5-82AA-4144-B944-99128E468002}.Debug|Any CPU.ActiveCfg = Debug|Any CPU
		{B87620A5-82AA-4144-B944-99128E468002}.Debug|Any CPU.Build.0 = Debug|Any CPU
		{B87620A5-82AA-4144-B944-99128E468002}.Release|Any CPU.ActiveCfg = Release|Any CPU
		{B87620A5-82AA-4144-B944-99128E468002}.Release|Any CPU.Build.0 = Release|Any CPU
		{1E018EEC-1514-4A4C-A14F-A86D6BE6816A}.Debug|Any CPU.ActiveCfg = Debug|Any CPU
		{1E018EEC-1514-4A4C-A14F-A86D6BE6816A}.Debug|Any CPU.Build.0 = Debug|Any CPU
		{1E018EEC-1514-4A4C-A14F-A86D6BE6816A}.Release|Any CPU.ActiveCfg = Release|Any CPU
		{1E018EEC-1514-4A4C-A14F-A86D6BE6816A}.Release|Any CPU.Build.0 = Release|Any CPU
		{3CC94B99-9BE0-470E-9157-6DCAD100982D}.Debug|Any CPU.ActiveCfg = Debug|Any CPU
		{3CC94B99-9BE0-470E-9157-6DCAD100982D}.Debug|Any CPU.Build.0 = Debug|Any CPU
		{3CC94B99-9BE0-470E-9157-6DCAD100982D}.Release|Any CPU.ActiveCfg = Release|Any CPU
		{3CC94B99-9BE0-470E-9157-6DCAD100982D}.Release|Any CPU.Build.0 = Release|Any CPU
		{6D6E3900-BC5E-4EE2-B87A-4E747022B2CD}.Debug|Any CPU.ActiveCfg = Debug|Any CPU
		{6D6E3900-BC5E-4EE2-B87A-4E747022B2CD}.Debug|Any CPU.Build.0 = Debug|Any CPU
		{6D6E3900-BC5E-4EE2-B87A-4E747022B2CD}.Release|Any CPU.ActiveCfg = Release|Any CPU
		{6D6E3900-BC5E-4EE2-B87A-4E747022B2CD}.Release|Any CPU.Build.0 = Release|Any CPU
		{ACF81317-668A-45D5-8B8F-79B83D2BFCB1}.Debug|Any CPU.ActiveCfg = Debug|Any CPU
		{ACF81317-668A-45D5-8B8F-79B83D2BFCB1}.Debug|Any CPU.Build.0 = Debug|Any CPU
		{ACF81317-668A-45D5-8B8F-79B83D2BFCB1}.Release|Any CPU.ActiveCfg = Release|Any CPU
		{ACF81317-668A-45D5-8B8F-79B83D2BFCB1}.Release|Any CPU.Build.0 = Release|Any CPU
		{2BEC7924-6E02-4DA9-9F8F-FCB9D2BC5014}.Debug|Any CPU.ActiveCfg = Debug|Any CPU
		{2BEC7924-6E02-4DA9-9F8F-FCB9D2BC5014}.Debug|Any CPU.Build.0 = Debug|Any CPU
		{2BEC7924-6E02-4DA9-9F8F-FCB9D2BC5014}.Release|Any CPU.ActiveCfg = Release|Any CPU
		{2BEC7924-6E02-4DA9-9F8F-FCB9D2BC5014}.Release|Any CPU.Build.0 = Release|Any CPU
		{FFB6ECC7-04A0-46F0-87FE-5C1DF99318C6}.Debug|Any CPU.ActiveCfg = Debug|Any CPU
		{FFB6ECC7-04A0-46F0-87FE-5C1DF99318C6}.Debug|Any CPU.Build.0 = Debug|Any CPU
		{FFB6ECC7-04A0-46F0-87FE-5C1DF99318C6}.Release|Any CPU.ActiveCfg = Release|Any CPU
		{FFB6ECC7-04A0-46F0-87FE-5C1DF99318C6}.Release|Any CPU.Build.0 = Release|Any CPU
		{85C7837D-A182-437B-8AE8-6D7F27F15EB0}.Debug|Any CPU.ActiveCfg = Debug|Any CPU
		{85C7837D-A182-437B-8AE8-6D7F27F15EB0}.Debug|Any CPU.Build.0 = Debug|Any CPU
		{85C7837D-A182-437B-8AE8-6D7F27F15EB0}.Release|Any CPU.ActiveCfg = Release|Any CPU
		{85C7837D-A182-437B-8AE8-6D7F27F15EB0}.Release|Any CPU.Build.0 = Release|Any CPU
		{38C22556-DB57-4D48-881C-D867D0DCD31F}.Debug|Any CPU.ActiveCfg = Debug|Any CPU
		{38C22556-DB57-4D48-881C-D867D0DCD31F}.Debug|Any CPU.Build.0 = Debug|Any CPU
		{38C22556-DB57-4D48-881C-D867D0DCD31F}.Release|Any CPU.ActiveCfg = Release|Any CPU
		{38C22556-DB57-4D48-881C-D867D0DCD31F}.Release|Any CPU.Build.0 = Release|Any CPU
		{E70E93F9-0CBB-493C-99E4-7CDD54D5E272}.Debug|Any CPU.ActiveCfg = Debug|Any CPU
		{E70E93F9-0CBB-493C-99E4-7CDD54D5E272}.Debug|Any CPU.Build.0 = Debug|Any CPU
		{E70E93F9-0CBB-493C-99E4-7CDD54D5E272}.Release|Any CPU.ActiveCfg = Release|Any CPU
		{E70E93F9-0CBB-493C-99E4-7CDD54D5E272}.Release|Any CPU.Build.0 = Release|Any CPU
		{D644878B-74DB-492D-ABFD-3FE1E2968BE1}.Debug|Any CPU.ActiveCfg = Debug|Any CPU
		{D644878B-74DB-492D-ABFD-3FE1E2968BE1}.Debug|Any CPU.Build.0 = Debug|Any CPU
		{D644878B-74DB-492D-ABFD-3FE1E2968BE1}.Release|Any CPU.ActiveCfg = Release|Any CPU
		{D644878B-74DB-492D-ABFD-3FE1E2968BE1}.Release|Any CPU.Build.0 = Release|Any CPU
		{2D09F1A2-CC35-4BDA-B98D-3A9E9BC18FB2}.Debug|Any CPU.ActiveCfg = Debug|Any CPU
		{2D09F1A2-CC35-4BDA-B98D-3A9E9BC18FB2}.Debug|Any CPU.Build.0 = Debug|Any CPU
		{2D09F1A2-CC35-4BDA-B98D-3A9E9BC18FB2}.Release|Any CPU.ActiveCfg = Release|Any CPU
		{2D09F1A2-CC35-4BDA-B98D-3A9E9BC18FB2}.Release|Any CPU.Build.0 = Release|Any CPU
		{F84902F9-1CED-4058-BB86-B9B03EF1D89C}.Debug|Any CPU.ActiveCfg = Debug|Any CPU
		{F84902F9-1CED-4058-BB86-B9B03EF1D89C}.Debug|Any CPU.Build.0 = Debug|Any CPU
		{F84902F9-1CED-4058-BB86-B9B03EF1D89C}.Release|Any CPU.ActiveCfg = Release|Any CPU
		{F84902F9-1CED-4058-BB86-B9B03EF1D89C}.Release|Any CPU.Build.0 = Release|Any CPU
		{794C814F-AA78-45D6-ADD2-CA5F79812CB5}.Debug|Any CPU.ActiveCfg = Debug|Any CPU
		{794C814F-AA78-45D6-ADD2-CA5F79812CB5}.Debug|Any CPU.Build.0 = Debug|Any CPU
		{794C814F-AA78-45D6-ADD2-CA5F79812CB5}.Release|Any CPU.ActiveCfg = Release|Any CPU
		{794C814F-AA78-45D6-ADD2-CA5F79812CB5}.Release|Any CPU.Build.0 = Release|Any CPU
		{266DE3D4-B372-43CE-997F-76FCCEE88051}.Debug|Any CPU.ActiveCfg = Debug|Any CPU
		{266DE3D4-B372-43CE-997F-76FCCEE88051}.Debug|Any CPU.Build.0 = Debug|Any CPU
		{266DE3D4-B372-43CE-997F-76FCCEE88051}.Release|Any CPU.ActiveCfg = Release|Any CPU
		{266DE3D4-B372-43CE-997F-76FCCEE88051}.Release|Any CPU.Build.0 = Release|Any CPU
		{2334CF1F-0FFF-4D7B-B417-CAE434A11478}.Debug|Any CPU.ActiveCfg = Debug|Any CPU
		{2334CF1F-0FFF-4D7B-B417-CAE434A11478}.Debug|Any CPU.Build.0 = Debug|Any CPU
		{2334CF1F-0FFF-4D7B-B417-CAE434A11478}.Release|Any CPU.ActiveCfg = Release|Any CPU
		{2334CF1F-0FFF-4D7B-B417-CAE434A11478}.Release|Any CPU.Build.0 = Release|Any CPU
	EndGlobalSection
	GlobalSection(NestedProjects) = preSolution
		{B87620A5-82AA-4144-B944-99128E468002} = {63BC2184-6369-4051-9224-ACB2E85A3BFB}
		{10656FE4-0977-4964-9118-5CCAC5FFA3EC} = {C967E9CA-DAE9-4EDE-8E66-18109AA414ED}
		{1BEB206D-B56E-4DB3-A658-6AA31FECE997} = {10656FE4-0977-4964-9118-5CCAC5FFA3EC}
		{1E018EEC-1514-4A4C-A14F-A86D6BE6816A} = {1BEB206D-B56E-4DB3-A658-6AA31FECE997}
		{3CC94B99-9BE0-470E-9157-6DCAD100982D} = {1BEB206D-B56E-4DB3-A658-6AA31FECE997}
		{43E1DEDA-3B73-4EE8-B571-FDBA1C63749D} = {10656FE4-0977-4964-9118-5CCAC5FFA3EC}
		{6D6E3900-BC5E-4EE2-B87A-4E747022B2CD} = {43E1DEDA-3B73-4EE8-B571-FDBA1C63749D}
		{15A35AC6-280C-49BE-BC56-0068E30F1954} = {10656FE4-0977-4964-9118-5CCAC5FFA3EC}
		{ACF81317-668A-45D5-8B8F-79B83D2BFCB1} = {15A35AC6-280C-49BE-BC56-0068E30F1954}
		{6307B80D-FF14-4503-8FDD-05361BC460EC} = {C967E9CA-DAE9-4EDE-8E66-18109AA414ED}
		{4256898C-9108-4CC7-8801-656008990D31} = {6307B80D-FF14-4503-8FDD-05361BC460EC}
		{2BEC7924-6E02-4DA9-9F8F-FCB9D2BC5014} = {4256898C-9108-4CC7-8801-656008990D31}
		{FFB6ECC7-04A0-46F0-87FE-5C1DF99318C6} = {4256898C-9108-4CC7-8801-656008990D31}
		{F03ED686-62D3-484A-A303-7EF4DD944158} = {6307B80D-FF14-4503-8FDD-05361BC460EC}
		{85C7837D-A182-437B-8AE8-6D7F27F15EB0} = {F03ED686-62D3-484A-A303-7EF4DD944158}
		{2F567125-F5D4-4C78-9647-6508AFA8F197} = {6307B80D-FF14-4503-8FDD-05361BC460EC}
		{38C22556-DB57-4D48-881C-D867D0DCD31F} = {2F567125-F5D4-4C78-9647-6508AFA8F197}
		{BB26C502-C5DF-43CC-9167-73E0CFF143AB} = {C967E9CA-DAE9-4EDE-8E66-18109AA414ED}
		{B1C06246-BFA0-4640-9410-2E64F8CAAD07} = {BB26C502-C5DF-43CC-9167-73E0CFF143AB}
		{E70E93F9-0CBB-493C-99E4-7CDD54D5E272} = {B1C06246-BFA0-4640-9410-2E64F8CAAD07}
		{D644878B-74DB-492D-ABFD-3FE1E2968BE1} = {B1C06246-BFA0-4640-9410-2E64F8CAAD07}
		{BE5AC51E-E20C-45F6-BBA7-DF6D49F6468F} = {BB26C502-C5DF-43CC-9167-73E0CFF143AB}
		{2D09F1A2-CC35-4BDA-B98D-3A9E9BC18FB2} = {BE5AC51E-E20C-45F6-BBA7-DF6D49F6468F}
		{2E3138CB-C32E-4C29-BDFD-68EA47817402} = {BB26C502-C5DF-43CC-9167-73E0CFF143AB}
		{F84902F9-1CED-4058-BB86-B9B03EF1D89C} = {2E3138CB-C32E-4C29-BDFD-68EA47817402}
		{794C814F-AA78-45D6-ADD2-CA5F79812CB5} = {B7D6DAF2-3550-4144-9990-B78ED16D3163}
		{266DE3D4-B372-43CE-997F-76FCCEE88051} = {B7D6DAF2-3550-4144-9990-B78ED16D3163}
		{2334CF1F-0FFF-4D7B-B417-CAE434A11478} = {C64032C2-094F-45BC-907A-54D9E1B2C00C}
	EndGlobalSection
EndGlobal
