
Microsoft Visual Studio Solution File, Format Version 12.00
# Visual Studio Version 17
VisualStudioVersion = 17.0.31903.59
MinimumVisualStudioVersion = 10.0.40219.1
Project("{2150E333-8FDC-42A3-9474-1A3956D46DE8}") = "Common", "Common", "{881589EE-639B-0A35-DBCE-5D94E4FC90C0}"
EndProject
Project("{FAE04EC0-301F-11D3-BF4B-00C04F79EFBC}") = "QuickCode.Demo.Common", "Common\QuickCode.Demo.Common\QuickCode.Demo.Common.csproj", "{47B08267-46EF-4F4A-9781-2EADE8D4F277}"
EndProject
Project("{2150E333-8FDC-42A3-9474-1A3956D46DE8}") = "Modules", "Modules", "{CA253913-39DE-BFD0-C9A3-4B7EC6FBDF17}"
EndProject
Project("{2150E333-8FDC-42A3-9474-1A3956D46DE8}") = "UserManagerModule", "UserManagerModule", "{56FBFDD7-4DD0-B7FE-2F8D-7C2738E87CCB}"
EndProject
Project("{2150E333-8FDC-42A3-9474-1A3956D46DE8}") = "Core", "Core", "{1CC73FBE-3752-D917-C716-B953B0D3DD5A}"
EndProject
Project("{FAE04EC0-301F-11D3-BF4B-00C04F79EFBC}") = "QuickCode.Demo.UserManagerModule.Application", "Modules\UserManagerModule\Core\QuickCode.Demo.UserManagerModule.Application\QuickCode.Demo.UserManagerModule.Application.csproj", "{669697D3-83AA-4AE3-A6D4-9BA85775D448}"
EndProject
Project("{FAE04EC0-301F-11D3-BF4B-00C04F79EFBC}") = "QuickCode.Demo.UserManagerModule.Application.Tests.g", "Modules\UserManagerModule\Core\QuickCode.Demo.UserManagerModule.Application.Tests\QuickCode.Demo.UserManagerModule.Application.Tests.g.csproj", "{9261DED7-D313-4F80-B855-98B8236B89B2}"
EndProject
Project("{FAE04EC0-301F-11D3-BF4B-00C04F79EFBC}") = "QuickCode.Demo.UserManagerModule.Domain", "Modules\UserManagerModule\Core\QuickCode.Demo.UserManagerModule.Domain\QuickCode.Demo.UserManagerModule.Domain.csproj", "{71EA0EA1-3E87-4A9B-A6B8-B8B2667C38F8}"
EndProject
Project("{2150E333-8FDC-42A3-9474-1A3956D46DE8}") = "Infrastructure", "Infrastructure", "{FDCC5A84-6025-B470-2256-AD2083B884AA}"
EndProject
Project("{FAE04EC0-301F-11D3-BF4B-00C04F79EFBC}") = "QuickCode.Demo.UserManagerModule.Persistence", "Modules\UserManagerModule\Infrastructure\QuickCode.Demo.UserManagerModule.Persistence\QuickCode.Demo.UserManagerModule.Persistence.csproj", "{31923569-C688-4F78-8D66-3FC392860057}"
EndProject
Project("{FAE04EC0-301F-11D3-BF4B-00C04F79EFBC}") = "QuickCode.Demo.UserManagerModule.Persistence.Tests.g", "Modules\UserManagerModule\Infrastructure\QuickCode.Demo.UserManagerModule.Persistence.Tests\QuickCode.Demo.UserManagerModule.Persistence.Tests.g.csproj", "{31CD0376-EB52-4E67-A811-CB893FBB0A96}"
EndProject
Project("{2150E333-8FDC-42A3-9474-1A3956D46DE8}") = "Presentation", "Presentation", "{FCB680DC-8429-0E72-1A56-CF0BF525F7B0}"
EndProject
Project("{FAE04EC0-301F-11D3-BF4B-00C04F79EFBC}") = "QuickCode.Demo.UserManagerModule.Api", "Modules\UserManagerModule\Presentation\QuickCode.Demo.UserManagerModule.Api\QuickCode.Demo.UserManagerModule.Api.csproj", "{494B1229-C0F8-4BA1-B2EF-91C99C8BFDA4}"
EndProject
Project("{FAE04EC0-301F-11D3-BF4B-00C04F79EFBC}") = "QuickCode.Demo.UserManagerModule.Api.Tests.g", "Modules\UserManagerModule\Presentation\QuickCode.Demo.UserManagerModule.Api.Tests\QuickCode.Demo.UserManagerModule.Api.Tests.g.csproj", "{E2651481-4DC5-46EC-B6AB-9305C91899EE}"
EndProject
Project("{2150E333-8FDC-42A3-9474-1A3956D46DE8}") = "EmailManagerModule", "EmailManagerModule", "{3D0E2B6A-965A-24ED-6FD7-87E6626826D3}"
EndProject
Project("{2150E333-8FDC-42A3-9474-1A3956D46DE8}") = "Core", "Core", "{5E97945B-FEDB-169F-49B0-03EA909327AE}"
EndProject
Project("{FAE04EC0-301F-11D3-BF4B-00C04F79EFBC}") = "QuickCode.Demo.EmailManagerModule.Application", "Modules\EmailManagerModule\Core\QuickCode.Demo.EmailManagerModule.Application\QuickCode.Demo.EmailManagerModule.Application.csproj", "{1F94C6FE-4839-47F2-ABDD-9A2EC08D71F0}"
EndProject
Project("{FAE04EC0-301F-11D3-BF4B-00C04F79EFBC}") = "QuickCode.Demo.EmailManagerModule.Application.Tests.g", "Modules\EmailManagerModule\Core\QuickCode.Demo.EmailManagerModule.Application.Tests\QuickCode.Demo.EmailManagerModule.Application.Tests.g.csproj", "{5E8E260D-8932-404A-AF9C-0E8F3D9071F2}"
EndProject
Project("{FAE04EC0-301F-11D3-BF4B-00C04F79EFBC}") = "QuickCode.Demo.EmailManagerModule.Domain", "Modules\EmailManagerModule\Core\QuickCode.Demo.EmailManagerModule.Domain\QuickCode.Demo.EmailManagerModule.Domain.csproj", "{94A3A002-9BBD-494A-A09B-FC825EEE1AE8}"
EndProject
Project("{2150E333-8FDC-42A3-9474-1A3956D46DE8}") = "Infrastructure", "Infrastructure", "{541965AE-7891-C1C0-EA31-E07329543DC2}"
EndProject
Project("{FAE04EC0-301F-11D3-BF4B-00C04F79EFBC}") = "QuickCode.Demo.EmailManagerModule.Persistence", "Modules\EmailManagerModule\Infrastructure\QuickCode.Demo.EmailManagerModule.Persistence\QuickCode.Demo.EmailManagerModule.Persistence.csproj", "{53B81B55-3F0C-4AB5-8204-53662852B35E}"
EndProject
Project("{FAE04EC0-301F-11D3-BF4B-00C04F79EFBC}") = "QuickCode.Demo.EmailManagerModule.Persistence.Tests.g", "Modules\EmailManagerModule\Infrastructure\QuickCode.Demo.EmailManagerModule.Persistence.Tests\QuickCode.Demo.EmailManagerModule.Persistence.Tests.g.csproj", "{86E493B2-1F24-442F-BF7D-899E72300E40}"
EndProject
Project("{2150E333-8FDC-42A3-9474-1A3956D46DE8}") = "Presentation", "Presentation", "{AC938478-7905-A4DE-3D16-BA7983CAB5D7}"
EndProject
Project("{FAE04EC0-301F-11D3-BF4B-00C04F79EFBC}") = "QuickCode.Demo.EmailManagerModule.Api", "Modules\EmailManagerModule\Presentation\QuickCode.Demo.EmailManagerModule.Api\QuickCode.Demo.EmailManagerModule.Api.csproj", "{AD58729A-A725-4803-BE1A-5DDDA64B942B}"
EndProject
Project("{FAE04EC0-301F-11D3-BF4B-00C04F79EFBC}") = "QuickCode.Demo.EmailManagerModule.Api.Tests.g", "Modules\EmailManagerModule\Presentation\QuickCode.Demo.EmailManagerModule.Api.Tests\QuickCode.Demo.EmailManagerModule.Api.Tests.g.csproj", "{5F766617-FFFD-4CF2-BE09-01423A8C24D9}"
EndProject
Project("{2150E333-8FDC-42A3-9474-1A3956D46DE8}") = "SmsManagerModule", "SmsManagerModule", "{F4257646-79FE-4606-7053-C991C78B3BA4}"
EndProject
Project("{2150E333-8FDC-42A3-9474-1A3956D46DE8}") = "Core", "Core", "{DDD777B6-5501-AA3E-330B-35C1D0390F4D}"
EndProject
Project("{FAE04EC0-301F-11D3-BF4B-00C04F79EFBC}") = "QuickCode.Demo.SmsManagerModule.Application", "Modules\SmsManagerModule\Core\QuickCode.Demo.SmsManagerModule.Application\QuickCode.Demo.SmsManagerModule.Application.csproj", "{2F067829-5584-4174-B1D1-47F1053F66B9}"
EndProject
Project("{FAE04EC0-301F-11D3-BF4B-00C04F79EFBC}") = "QuickCode.Demo.SmsManagerModule.Application.Tests.g", "Modules\SmsManagerModule\Core\QuickCode.Demo.SmsManagerModule.Application.Tests\QuickCode.Demo.SmsManagerModule.Application.Tests.g.csproj", "{BDCAEFFF-2E3C-4A14-8F35-C44BC2586906}"
EndProject
Project("{FAE04EC0-301F-11D3-BF4B-00C04F79EFBC}") = "QuickCode.Demo.SmsManagerModule.Domain", "Modules\SmsManagerModule\Core\QuickCode.Demo.SmsManagerModule.Domain\QuickCode.Demo.SmsManagerModule.Domain.csproj", "{0C08B25C-844C-4230-BCEC-05C06EF6160F}"
EndProject
Project("{2150E333-8FDC-42A3-9474-1A3956D46DE8}") = "Infrastructure", "Infrastructure", "{AEDEA1D2-9A7C-6CA1-B986-6616DFB985D5}"
EndProject
Project("{FAE04EC0-301F-11D3-BF4B-00C04F79EFBC}") = "QuickCode.Demo.SmsManagerModule.Persistence", "Modules\SmsManagerModule\Infrastructure\QuickCode.Demo.SmsManagerModule.Persistence\QuickCode.Demo.SmsManagerModule.Persistence.csproj", "{A5E01F41-E347-42D3-AAAA-5AF8D7ADBFB2}"
EndProject
Project("{FAE04EC0-301F-11D3-BF4B-00C04F79EFBC}") = "QuickCode.Demo.SmsManagerModule.Persistence.Tests.g", "Modules\SmsManagerModule\Infrastructure\QuickCode.Demo.SmsManagerModule.Persistence.Tests\QuickCode.Demo.SmsManagerModule.Persistence.Tests.g.csproj", "{C12ECF8D-B217-4633-91A7-CF3C82C22656}"
EndProject
Project("{2150E333-8FDC-42A3-9474-1A3956D46DE8}") = "Presentation", "Presentation", "{D0814F77-8861-44C3-DA37-8F7A9F9C34E5}"
EndProject
Project("{FAE04EC0-301F-11D3-BF4B-00C04F79EFBC}") = "QuickCode.Demo.SmsManagerModule.Api", "Modules\SmsManagerModule\Presentation\QuickCode.Demo.SmsManagerModule.Api\QuickCode.Demo.SmsManagerModule.Api.csproj", "{D13DEF31-8895-421D-B17A-8270DE3D9321}"
EndProject
Project("{FAE04EC0-301F-11D3-BF4B-00C04F79EFBC}") = "QuickCode.Demo.SmsManagerModule.Api.Tests.g", "Modules\SmsManagerModule\Presentation\QuickCode.Demo.SmsManagerModule.Api.Tests\QuickCode.Demo.SmsManagerModule.Api.Tests.g.csproj", "{BB49B8B3-6F40-4126-8F6C-573C8BF14ECE}"
EndProject
Project("{2150E333-8FDC-42A3-9474-1A3956D46DE8}") = "Presentation", "Presentation", "{06CFFD70-14AA-A959-A3BA-1B15D094E3B1}"
EndProject
Project("{FAE04EC0-301F-11D3-BF4B-00C04F79EFBC}") = "QuickCode.Demo.Gateway", "Presentation\QuickCode.Demo.Gateway\QuickCode.Demo.Gateway.csproj", "{140148A3-AF53-4681-8527-CE59F565787C}"
EndProject
Project("{FAE04EC0-301F-11D3-BF4B-00C04F79EFBC}") = "QuickCode.Demo.Portal", "Presentation\QuickCode.Demo.Portal\QuickCode.Demo.Portal.csproj", "{4EA781A2-BFE1-4183-8FE5-21E7CC012779}"
EndProject
Project("{2150E333-8FDC-42A3-9474-1A3956D46DE8}") = "Services", "Services", "{5854FF58-B8C5-05C6-5BF2-ACE42193F22B}"
EndProject
Project("{FAE04EC0-301F-11D3-BF4B-00C04F79EFBC}") = "QuickCode.Demo.EventListenerService", "Services\QuickCode.Demo.EventListenerService\QuickCode.Demo.EventListenerService.csproj", "{513C2751-9EDD-4B5A-AD36-52453AF90A03}"
EndProject
Global
	GlobalSection(SolutionConfigurationPlatforms) = preSolution
		Debug|Any CPU = Debug|Any CPU
		Debug|x64 = Debug|x64
		Debug|x86 = Debug|x86
		Release|Any CPU = Release|Any CPU
		Release|x64 = Release|x64
		Release|x86 = Release|x86
	EndGlobalSection
	GlobalSection(ProjectConfigurationPlatforms) = postSolution
		{47B08267-46EF-4F4A-9781-2EADE8D4F277}.Debug|Any CPU.ActiveCfg = Debug|Any CPU
		{47B08267-46EF-4F4A-9781-2EADE8D4F277}.Debug|Any CPU.Build.0 = Debug|Any CPU
		{47B08267-46EF-4F4A-9781-2EADE8D4F277}.Debug|x64.ActiveCfg = Debug|Any CPU
		{47B08267-46EF-4F4A-9781-2EADE8D4F277}.Debug|x64.Build.0 = Debug|Any CPU
		{47B08267-46EF-4F4A-9781-2EADE8D4F277}.Debug|x86.ActiveCfg = Debug|Any CPU
		{47B08267-46EF-4F4A-9781-2EADE8D4F277}.Debug|x86.Build.0 = Debug|Any CPU
		{47B08267-46EF-4F4A-9781-2EADE8D4F277}.Release|Any CPU.ActiveCfg = Release|Any CPU
		{47B08267-46EF-4F4A-9781-2EADE8D4F277}.Release|Any CPU.Build.0 = Release|Any CPU
		{47B08267-46EF-4F4A-9781-2EADE8D4F277}.Release|x64.ActiveCfg = Release|Any CPU
		{47B08267-46EF-4F4A-9781-2EADE8D4F277}.Release|x64.Build.0 = Release|Any CPU
		{47B08267-46EF-4F4A-9781-2EADE8D4F277}.Release|x86.ActiveCfg = Release|Any CPU
		{47B08267-46EF-4F4A-9781-2EADE8D4F277}.Release|x86.Build.0 = Release|Any CPU
		{669697D3-83AA-4AE3-A6D4-9BA85775D448}.Debug|Any CPU.ActiveCfg = Debug|Any CPU
		{669697D3-83AA-4AE3-A6D4-9BA85775D448}.Debug|Any CPU.Build.0 = Debug|Any CPU
		{669697D3-83AA-4AE3-A6D4-9BA85775D448}.Debug|x64.ActiveCfg = Debug|Any CPU
		{669697D3-83AA-4AE3-A6D4-9BA85775D448}.Debug|x64.Build.0 = Debug|Any CPU
		{669697D3-83AA-4AE3-A6D4-9BA85775D448}.Debug|x86.ActiveCfg = Debug|Any CPU
		{669697D3-83AA-4AE3-A6D4-9BA85775D448}.Debug|x86.Build.0 = Debug|Any CPU
		{669697D3-83AA-4AE3-A6D4-9BA85775D448}.Release|Any CPU.ActiveCfg = Release|Any CPU
		{669697D3-83AA-4AE3-A6D4-9BA85775D448}.Release|Any CPU.Build.0 = Release|Any CPU
		{669697D3-83AA-4AE3-A6D4-9BA85775D448}.Release|x64.ActiveCfg = Release|Any CPU
		{669697D3-83AA-4AE3-A6D4-9BA85775D448}.Release|x64.Build.0 = Release|Any CPU
		{669697D3-83AA-4AE3-A6D4-9BA85775D448}.Release|x86.ActiveCfg = Release|Any CPU
		{669697D3-83AA-4AE3-A6D4-9BA85775D448}.Release|x86.Build.0 = Release|Any CPU
		{9261DED7-D313-4F80-B855-98B8236B89B2}.Debug|Any CPU.ActiveCfg = Debug|Any CPU
		{9261DED7-D313-4F80-B855-98B8236B89B2}.Debug|Any CPU.Build.0 = Debug|Any CPU
		{9261DED7-D313-4F80-B855-98B8236B89B2}.Debug|x64.ActiveCfg = Debug|Any CPU
		{9261DED7-D313-4F80-B855-98B8236B89B2}.Debug|x64.Build.0 = Debug|Any CPU
		{9261DED7-D313-4F80-B855-98B8236B89B2}.Debug|x86.ActiveCfg = Debug|Any CPU
		{9261DED7-D313-4F80-B855-98B8236B89B2}.Debug|x86.Build.0 = Debug|Any CPU
		{9261DED7-D313-4F80-B855-98B8236B89B2}.Release|Any CPU.ActiveCfg = Release|Any CPU
		{9261DED7-D313-4F80-B855-98B8236B89B2}.Release|Any CPU.Build.0 = Release|Any CPU
		{9261DED7-D313-4F80-B855-98B8236B89B2}.Release|x64.ActiveCfg = Release|Any CPU
		{9261DED7-D313-4F80-B855-98B8236B89B2}.Release|x64.Build.0 = Release|Any CPU
		{9261DED7-D313-4F80-B855-98B8236B89B2}.Release|x86.ActiveCfg = Release|Any CPU
		{9261DED7-D313-4F80-B855-98B8236B89B2}.Release|x86.Build.0 = Release|Any CPU
		{71EA0EA1-3E87-4A9B-A6B8-B8B2667C38F8}.Debug|Any CPU.ActiveCfg = Debug|Any CPU
		{71EA0EA1-3E87-4A9B-A6B8-B8B2667C38F8}.Debug|Any CPU.Build.0 = Debug|Any CPU
		{71EA0EA1-3E87-4A9B-A6B8-B8B2667C38F8}.Debug|x64.ActiveCfg = Debug|Any CPU
		{71EA0EA1-3E87-4A9B-A6B8-B8B2667C38F8}.Debug|x64.Build.0 = Debug|Any CPU
		{71EA0EA1-3E87-4A9B-A6B8-B8B2667C38F8}.Debug|x86.ActiveCfg = Debug|Any CPU
		{71EA0EA1-3E87-4A9B-A6B8-B8B2667C38F8}.Debug|x86.Build.0 = Debug|Any CPU
		{71EA0EA1-3E87-4A9B-A6B8-B8B2667C38F8}.Release|Any CPU.ActiveCfg = Release|Any CPU
		{71EA0EA1-3E87-4A9B-A6B8-B8B2667C38F8}.Release|Any CPU.Build.0 = Release|Any CPU
		{71EA0EA1-3E87-4A9B-A6B8-B8B2667C38F8}.Release|x64.ActiveCfg = Release|Any CPU
		{71EA0EA1-3E87-4A9B-A6B8-B8B2667C38F8}.Release|x64.Build.0 = Release|Any CPU
		{71EA0EA1-3E87-4A9B-A6B8-B8B2667C38F8}.Release|x86.ActiveCfg = Release|Any CPU
		{71EA0EA1-3E87-4A9B-A6B8-B8B2667C38F8}.Release|x86.Build.0 = Release|Any CPU
		{31923569-C688-4F78-8D66-3FC392860057}.Debug|Any CPU.ActiveCfg = Debug|Any CPU
		{31923569-C688-4F78-8D66-3FC392860057}.Debug|Any CPU.Build.0 = Debug|Any CPU
		{31923569-C688-4F78-8D66-3FC392860057}.Debug|x64.ActiveCfg = Debug|Any CPU
		{31923569-C688-4F78-8D66-3FC392860057}.Debug|x64.Build.0 = Debug|Any CPU
		{31923569-C688-4F78-8D66-3FC392860057}.Debug|x86.ActiveCfg = Debug|Any CPU
		{31923569-C688-4F78-8D66-3FC392860057}.Debug|x86.Build.0 = Debug|Any CPU
		{31923569-C688-4F78-8D66-3FC392860057}.Release|Any CPU.ActiveCfg = Release|Any CPU
		{31923569-C688-4F78-8D66-3FC392860057}.Release|Any CPU.Build.0 = Release|Any CPU
		{31923569-C688-4F78-8D66-3FC392860057}.Release|x64.ActiveCfg = Release|Any CPU
		{31923569-C688-4F78-8D66-3FC392860057}.Release|x64.Build.0 = Release|Any CPU
		{31923569-C688-4F78-8D66-3FC392860057}.Release|x86.ActiveCfg = Release|Any CPU
		{31923569-C688-4F78-8D66-3FC392860057}.Release|x86.Build.0 = Release|Any CPU
		{31CD0376-EB52-4E67-A811-CB893FBB0A96}.Debug|Any CPU.ActiveCfg = Debug|Any CPU
		{31CD0376-EB52-4E67-A811-CB893FBB0A96}.Debug|Any CPU.Build.0 = Debug|Any CPU
		{31CD0376-EB52-4E67-A811-CB893FBB0A96}.Debug|x64.ActiveCfg = Debug|Any CPU
		{31CD0376-EB52-4E67-A811-CB893FBB0A96}.Debug|x64.Build.0 = Debug|Any CPU
		{31CD0376-EB52-4E67-A811-CB893FBB0A96}.Debug|x86.ActiveCfg = Debug|Any CPU
		{31CD0376-EB52-4E67-A811-CB893FBB0A96}.Debug|x86.Build.0 = Debug|Any CPU
		{31CD0376-EB52-4E67-A811-CB893FBB0A96}.Release|Any CPU.ActiveCfg = Release|Any CPU
		{31CD0376-EB52-4E67-A811-CB893FBB0A96}.Release|Any CPU.Build.0 = Release|Any CPU
		{31CD0376-EB52-4E67-A811-CB893FBB0A96}.Release|x64.ActiveCfg = Release|Any CPU
		{31CD0376-EB52-4E67-A811-CB893FBB0A96}.Release|x64.Build.0 = Release|Any CPU
		{31CD0376-EB52-4E67-A811-CB893FBB0A96}.Release|x86.ActiveCfg = Release|Any CPU
		{31CD0376-EB52-4E67-A811-CB893FBB0A96}.Release|x86.Build.0 = Release|Any CPU
		{494B1229-C0F8-4BA1-B2EF-91C99C8BFDA4}.Debug|Any CPU.ActiveCfg = Debug|Any CPU
		{494B1229-C0F8-4BA1-B2EF-91C99C8BFDA4}.Debug|Any CPU.Build.0 = Debug|Any CPU
		{494B1229-C0F8-4BA1-B2EF-91C99C8BFDA4}.Debug|x64.ActiveCfg = Debug|Any CPU
		{494B1229-C0F8-4BA1-B2EF-91C99C8BFDA4}.Debug|x64.Build.0 = Debug|Any CPU
		{494B1229-C0F8-4BA1-B2EF-91C99C8BFDA4}.Debug|x86.ActiveCfg = Debug|Any CPU
		{494B1229-C0F8-4BA1-B2EF-91C99C8BFDA4}.Debug|x86.Build.0 = Debug|Any CPU
		{494B1229-C0F8-4BA1-B2EF-91C99C8BFDA4}.Release|Any CPU.ActiveCfg = Release|Any CPU
		{494B1229-C0F8-4BA1-B2EF-91C99C8BFDA4}.Release|Any CPU.Build.0 = Release|Any CPU
		{494B1229-C0F8-4BA1-B2EF-91C99C8BFDA4}.Release|x64.ActiveCfg = Release|Any CPU
		{494B1229-C0F8-4BA1-B2EF-91C99C8BFDA4}.Release|x64.Build.0 = Release|Any CPU
		{494B1229-C0F8-4BA1-B2EF-91C99C8BFDA4}.Release|x86.ActiveCfg = Release|Any CPU
		{494B1229-C0F8-4BA1-B2EF-91C99C8BFDA4}.Release|x86.Build.0 = Release|Any CPU
		{E2651481-4DC5-46EC-B6AB-9305C91899EE}.Debug|Any CPU.ActiveCfg = Debug|Any CPU
		{E2651481-4DC5-46EC-B6AB-9305C91899EE}.Debug|Any CPU.Build.0 = Debug|Any CPU
		{E2651481-4DC5-46EC-B6AB-9305C91899EE}.Debug|x64.ActiveCfg = Debug|Any CPU
		{E2651481-4DC5-46EC-B6AB-9305C91899EE}.Debug|x64.Build.0 = Debug|Any CPU
		{E2651481-4DC5-46EC-B6AB-9305C91899EE}.Debug|x86.ActiveCfg = Debug|Any CPU
		{E2651481-4DC5-46EC-B6AB-9305C91899EE}.Debug|x86.Build.0 = Debug|Any CPU
		{E2651481-4DC5-46EC-B6AB-9305C91899EE}.Release|Any CPU.ActiveCfg = Release|Any CPU
		{E2651481-4DC5-46EC-B6AB-9305C91899EE}.Release|Any CPU.Build.0 = Release|Any CPU
		{E2651481-4DC5-46EC-B6AB-9305C91899EE}.Release|x64.ActiveCfg = Release|Any CPU
		{E2651481-4DC5-46EC-B6AB-9305C91899EE}.Release|x64.Build.0 = Release|Any CPU
		{E2651481-4DC5-46EC-B6AB-9305C91899EE}.Release|x86.ActiveCfg = Release|Any CPU
		{E2651481-4DC5-46EC-B6AB-9305C91899EE}.Release|x86.Build.0 = Release|Any CPU
		{1F94C6FE-4839-47F2-ABDD-9A2EC08D71F0}.Debug|Any CPU.ActiveCfg = Debug|Any CPU
		{1F94C6FE-4839-47F2-ABDD-9A2EC08D71F0}.Debug|Any CPU.Build.0 = Debug|Any CPU
		{1F94C6FE-4839-47F2-ABDD-9A2EC08D71F0}.Debug|x64.ActiveCfg = Debug|Any CPU
		{1F94C6FE-4839-47F2-ABDD-9A2EC08D71F0}.Debug|x64.Build.0 = Debug|Any CPU
		{1F94C6FE-4839-47F2-ABDD-9A2EC08D71F0}.Debug|x86.ActiveCfg = Debug|Any CPU
		{1F94C6FE-4839-47F2-ABDD-9A2EC08D71F0}.Debug|x86.Build.0 = Debug|Any CPU
		{1F94C6FE-4839-47F2-ABDD-9A2EC08D71F0}.Release|Any CPU.ActiveCfg = Release|Any CPU
		{1F94C6FE-4839-47F2-ABDD-9A2EC08D71F0}.Release|Any CPU.Build.0 = Release|Any CPU
		{1F94C6FE-4839-47F2-ABDD-9A2EC08D71F0}.Release|x64.ActiveCfg = Release|Any CPU
		{1F94C6FE-4839-47F2-ABDD-9A2EC08D71F0}.Release|x64.Build.0 = Release|Any CPU
		{1F94C6FE-4839-47F2-ABDD-9A2EC08D71F0}.Release|x86.ActiveCfg = Release|Any CPU
		{1F94C6FE-4839-47F2-ABDD-9A2EC08D71F0}.Release|x86.Build.0 = Release|Any CPU
		{5E8E260D-8932-404A-AF9C-0E8F3D9071F2}.Debug|Any CPU.ActiveCfg = Debug|Any CPU
		{5E8E260D-8932-404A-AF9C-0E8F3D9071F2}.Debug|Any CPU.Build.0 = Debug|Any CPU
		{5E8E260D-8932-404A-AF9C-0E8F3D9071F2}.Debug|x64.ActiveCfg = Debug|Any CPU
		{5E8E260D-8932-404A-AF9C-0E8F3D9071F2}.Debug|x64.Build.0 = Debug|Any CPU
		{5E8E260D-8932-404A-AF9C-0E8F3D9071F2}.Debug|x86.ActiveCfg = Debug|Any CPU
		{5E8E260D-8932-404A-AF9C-0E8F3D9071F2}.Debug|x86.Build.0 = Debug|Any CPU
		{5E8E260D-8932-404A-AF9C-0E8F3D9071F2}.Release|Any CPU.ActiveCfg = Release|Any CPU
		{5E8E260D-8932-404A-AF9C-0E8F3D9071F2}.Release|Any CPU.Build.0 = Release|Any CPU
		{5E8E260D-8932-404A-AF9C-0E8F3D9071F2}.Release|x64.ActiveCfg = Release|Any CPU
		{5E8E260D-8932-404A-AF9C-0E8F3D9071F2}.Release|x64.Build.0 = Release|Any CPU
		{5E8E260D-8932-404A-AF9C-0E8F3D9071F2}.Release|x86.ActiveCfg = Release|Any CPU
		{5E8E260D-8932-404A-AF9C-0E8F3D9071F2}.Release|x86.Build.0 = Release|Any CPU
		{94A3A002-9BBD-494A-A09B-FC825EEE1AE8}.Debug|Any CPU.ActiveCfg = Debug|Any CPU
		{94A3A002-9BBD-494A-A09B-FC825EEE1AE8}.Debug|Any CPU.Build.0 = Debug|Any CPU
		{94A3A002-9BBD-494A-A09B-FC825EEE1AE8}.Debug|x64.ActiveCfg = Debug|Any CPU
		{94A3A002-9BBD-494A-A09B-FC825EEE1AE8}.Debug|x64.Build.0 = Debug|Any CPU
		{94A3A002-9BBD-494A-A09B-FC825EEE1AE8}.Debug|x86.ActiveCfg = Debug|Any CPU
		{94A3A002-9BBD-494A-A09B-FC825EEE1AE8}.Debug|x86.Build.0 = Debug|Any CPU
		{94A3A002-9BBD-494A-A09B-FC825EEE1AE8}.Release|Any CPU.ActiveCfg = Release|Any CPU
		{94A3A002-9BBD-494A-A09B-FC825EEE1AE8}.Release|Any CPU.Build.0 = Release|Any CPU
		{94A3A002-9BBD-494A-A09B-FC825EEE1AE8}.Release|x64.ActiveCfg = Release|Any CPU
		{94A3A002-9BBD-494A-A09B-FC825EEE1AE8}.Release|x64.Build.0 = Release|Any CPU
		{94A3A002-9BBD-494A-A09B-FC825EEE1AE8}.Release|x86.ActiveCfg = Release|Any CPU
		{94A3A002-9BBD-494A-A09B-FC825EEE1AE8}.Release|x86.Build.0 = Release|Any CPU
		{53B81B55-3F0C-4AB5-8204-53662852B35E}.Debug|Any CPU.ActiveCfg = Debug|Any CPU
		{53B81B55-3F0C-4AB5-8204-53662852B35E}.Debug|Any CPU.Build.0 = Debug|Any CPU
		{53B81B55-3F0C-4AB5-8204-53662852B35E}.Debug|x64.ActiveCfg = Debug|Any CPU
		{53B81B55-3F0C-4AB5-8204-53662852B35E}.Debug|x64.Build.0 = Debug|Any CPU
		{53B81B55-3F0C-4AB5-8204-53662852B35E}.Debug|x86.ActiveCfg = Debug|Any CPU
		{53B81B55-3F0C-4AB5-8204-53662852B35E}.Debug|x86.Build.0 = Debug|Any CPU
		{53B81B55-3F0C-4AB5-8204-53662852B35E}.Release|Any CPU.ActiveCfg = Release|Any CPU
		{53B81B55-3F0C-4AB5-8204-53662852B35E}.Release|Any CPU.Build.0 = Release|Any CPU
		{53B81B55-3F0C-4AB5-8204-53662852B35E}.Release|x64.ActiveCfg = Release|Any CPU
		{53B81B55-3F0C-4AB5-8204-53662852B35E}.Release|x64.Build.0 = Release|Any CPU
		{53B81B55-3F0C-4AB5-8204-53662852B35E}.Release|x86.ActiveCfg = Release|Any CPU
		{53B81B55-3F0C-4AB5-8204-53662852B35E}.Release|x86.Build.0 = Release|Any CPU
		{86E493B2-1F24-442F-BF7D-899E72300E40}.Debug|Any CPU.ActiveCfg = Debug|Any CPU
		{86E493B2-1F24-442F-BF7D-899E72300E40}.Debug|Any CPU.Build.0 = Debug|Any CPU
		{86E493B2-1F24-442F-BF7D-899E72300E40}.Debug|x64.ActiveCfg = Debug|Any CPU
		{86E493B2-1F24-442F-BF7D-899E72300E40}.Debug|x64.Build.0 = Debug|Any CPU
		{86E493B2-1F24-442F-BF7D-899E72300E40}.Debug|x86.ActiveCfg = Debug|Any CPU
		{86E493B2-1F24-442F-BF7D-899E72300E40}.Debug|x86.Build.0 = Debug|Any CPU
		{86E493B2-1F24-442F-BF7D-899E72300E40}.Release|Any CPU.ActiveCfg = Release|Any CPU
		{86E493B2-1F24-442F-BF7D-899E72300E40}.Release|Any CPU.Build.0 = Release|Any CPU
		{86E493B2-1F24-442F-BF7D-899E72300E40}.Release|x64.ActiveCfg = Release|Any CPU
		{86E493B2-1F24-442F-BF7D-899E72300E40}.Release|x64.Build.0 = Release|Any CPU
		{86E493B2-1F24-442F-BF7D-899E72300E40}.Release|x86.ActiveCfg = Release|Any CPU
		{86E493B2-1F24-442F-BF7D-899E72300E40}.Release|x86.Build.0 = Release|Any CPU
		{AD58729A-A725-4803-BE1A-5DDDA64B942B}.Debug|Any CPU.ActiveCfg = Debug|Any CPU
		{AD58729A-A725-4803-BE1A-5DDDA64B942B}.Debug|Any CPU.Build.0 = Debug|Any CPU
		{AD58729A-A725-4803-BE1A-5DDDA64B942B}.Debug|x64.ActiveCfg = Debug|Any CPU
		{AD58729A-A725-4803-BE1A-5DDDA64B942B}.Debug|x64.Build.0 = Debug|Any CPU
		{AD58729A-A725-4803-BE1A-5DDDA64B942B}.Debug|x86.ActiveCfg = Debug|Any CPU
		{AD58729A-A725-4803-BE1A-5DDDA64B942B}.Debug|x86.Build.0 = Debug|Any CPU
		{AD58729A-A725-4803-BE1A-5DDDA64B942B}.Release|Any CPU.ActiveCfg = Release|Any CPU
		{AD58729A-A725-4803-BE1A-5DDDA64B942B}.Release|Any CPU.Build.0 = Release|Any CPU
		{AD58729A-A725-4803-BE1A-5DDDA64B942B}.Release|x64.ActiveCfg = Release|Any CPU
		{AD58729A-A725-4803-BE1A-5DDDA64B942B}.Release|x64.Build.0 = Release|Any CPU
		{AD58729A-A725-4803-BE1A-5DDDA64B942B}.Release|x86.ActiveCfg = Release|Any CPU
		{AD58729A-A725-4803-BE1A-5DDDA64B942B}.Release|x86.Build.0 = Release|Any CPU
		{5F766617-FFFD-4CF2-BE09-01423A8C24D9}.Debug|Any CPU.ActiveCfg = Debug|Any CPU
		{5F766617-FFFD-4CF2-BE09-01423A8C24D9}.Debug|Any CPU.Build.0 = Debug|Any CPU
		{5F766617-FFFD-4CF2-BE09-01423A8C24D9}.Debug|x64.ActiveCfg = Debug|Any CPU
		{5F766617-FFFD-4CF2-BE09-01423A8C24D9}.Debug|x64.Build.0 = Debug|Any CPU
		{5F766617-FFFD-4CF2-BE09-01423A8C24D9}.Debug|x86.ActiveCfg = Debug|Any CPU
		{5F766617-FFFD-4CF2-BE09-01423A8C24D9}.Debug|x86.Build.0 = Debug|Any CPU
		{5F766617-FFFD-4CF2-BE09-01423A8C24D9}.Release|Any CPU.ActiveCfg = Release|Any CPU
		{5F766617-FFFD-4CF2-BE09-01423A8C24D9}.Release|Any CPU.Build.0 = Release|Any CPU
		{5F766617-FFFD-4CF2-BE09-01423A8C24D9}.Release|x64.ActiveCfg = Release|Any CPU
		{5F766617-FFFD-4CF2-BE09-01423A8C24D9}.Release|x64.Build.0 = Release|Any CPU
		{5F766617-FFFD-4CF2-BE09-01423A8C24D9}.Release|x86.ActiveCfg = Release|Any CPU
		{5F766617-FFFD-4CF2-BE09-01423A8C24D9}.Release|x86.Build.0 = Release|Any CPU
		{2F067829-5584-4174-B1D1-47F1053F66B9}.Debug|Any CPU.ActiveCfg = Debug|Any CPU
		{2F067829-5584-4174-B1D1-47F1053F66B9}.Debug|Any CPU.Build.0 = Debug|Any CPU
		{2F067829-5584-4174-B1D1-47F1053F66B9}.Debug|x64.ActiveCfg = Debug|Any CPU
		{2F067829-5584-4174-B1D1-47F1053F66B9}.Debug|x64.Build.0 = Debug|Any CPU
		{2F067829-5584-4174-B1D1-47F1053F66B9}.Debug|x86.ActiveCfg = Debug|Any CPU
		{2F067829-5584-4174-B1D1-47F1053F66B9}.Debug|x86.Build.0 = Debug|Any CPU
		{2F067829-5584-4174-B1D1-47F1053F66B9}.Release|Any CPU.ActiveCfg = Release|Any CPU
		{2F067829-5584-4174-B1D1-47F1053F66B9}.Release|Any CPU.Build.0 = Release|Any CPU
		{2F067829-5584-4174-B1D1-47F1053F66B9}.Release|x64.ActiveCfg = Release|Any CPU
		{2F067829-5584-4174-B1D1-47F1053F66B9}.Release|x64.Build.0 = Release|Any CPU
		{2F067829-5584-4174-B1D1-47F1053F66B9}.Release|x86.ActiveCfg = Release|Any CPU
		{2F067829-5584-4174-B1D1-47F1053F66B9}.Release|x86.Build.0 = Release|Any CPU
		{BDCAEFFF-2E3C-4A14-8F35-C44BC2586906}.Debug|Any CPU.ActiveCfg = Debug|Any CPU
		{BDCAEFFF-2E3C-4A14-8F35-C44BC2586906}.Debug|Any CPU.Build.0 = Debug|Any CPU
		{BDCAEFFF-2E3C-4A14-8F35-C44BC2586906}.Debug|x64.ActiveCfg = Debug|Any CPU
		{BDCAEFFF-2E3C-4A14-8F35-C44BC2586906}.Debug|x64.Build.0 = Debug|Any CPU
		{BDCAEFFF-2E3C-4A14-8F35-C44BC2586906}.Debug|x86.ActiveCfg = Debug|Any CPU
		{BDCAEFFF-2E3C-4A14-8F35-C44BC2586906}.Debug|x86.Build.0 = Debug|Any CPU
		{BDCAEFFF-2E3C-4A14-8F35-C44BC2586906}.Release|Any CPU.ActiveCfg = Release|Any CPU
		{BDCAEFFF-2E3C-4A14-8F35-C44BC2586906}.Release|Any CPU.Build.0 = Release|Any CPU
		{BDCAEFFF-2E3C-4A14-8F35-C44BC2586906}.Release|x64.ActiveCfg = Release|Any CPU
		{BDCAEFFF-2E3C-4A14-8F35-C44BC2586906}.Release|x64.Build.0 = Release|Any CPU
		{BDCAEFFF-2E3C-4A14-8F35-C44BC2586906}.Release|x86.ActiveCfg = Release|Any CPU
		{BDCAEFFF-2E3C-4A14-8F35-C44BC2586906}.Release|x86.Build.0 = Release|Any CPU
		{0C08B25C-844C-4230-BCEC-05C06EF6160F}.Debug|Any CPU.ActiveCfg = Debug|Any CPU
		{0C08B25C-844C-4230-BCEC-05C06EF6160F}.Debug|Any CPU.Build.0 = Debug|Any CPU
		{0C08B25C-844C-4230-BCEC-05C06EF6160F}.Debug|x64.ActiveCfg = Debug|Any CPU
		{0C08B25C-844C-4230-BCEC-05C06EF6160F}.Debug|x64.Build.0 = Debug|Any CPU
		{0C08B25C-844C-4230-BCEC-05C06EF6160F}.Debug|x86.ActiveCfg = Debug|Any CPU
		{0C08B25C-844C-4230-BCEC-05C06EF6160F}.Debug|x86.Build.0 = Debug|Any CPU
		{0C08B25C-844C-4230-BCEC-05C06EF6160F}.Release|Any CPU.ActiveCfg = Release|Any CPU
		{0C08B25C-844C-4230-BCEC-05C06EF6160F}.Release|Any CPU.Build.0 = Release|Any CPU
		{0C08B25C-844C-4230-BCEC-05C06EF6160F}.Release|x64.ActiveCfg = Release|Any CPU
		{0C08B25C-844C-4230-BCEC-05C06EF6160F}.Release|x64.Build.0 = Release|Any CPU
		{0C08B25C-844C-4230-BCEC-05C06EF6160F}.Release|x86.ActiveCfg = Release|Any CPU
		{0C08B25C-844C-4230-BCEC-05C06EF6160F}.Release|x86.Build.0 = Release|Any CPU
		{A5E01F41-E347-42D3-AAAA-5AF8D7ADBFB2}.Debug|Any CPU.ActiveCfg = Debug|Any CPU
		{A5E01F41-E347-42D3-AAAA-5AF8D7ADBFB2}.Debug|Any CPU.Build.0 = Debug|Any CPU
		{A5E01F41-E347-42D3-AAAA-5AF8D7ADBFB2}.Debug|x64.ActiveCfg = Debug|Any CPU
		{A5E01F41-E347-42D3-AAAA-5AF8D7ADBFB2}.Debug|x64.Build.0 = Debug|Any CPU
		{A5E01F41-E347-42D3-AAAA-5AF8D7ADBFB2}.Debug|x86.ActiveCfg = Debug|Any CPU
		{A5E01F41-E347-42D3-AAAA-5AF8D7ADBFB2}.Debug|x86.Build.0 = Debug|Any CPU
		{A5E01F41-E347-42D3-AAAA-5AF8D7ADBFB2}.Release|Any CPU.ActiveCfg = Release|Any CPU
		{A5E01F41-E347-42D3-AAAA-5AF8D7ADBFB2}.Release|Any CPU.Build.0 = Release|Any CPU
		{A5E01F41-E347-42D3-AAAA-5AF8D7ADBFB2}.Release|x64.ActiveCfg = Release|Any CPU
		{A5E01F41-E347-42D3-AAAA-5AF8D7ADBFB2}.Release|x64.Build.0 = Release|Any CPU
		{A5E01F41-E347-42D3-AAAA-5AF8D7ADBFB2}.Release|x86.ActiveCfg = Release|Any CPU
		{A5E01F41-E347-42D3-AAAA-5AF8D7ADBFB2}.Release|x86.Build.0 = Release|Any CPU
		{C12ECF8D-B217-4633-91A7-CF3C82C22656}.Debug|Any CPU.ActiveCfg = Debug|Any CPU
		{C12ECF8D-B217-4633-91A7-CF3C82C22656}.Debug|Any CPU.Build.0 = Debug|Any CPU
		{C12ECF8D-B217-4633-91A7-CF3C82C22656}.Debug|x64.ActiveCfg = Debug|Any CPU
		{C12ECF8D-B217-4633-91A7-CF3C82C22656}.Debug|x64.Build.0 = Debug|Any CPU
		{C12ECF8D-B217-4633-91A7-CF3C82C22656}.Debug|x86.ActiveCfg = Debug|Any CPU
		{C12ECF8D-B217-4633-91A7-CF3C82C22656}.Debug|x86.Build.0 = Debug|Any CPU
		{C12ECF8D-B217-4633-91A7-CF3C82C22656}.Release|Any CPU.ActiveCfg = Release|Any CPU
		{C12ECF8D-B217-4633-91A7-CF3C82C22656}.Release|Any CPU.Build.0 = Release|Any CPU
		{C12ECF8D-B217-4633-91A7-CF3C82C22656}.Release|x64.ActiveCfg = Release|Any CPU
		{C12ECF8D-B217-4633-91A7-CF3C82C22656}.Release|x64.Build.0 = Release|Any CPU
		{C12ECF8D-B217-4633-91A7-CF3C82C22656}.Release|x86.ActiveCfg = Release|Any CPU
		{C12ECF8D-B217-4633-91A7-CF3C82C22656}.Release|x86.Build.0 = Release|Any CPU
		{D13DEF31-8895-421D-B17A-8270DE3D9321}.Debug|Any CPU.ActiveCfg = Debug|Any CPU
		{D13DEF31-8895-421D-B17A-8270DE3D9321}.Debug|Any CPU.Build.0 = Debug|Any CPU
		{D13DEF31-8895-421D-B17A-8270DE3D9321}.Debug|x64.ActiveCfg = Debug|Any CPU
		{D13DEF31-8895-421D-B17A-8270DE3D9321}.Debug|x64.Build.0 = Debug|Any CPU
		{D13DEF31-8895-421D-B17A-8270DE3D9321}.Debug|x86.ActiveCfg = Debug|Any CPU
		{D13DEF31-8895-421D-B17A-8270DE3D9321}.Debug|x86.Build.0 = Debug|Any CPU
		{D13DEF31-8895-421D-B17A-8270DE3D9321}.Release|Any CPU.ActiveCfg = Release|Any CPU
		{D13DEF31-8895-421D-B17A-8270DE3D9321}.Release|Any CPU.Build.0 = Release|Any CPU
		{D13DEF31-8895-421D-B17A-8270DE3D9321}.Release|x64.ActiveCfg = Release|Any CPU
		{D13DEF31-8895-421D-B17A-8270DE3D9321}.Release|x64.Build.0 = Release|Any CPU
		{D13DEF31-8895-421D-B17A-8270DE3D9321}.Release|x86.ActiveCfg = Release|Any CPU
		{D13DEF31-8895-421D-B17A-8270DE3D9321}.Release|x86.Build.0 = Release|Any CPU
		{BB49B8B3-6F40-4126-8F6C-573C8BF14ECE}.Debug|Any CPU.ActiveCfg = Debug|Any CPU
		{BB49B8B3-6F40-4126-8F6C-573C8BF14ECE}.Debug|Any CPU.Build.0 = Debug|Any CPU
		{BB49B8B3-6F40-4126-8F6C-573C8BF14ECE}.Debug|x64.ActiveCfg = Debug|Any CPU
		{BB49B8B3-6F40-4126-8F6C-573C8BF14ECE}.Debug|x64.Build.0 = Debug|Any CPU
		{BB49B8B3-6F40-4126-8F6C-573C8BF14ECE}.Debug|x86.ActiveCfg = Debug|Any CPU
		{BB49B8B3-6F40-4126-8F6C-573C8BF14ECE}.Debug|x86.Build.0 = Debug|Any CPU
		{BB49B8B3-6F40-4126-8F6C-573C8BF14ECE}.Release|Any CPU.ActiveCfg = Release|Any CPU
		{BB49B8B3-6F40-4126-8F6C-573C8BF14ECE}.Release|Any CPU.Build.0 = Release|Any CPU
		{BB49B8B3-6F40-4126-8F6C-573C8BF14ECE}.Release|x64.ActiveCfg = Release|Any CPU
		{BB49B8B3-6F40-4126-8F6C-573C8BF14ECE}.Release|x64.Build.0 = Release|Any CPU
		{BB49B8B3-6F40-4126-8F6C-573C8BF14ECE}.Release|x86.ActiveCfg = Release|Any CPU
		{BB49B8B3-6F40-4126-8F6C-573C8BF14ECE}.Release|x86.Build.0 = Release|Any CPU
		{140148A3-AF53-4681-8527-CE59F565787C}.Debug|Any CPU.ActiveCfg = Debug|Any CPU
		{140148A3-AF53-4681-8527-CE59F565787C}.Debug|Any CPU.Build.0 = Debug|Any CPU
		{140148A3-AF53-4681-8527-CE59F565787C}.Debug|x64.ActiveCfg = Debug|Any CPU
		{140148A3-AF53-4681-8527-CE59F565787C}.Debug|x64.Build.0 = Debug|Any CPU
		{140148A3-AF53-4681-8527-CE59F565787C}.Debug|x86.ActiveCfg = Debug|Any CPU
		{140148A3-AF53-4681-8527-CE59F565787C}.Debug|x86.Build.0 = Debug|Any CPU
		{140148A3-AF53-4681-8527-CE59F565787C}.Release|Any CPU.ActiveCfg = Release|Any CPU
		{140148A3-AF53-4681-8527-CE59F565787C}.Release|Any CPU.Build.0 = Release|Any CPU
		{140148A3-AF53-4681-8527-CE59F565787C}.Release|x64.ActiveCfg = Release|Any CPU
		{140148A3-AF53-4681-8527-CE59F565787C}.Release|x64.Build.0 = Release|Any CPU
		{140148A3-AF53-4681-8527-CE59F565787C}.Release|x86.ActiveCfg = Release|Any CPU
		{140148A3-AF53-4681-8527-CE59F565787C}.Release|x86.Build.0 = Release|Any CPU
		{4EA781A2-BFE1-4183-8FE5-21E7CC012779}.Debug|Any CPU.ActiveCfg = Debug|Any CPU
		{4EA781A2-BFE1-4183-8FE5-21E7CC012779}.Debug|Any CPU.Build.0 = Debug|Any CPU
		{4EA781A2-BFE1-4183-8FE5-21E7CC012779}.Debug|x64.ActiveCfg = Debug|Any CPU
		{4EA781A2-BFE1-4183-8FE5-21E7CC012779}.Debug|x64.Build.0 = Debug|Any CPU
		{4EA781A2-BFE1-4183-8FE5-21E7CC012779}.Debug|x86.ActiveCfg = Debug|Any CPU
		{4EA781A2-BFE1-4183-8FE5-21E7CC012779}.Debug|x86.Build.0 = Debug|Any CPU
		{4EA781A2-BFE1-4183-8FE5-21E7CC012779}.Release|Any CPU.ActiveCfg = Release|Any CPU
		{4EA781A2-BFE1-4183-8FE5-21E7CC012779}.Release|Any CPU.Build.0 = Release|Any CPU
		{4EA781A2-BFE1-4183-8FE5-21E7CC012779}.Release|x64.ActiveCfg = Release|Any CPU
		{4EA781A2-BFE1-4183-8FE5-21E7CC012779}.Release|x64.Build.0 = Release|Any CPU
		{4EA781A2-BFE1-4183-8FE5-21E7CC012779}.Release|x86.ActiveCfg = Release|Any CPU
		{4EA781A2-BFE1-4183-8FE5-21E7CC012779}.Release|x86.Build.0 = Release|Any CPU
		{513C2751-9EDD-4B5A-AD36-52453AF90A03}.Debug|Any CPU.ActiveCfg = Debug|Any CPU
		{513C2751-9EDD-4B5A-AD36-52453AF90A03}.Debug|Any CPU.Build.0 = Debug|Any CPU
		{513C2751-9EDD-4B5A-AD36-52453AF90A03}.Debug|x64.ActiveCfg = Debug|Any CPU
		{513C2751-9EDD-4B5A-AD36-52453AF90A03}.Debug|x64.Build.0 = Debug|Any CPU
		{513C2751-9EDD-4B5A-AD36-52453AF90A03}.Debug|x86.ActiveCfg = Debug|Any CPU
		{513C2751-9EDD-4B5A-AD36-52453AF90A03}.Debug|x86.Build.0 = Debug|Any CPU
		{513C2751-9EDD-4B5A-AD36-52453AF90A03}.Release|Any CPU.ActiveCfg = Release|Any CPU
		{513C2751-9EDD-4B5A-AD36-52453AF90A03}.Release|Any CPU.Build.0 = Release|Any CPU
		{513C2751-9EDD-4B5A-AD36-52453AF90A03}.Release|x64.ActiveCfg = Release|Any CPU
		{513C2751-9EDD-4B5A-AD36-52453AF90A03}.Release|x64.Build.0 = Release|Any CPU
		{513C2751-9EDD-4B5A-AD36-52453AF90A03}.Release|x86.ActiveCfg = Release|Any CPU
		{513C2751-9EDD-4B5A-AD36-52453AF90A03}.Release|x86.Build.0 = Release|Any CPU
	EndGlobalSection
	GlobalSection(SolutionProperties) = preSolution
		HideSolutionNode = FALSE
	EndGlobalSection
	GlobalSection(NestedProjects) = preSolution
		{47B08267-46EF-4F4A-9781-2EADE8D4F277} = {881589EE-639B-0A35-DBCE-5D94E4FC90C0}
		{56FBFDD7-4DD0-B7FE-2F8D-7C2738E87CCB} = {CA253913-39DE-BFD0-C9A3-4B7EC6FBDF17}
		{1CC73FBE-3752-D917-C716-B953B0D3DD5A} = {56FBFDD7-4DD0-B7FE-2F8D-7C2738E87CCB}
		{669697D3-83AA-4AE3-A6D4-9BA85775D448} = {1CC73FBE-3752-D917-C716-B953B0D3DD5A}
		{9261DED7-D313-4F80-B855-98B8236B89B2} = {1CC73FBE-3752-D917-C716-B953B0D3DD5A}
		{71EA0EA1-3E87-4A9B-A6B8-B8B2667C38F8} = {1CC73FBE-3752-D917-C716-B953B0D3DD5A}
		{FDCC5A84-6025-B470-2256-AD2083B884AA} = {56FBFDD7-4DD0-B7FE-2F8D-7C2738E87CCB}
		{31923569-C688-4F78-8D66-3FC392860057} = {FDCC5A84-6025-B470-2256-AD2083B884AA}
		{31CD0376-EB52-4E67-A811-CB893FBB0A96} = {FDCC5A84-6025-B470-2256-AD2083B884AA}
		{FCB680DC-8429-0E72-1A56-CF0BF525F7B0} = {56FBFDD7-4DD0-B7FE-2F8D-7C2738E87CCB}
		{494B1229-C0F8-4BA1-B2EF-91C99C8BFDA4} = {FCB680DC-8429-0E72-1A56-CF0BF525F7B0}
		{E2651481-4DC5-46EC-B6AB-9305C91899EE} = {FCB680DC-8429-0E72-1A56-CF0BF525F7B0}
		{3D0E2B6A-965A-24ED-6FD7-87E6626826D3} = {CA253913-39DE-BFD0-C9A3-4B7EC6FBDF17}
		{5E97945B-FEDB-169F-49B0-03EA909327AE} = {3D0E2B6A-965A-24ED-6FD7-87E6626826D3}
		{1F94C6FE-4839-47F2-ABDD-9A2EC08D71F0} = {5E97945B-FEDB-169F-49B0-03EA909327AE}
		{5E8E260D-8932-404A-AF9C-0E8F3D9071F2} = {5E97945B-FEDB-169F-49B0-03EA909327AE}
		{94A3A002-9BBD-494A-A09B-FC825EEE1AE8} = {5E97945B-FEDB-169F-49B0-03EA909327AE}
		{541965AE-7891-C1C0-EA31-E07329543DC2} = {3D0E2B6A-965A-24ED-6FD7-87E6626826D3}
		{53B81B55-3F0C-4AB5-8204-53662852B35E} = {541965AE-7891-C1C0-EA31-E07329543DC2}
		{86E493B2-1F24-442F-BF7D-899E72300E40} = {541965AE-7891-C1C0-EA31-E07329543DC2}
		{AC938478-7905-A4DE-3D16-BA7983CAB5D7} = {3D0E2B6A-965A-24ED-6FD7-87E6626826D3}
		{AD58729A-A725-4803-BE1A-5DDDA64B942B} = {AC938478-7905-A4DE-3D16-BA7983CAB5D7}
		{5F766617-FFFD-4CF2-BE09-01423A8C24D9} = {AC938478-7905-A4DE-3D16-BA7983CAB5D7}
		{F4257646-79FE-4606-7053-C991C78B3BA4} = {CA253913-39DE-BFD0-C9A3-4B7EC6FBDF17}
		{DDD777B6-5501-AA3E-330B-35C1D0390F4D} = {F4257646-79FE-4606-7053-C991C78B3BA4}
		{2F067829-5584-4174-B1D1-47F1053F66B9} = {DDD777B6-5501-AA3E-330B-35C1D0390F4D}
		{BDCAEFFF-2E3C-4A14-8F35-C44BC2586906} = {DDD777B6-5501-AA3E-330B-35C1D0390F4D}
		{0C08B25C-844C-4230-BCEC-05C06EF6160F} = {DDD777B6-5501-AA3E-330B-35C1D0390F4D}
		{AEDEA1D2-9A7C-6CA1-B986-6616DFB985D5} = {F4257646-79FE-4606-7053-C991C78B3BA4}
		{A5E01F41-E347-42D3-AAAA-5AF8D7ADBFB2} = {AEDEA1D2-9A7C-6CA1-B986-6616DFB985D5}
		{C12ECF8D-B217-4633-91A7-CF3C82C22656} = {AEDEA1D2-9A7C-6CA1-B986-6616DFB985D5}
		{D0814F77-8861-44C3-DA37-8F7A9F9C34E5} = {F4257646-79FE-4606-7053-C991C78B3BA4}
		{D13DEF31-8895-421D-B17A-8270DE3D9321} = {D0814F77-8861-44C3-DA37-8F7A9F9C34E5}
		{BB49B8B3-6F40-4126-8F6C-573C8BF14ECE} = {D0814F77-8861-44C3-DA37-8F7A9F9C34E5}
		{140148A3-AF53-4681-8527-CE59F565787C} = {06CFFD70-14AA-A959-A3BA-1B15D094E3B1}
		{4EA781A2-BFE1-4183-8FE5-21E7CC012779} = {06CFFD70-14AA-A959-A3BA-1B15D094E3B1}
		{513C2751-9EDD-4B5A-AD36-52453AF90A03} = {5854FF58-B8C5-05C6-5BF2-ACE42193F22B}
	EndGlobalSection
EndGlobal
